
Microsoft Visual Studio Solution File, Format Version 12.00
# Visual Studio 14
VisualStudioVersion = 14.0.25123.0
MinimumVisualStudioVersion = 10.0.40219.1
Project("{FAE04EC0-301F-11D3-BF4B-00C04F79EFBC}") = "PortalBrowser.Desktop", "PortalBrowser.Desktop\PortalBrowser.Desktop.csproj", "{99373650-6B2B-4B49-BC63-ABD88456BCEA}"
EndProject
Project("{D954291E-2A0B-460D-934E-DC6B0785DB48}") = "PortalBrowser.Shared", "PortalBrowser.Shared\PortalBrowser.Shared.shproj", "{8019F03D-C34F-4973-BD30-908AB9C17153}"
EndProject
Project("{FAE04EC0-301F-11D3-BF4B-00C04F79EFBC}") = "PortalBrowser.Universal", "PortalBrowser.Universal\PortalBrowser.Universal.csproj", "{FF9B7751-CEE8-43F0-B6E5-7FAD1F0C3D2B}"
EndProject
Project("{D954291E-2A0B-460D-934E-DC6B0785DB48}") = "XamarinPortalBrowser.Shared", "XamarinPortalBrowser\XamarinPortalBrowser.Shared\XamarinPortalBrowser.Shared.shproj", "{06F29D55-EAC0-4625-9A46-2130768532A8}"
EndProject
Project("{FAE04EC0-301F-11D3-BF4B-00C04F79EFBC}") = "XamarinPortalBrowser.iOS", "XamarinPortalBrowser\XamarinPortalBrowser.iOS\XamarinPortalBrowser.iOS.csproj", "{5EFE5D2B-B523-4B52-88F1-A3372EEACC3F}"
EndProject
Project("{FAE04EC0-301F-11D3-BF4B-00C04F79EFBC}") = "XamarinPortalBrowser.Android", "XamarinPortalBrowser\XamarinPortalBrowser.Android\XamarinPortalBrowser.Android.csproj", "{40EAC98F-25A2-4E21-A7AF-C0DC55F80455}"
EndProject
Project("{FAE04EC0-301F-11D3-BF4B-00C04F79EFBC}") = "XamarinPortalBrowser.UWP", "XamarinPortalBrowser\XamarinPortalBrowser.UWP\XamarinPortalBrowser.UWP.csproj", "{7900E170-FCF2-4507-A769-CC8E833557C7}"
EndProject
Global
	GlobalSection(SharedMSBuildProjectFiles) = preSolution
		PortalBrowser.Shared\PortalBrowser.Shared.projitems*{40eac98f-25a2-4e21-a7af-c0dc55f80455}*SharedItemsImports = 4
		XamarinPortalBrowser\XamarinPortalBrowser.Shared\XamarinPortalBrowser.Shared.projitems*{40eac98f-25a2-4e21-a7af-c0dc55f80455}*SharedItemsImports = 4
		XamarinPortalBrowser\XamarinPortalBrowser.Shared\XamarinPortalBrowser.Shared.projitems*{06f29d55-eac0-4625-9a46-2130768532a8}*SharedItemsImports = 13
		PortalBrowser.Shared\PortalBrowser.Shared.projitems*{8019f03d-c34f-4973-bd30-908ab9c17153}*SharedItemsImports = 13
		PortalBrowser.Shared\PortalBrowser.Shared.projitems*{5efe5d2b-b523-4b52-88f1-a3372eeacc3f}*SharedItemsImports = 4
		XamarinPortalBrowser\XamarinPortalBrowser.Shared\XamarinPortalBrowser.Shared.projitems*{5efe5d2b-b523-4b52-88f1-a3372eeacc3f}*SharedItemsImports = 4
		PortalBrowser.Shared\PortalBrowser.Shared.projitems*{7900e170-fcf2-4507-a769-cc8e833557c7}*SharedItemsImports = 4
		XamarinPortalBrowser\XamarinPortalBrowser.Shared\XamarinPortalBrowser.Shared.projitems*{7900e170-fcf2-4507-a769-cc8e833557c7}*SharedItemsImports = 4
		PortalBrowser.Shared\PortalBrowser.Shared.projitems*{ff9b7751-cee8-43f0-b6e5-7fad1f0c3d2b}*SharedItemsImports = 4
		PortalBrowser.Shared\PortalBrowser.Shared.projitems*{99373650-6b2b-4b49-bc63-abd88456bcea}*SharedItemsImports = 4
	EndGlobalSection
	GlobalSection(SolutionConfigurationPlatforms) = preSolution
		Ad-Hoc|Any CPU = Ad-Hoc|Any CPU
		Ad-Hoc|ARM = Ad-Hoc|ARM
		Ad-Hoc|iPhone = Ad-Hoc|iPhone
		Ad-Hoc|iPhoneSimulator = Ad-Hoc|iPhoneSimulator
		Ad-Hoc|x64 = Ad-Hoc|x64
		Ad-Hoc|x86 = Ad-Hoc|x86
		AppStore|Any CPU = AppStore|Any CPU
		AppStore|ARM = AppStore|ARM
		AppStore|iPhone = AppStore|iPhone
		AppStore|iPhoneSimulator = AppStore|iPhoneSimulator
		AppStore|x64 = AppStore|x64
		AppStore|x86 = AppStore|x86
		Debug|Any CPU = Debug|Any CPU
		Debug|ARM = Debug|ARM
		Debug|iPhone = Debug|iPhone
		Debug|iPhoneSimulator = Debug|iPhoneSimulator
		Debug|x64 = Debug|x64
		Debug|x86 = Debug|x86
		Release|Any CPU = Release|Any CPU
		Release|ARM = Release|ARM
		Release|iPhone = Release|iPhone
		Release|iPhoneSimulator = Release|iPhoneSimulator
		Release|x64 = Release|x64
		Release|x86 = Release|x86
	EndGlobalSection
	GlobalSection(ProjectConfigurationPlatforms) = postSolution
		{99373650-6B2B-4B49-BC63-ABD88456BCEA}.Ad-Hoc|Any CPU.ActiveCfg = Release|x86
		{99373650-6B2B-4B49-BC63-ABD88456BCEA}.Ad-Hoc|Any CPU.Build.0 = Release|x86
		{99373650-6B2B-4B49-BC63-ABD88456BCEA}.Ad-Hoc|ARM.ActiveCfg = Release|x86
		{99373650-6B2B-4B49-BC63-ABD88456BCEA}.Ad-Hoc|ARM.Build.0 = Release|x86
		{99373650-6B2B-4B49-BC63-ABD88456BCEA}.Ad-Hoc|iPhone.ActiveCfg = Release|x86
		{99373650-6B2B-4B49-BC63-ABD88456BCEA}.Ad-Hoc|iPhone.Build.0 = Release|x86
		{99373650-6B2B-4B49-BC63-ABD88456BCEA}.Ad-Hoc|iPhoneSimulator.ActiveCfg = Release|x86
		{99373650-6B2B-4B49-BC63-ABD88456BCEA}.Ad-Hoc|iPhoneSimulator.Build.0 = Release|x86
		{99373650-6B2B-4B49-BC63-ABD88456BCEA}.Ad-Hoc|x64.ActiveCfg = Release|x64
		{99373650-6B2B-4B49-BC63-ABD88456BCEA}.Ad-Hoc|x64.Build.0 = Release|x64
		{99373650-6B2B-4B49-BC63-ABD88456BCEA}.Ad-Hoc|x86.ActiveCfg = Release|x86
		{99373650-6B2B-4B49-BC63-ABD88456BCEA}.Ad-Hoc|x86.Build.0 = Release|x86
		{99373650-6B2B-4B49-BC63-ABD88456BCEA}.AppStore|Any CPU.ActiveCfg = Release|x86
		{99373650-6B2B-4B49-BC63-ABD88456BCEA}.AppStore|Any CPU.Build.0 = Release|x86
		{99373650-6B2B-4B49-BC63-ABD88456BCEA}.AppStore|ARM.ActiveCfg = Release|x86
		{99373650-6B2B-4B49-BC63-ABD88456BCEA}.AppStore|ARM.Build.0 = Release|x86
		{99373650-6B2B-4B49-BC63-ABD88456BCEA}.AppStore|iPhone.ActiveCfg = Release|x86
		{99373650-6B2B-4B49-BC63-ABD88456BCEA}.AppStore|iPhone.Build.0 = Release|x86
		{99373650-6B2B-4B49-BC63-ABD88456BCEA}.AppStore|iPhoneSimulator.ActiveCfg = Release|x86
		{99373650-6B2B-4B49-BC63-ABD88456BCEA}.AppStore|iPhoneSimulator.Build.0 = Release|x86
		{99373650-6B2B-4B49-BC63-ABD88456BCEA}.AppStore|x64.ActiveCfg = Release|x64
		{99373650-6B2B-4B49-BC63-ABD88456BCEA}.AppStore|x64.Build.0 = Release|x64
		{99373650-6B2B-4B49-BC63-ABD88456BCEA}.AppStore|x86.ActiveCfg = Release|x86
		{99373650-6B2B-4B49-BC63-ABD88456BCEA}.AppStore|x86.Build.0 = Release|x86
		{99373650-6B2B-4B49-BC63-ABD88456BCEA}.Debug|Any CPU.ActiveCfg = Debug|x86
		{99373650-6B2B-4B49-BC63-ABD88456BCEA}.Debug|ARM.ActiveCfg = Debug|x64
		{99373650-6B2B-4B49-BC63-ABD88456BCEA}.Debug|iPhone.ActiveCfg = Debug|x86
		{99373650-6B2B-4B49-BC63-ABD88456BCEA}.Debug|iPhoneSimulator.ActiveCfg = Debug|x86
		{99373650-6B2B-4B49-BC63-ABD88456BCEA}.Debug|x64.ActiveCfg = Debug|x64
		{99373650-6B2B-4B49-BC63-ABD88456BCEA}.Debug|x64.Build.0 = Debug|x64
		{99373650-6B2B-4B49-BC63-ABD88456BCEA}.Debug|x86.ActiveCfg = Debug|x86
		{99373650-6B2B-4B49-BC63-ABD88456BCEA}.Debug|x86.Build.0 = Debug|x86
		{99373650-6B2B-4B49-BC63-ABD88456BCEA}.Release|Any CPU.ActiveCfg = Release|x86
		{99373650-6B2B-4B49-BC63-ABD88456BCEA}.Release|ARM.ActiveCfg = Release|x64
		{99373650-6B2B-4B49-BC63-ABD88456BCEA}.Release|iPhone.ActiveCfg = Release|x86
		{99373650-6B2B-4B49-BC63-ABD88456BCEA}.Release|iPhoneSimulator.ActiveCfg = Release|x86
		{99373650-6B2B-4B49-BC63-ABD88456BCEA}.Release|x64.ActiveCfg = Release|x64
		{99373650-6B2B-4B49-BC63-ABD88456BCEA}.Release|x64.Build.0 = Release|x64
		{99373650-6B2B-4B49-BC63-ABD88456BCEA}.Release|x86.ActiveCfg = Release|x86
		{99373650-6B2B-4B49-BC63-ABD88456BCEA}.Release|x86.Build.0 = Release|x86
		{FF9B7751-CEE8-43F0-B6E5-7FAD1F0C3D2B}.Ad-Hoc|Any CPU.ActiveCfg = Release|x86
		{FF9B7751-CEE8-43F0-B6E5-7FAD1F0C3D2B}.Ad-Hoc|Any CPU.Build.0 = Release|x86
		{FF9B7751-CEE8-43F0-B6E5-7FAD1F0C3D2B}.Ad-Hoc|Any CPU.Deploy.0 = Release|x86
		{FF9B7751-CEE8-43F0-B6E5-7FAD1F0C3D2B}.Ad-Hoc|ARM.ActiveCfg = Release|ARM
		{FF9B7751-CEE8-43F0-B6E5-7FAD1F0C3D2B}.Ad-Hoc|ARM.Build.0 = Release|ARM
		{FF9B7751-CEE8-43F0-B6E5-7FAD1F0C3D2B}.Ad-Hoc|ARM.Deploy.0 = Release|ARM
		{FF9B7751-CEE8-43F0-B6E5-7FAD1F0C3D2B}.Ad-Hoc|iPhone.ActiveCfg = Release|x86
		{FF9B7751-CEE8-43F0-B6E5-7FAD1F0C3D2B}.Ad-Hoc|iPhone.Build.0 = Release|x86
		{FF9B7751-CEE8-43F0-B6E5-7FAD1F0C3D2B}.Ad-Hoc|iPhone.Deploy.0 = Release|x86
		{FF9B7751-CEE8-43F0-B6E5-7FAD1F0C3D2B}.Ad-Hoc|iPhoneSimulator.ActiveCfg = Release|x86
		{FF9B7751-CEE8-43F0-B6E5-7FAD1F0C3D2B}.Ad-Hoc|iPhoneSimulator.Build.0 = Release|x86
		{FF9B7751-CEE8-43F0-B6E5-7FAD1F0C3D2B}.Ad-Hoc|iPhoneSimulator.Deploy.0 = Release|x86
		{FF9B7751-CEE8-43F0-B6E5-7FAD1F0C3D2B}.Ad-Hoc|x64.ActiveCfg = Release|x64
		{FF9B7751-CEE8-43F0-B6E5-7FAD1F0C3D2B}.Ad-Hoc|x64.Build.0 = Release|x64
		{FF9B7751-CEE8-43F0-B6E5-7FAD1F0C3D2B}.Ad-Hoc|x64.Deploy.0 = Release|x64
		{FF9B7751-CEE8-43F0-B6E5-7FAD1F0C3D2B}.Ad-Hoc|x86.ActiveCfg = Release|x86
		{FF9B7751-CEE8-43F0-B6E5-7FAD1F0C3D2B}.Ad-Hoc|x86.Build.0 = Release|x86
		{FF9B7751-CEE8-43F0-B6E5-7FAD1F0C3D2B}.Ad-Hoc|x86.Deploy.0 = Release|x86
		{FF9B7751-CEE8-43F0-B6E5-7FAD1F0C3D2B}.AppStore|Any CPU.ActiveCfg = Release|x86
		{FF9B7751-CEE8-43F0-B6E5-7FAD1F0C3D2B}.AppStore|Any CPU.Build.0 = Release|x86
		{FF9B7751-CEE8-43F0-B6E5-7FAD1F0C3D2B}.AppStore|Any CPU.Deploy.0 = Release|x86
		{FF9B7751-CEE8-43F0-B6E5-7FAD1F0C3D2B}.AppStore|ARM.ActiveCfg = Release|ARM
		{FF9B7751-CEE8-43F0-B6E5-7FAD1F0C3D2B}.AppStore|ARM.Build.0 = Release|ARM
		{FF9B7751-CEE8-43F0-B6E5-7FAD1F0C3D2B}.AppStore|ARM.Deploy.0 = Release|ARM
		{FF9B7751-CEE8-43F0-B6E5-7FAD1F0C3D2B}.AppStore|iPhone.ActiveCfg = Release|x86
		{FF9B7751-CEE8-43F0-B6E5-7FAD1F0C3D2B}.AppStore|iPhone.Build.0 = Release|x86
		{FF9B7751-CEE8-43F0-B6E5-7FAD1F0C3D2B}.AppStore|iPhone.Deploy.0 = Release|x86
		{FF9B7751-CEE8-43F0-B6E5-7FAD1F0C3D2B}.AppStore|iPhoneSimulator.ActiveCfg = Release|x86
		{FF9B7751-CEE8-43F0-B6E5-7FAD1F0C3D2B}.AppStore|iPhoneSimulator.Build.0 = Release|x86
		{FF9B7751-CEE8-43F0-B6E5-7FAD1F0C3D2B}.AppStore|iPhoneSimulator.Deploy.0 = Release|x86
		{FF9B7751-CEE8-43F0-B6E5-7FAD1F0C3D2B}.AppStore|x64.ActiveCfg = Release|x64
		{FF9B7751-CEE8-43F0-B6E5-7FAD1F0C3D2B}.AppStore|x64.Build.0 = Release|x64
		{FF9B7751-CEE8-43F0-B6E5-7FAD1F0C3D2B}.AppStore|x64.Deploy.0 = Release|x64
		{FF9B7751-CEE8-43F0-B6E5-7FAD1F0C3D2B}.AppStore|x86.ActiveCfg = Release|x86
		{FF9B7751-CEE8-43F0-B6E5-7FAD1F0C3D2B}.AppStore|x86.Build.0 = Release|x86
		{FF9B7751-CEE8-43F0-B6E5-7FAD1F0C3D2B}.AppStore|x86.Deploy.0 = Release|x86
		{FF9B7751-CEE8-43F0-B6E5-7FAD1F0C3D2B}.Debug|Any CPU.ActiveCfg = Debug|x86
		{FF9B7751-CEE8-43F0-B6E5-7FAD1F0C3D2B}.Debug|ARM.ActiveCfg = Debug|ARM
		{FF9B7751-CEE8-43F0-B6E5-7FAD1F0C3D2B}.Debug|ARM.Build.0 = Debug|ARM
		{FF9B7751-CEE8-43F0-B6E5-7FAD1F0C3D2B}.Debug|ARM.Deploy.0 = Debug|ARM
		{FF9B7751-CEE8-43F0-B6E5-7FAD1F0C3D2B}.Debug|iPhone.ActiveCfg = Debug|x86
		{FF9B7751-CEE8-43F0-B6E5-7FAD1F0C3D2B}.Debug|iPhoneSimulator.ActiveCfg = Debug|x86
		{FF9B7751-CEE8-43F0-B6E5-7FAD1F0C3D2B}.Debug|x64.ActiveCfg = Debug|x64
		{FF9B7751-CEE8-43F0-B6E5-7FAD1F0C3D2B}.Debug|x64.Build.0 = Debug|x64
		{FF9B7751-CEE8-43F0-B6E5-7FAD1F0C3D2B}.Debug|x64.Deploy.0 = Debug|x64
		{FF9B7751-CEE8-43F0-B6E5-7FAD1F0C3D2B}.Debug|x86.ActiveCfg = Debug|x86
		{FF9B7751-CEE8-43F0-B6E5-7FAD1F0C3D2B}.Debug|x86.Build.0 = Debug|x86
		{FF9B7751-CEE8-43F0-B6E5-7FAD1F0C3D2B}.Debug|x86.Deploy.0 = Debug|x86
		{FF9B7751-CEE8-43F0-B6E5-7FAD1F0C3D2B}.Release|Any CPU.ActiveCfg = Release|x86
		{FF9B7751-CEE8-43F0-B6E5-7FAD1F0C3D2B}.Release|ARM.ActiveCfg = Release|ARM
		{FF9B7751-CEE8-43F0-B6E5-7FAD1F0C3D2B}.Release|ARM.Build.0 = Release|ARM
		{FF9B7751-CEE8-43F0-B6E5-7FAD1F0C3D2B}.Release|ARM.Deploy.0 = Release|ARM
		{FF9B7751-CEE8-43F0-B6E5-7FAD1F0C3D2B}.Release|iPhone.ActiveCfg = Release|x86
		{FF9B7751-CEE8-43F0-B6E5-7FAD1F0C3D2B}.Release|iPhoneSimulator.ActiveCfg = Release|x86
		{FF9B7751-CEE8-43F0-B6E5-7FAD1F0C3D2B}.Release|x64.ActiveCfg = Release|x64
		{FF9B7751-CEE8-43F0-B6E5-7FAD1F0C3D2B}.Release|x64.Build.0 = Release|x64
		{FF9B7751-CEE8-43F0-B6E5-7FAD1F0C3D2B}.Release|x64.Deploy.0 = Release|x64
		{FF9B7751-CEE8-43F0-B6E5-7FAD1F0C3D2B}.Release|x86.ActiveCfg = Release|x86
		{FF9B7751-CEE8-43F0-B6E5-7FAD1F0C3D2B}.Release|x86.Build.0 = Release|x86
		{FF9B7751-CEE8-43F0-B6E5-7FAD1F0C3D2B}.Release|x86.Deploy.0 = Release|x86
		{5EFE5D2B-B523-4B52-88F1-A3372EEACC3F}.Ad-Hoc|Any CPU.ActiveCfg = Ad-Hoc|iPhone
		{5EFE5D2B-B523-4B52-88F1-A3372EEACC3F}.Ad-Hoc|ARM.ActiveCfg = Ad-Hoc|iPhone
		{5EFE5D2B-B523-4B52-88F1-A3372EEACC3F}.Ad-Hoc|iPhone.ActiveCfg = Ad-Hoc|iPhone
		{5EFE5D2B-B523-4B52-88F1-A3372EEACC3F}.Ad-Hoc|iPhone.Build.0 = Ad-Hoc|iPhone
		{5EFE5D2B-B523-4B52-88F1-A3372EEACC3F}.Ad-Hoc|iPhoneSimulator.ActiveCfg = Ad-Hoc|iPhoneSimulator
		{5EFE5D2B-B523-4B52-88F1-A3372EEACC3F}.Ad-Hoc|iPhoneSimulator.Build.0 = Ad-Hoc|iPhoneSimulator
		{5EFE5D2B-B523-4B52-88F1-A3372EEACC3F}.Ad-Hoc|x64.ActiveCfg = Ad-Hoc|iPhone
		{5EFE5D2B-B523-4B52-88F1-A3372EEACC3F}.Ad-Hoc|x86.ActiveCfg = Ad-Hoc|iPhone
		{5EFE5D2B-B523-4B52-88F1-A3372EEACC3F}.AppStore|Any CPU.ActiveCfg = AppStore|iPhone
		{5EFE5D2B-B523-4B52-88F1-A3372EEACC3F}.AppStore|ARM.ActiveCfg = AppStore|iPhone
		{5EFE5D2B-B523-4B52-88F1-A3372EEACC3F}.AppStore|iPhone.ActiveCfg = AppStore|iPhone
		{5EFE5D2B-B523-4B52-88F1-A3372EEACC3F}.AppStore|iPhone.Build.0 = AppStore|iPhone
		{5EFE5D2B-B523-4B52-88F1-A3372EEACC3F}.AppStore|iPhoneSimulator.ActiveCfg = AppStore|iPhoneSimulator
		{5EFE5D2B-B523-4B52-88F1-A3372EEACC3F}.AppStore|iPhoneSimulator.Build.0 = AppStore|iPhoneSimulator
		{5EFE5D2B-B523-4B52-88F1-A3372EEACC3F}.AppStore|x64.ActiveCfg = AppStore|iPhone
		{5EFE5D2B-B523-4B52-88F1-A3372EEACC3F}.AppStore|x86.ActiveCfg = AppStore|iPhone
		{5EFE5D2B-B523-4B52-88F1-A3372EEACC3F}.Debug|Any CPU.ActiveCfg = Debug|iPhone
		{5EFE5D2B-B523-4B52-88F1-A3372EEACC3F}.Debug|ARM.ActiveCfg = Debug|iPhone
		{5EFE5D2B-B523-4B52-88F1-A3372EEACC3F}.Debug|iPhone.ActiveCfg = Debug|iPhone
		{5EFE5D2B-B523-4B52-88F1-A3372EEACC3F}.Debug|iPhone.Build.0 = Debug|iPhone
		{5EFE5D2B-B523-4B52-88F1-A3372EEACC3F}.Debug|iPhoneSimulator.ActiveCfg = Debug|iPhoneSimulator
		{5EFE5D2B-B523-4B52-88F1-A3372EEACC3F}.Debug|iPhoneSimulator.Build.0 = Debug|iPhoneSimulator
		{5EFE5D2B-B523-4B52-88F1-A3372EEACC3F}.Debug|x64.ActiveCfg = Debug|iPhone
		{5EFE5D2B-B523-4B52-88F1-A3372EEACC3F}.Debug|x86.ActiveCfg = Debug|iPhone
		{5EFE5D2B-B523-4B52-88F1-A3372EEACC3F}.Release|Any CPU.ActiveCfg = Release|iPhone
		{5EFE5D2B-B523-4B52-88F1-A3372EEACC3F}.Release|ARM.ActiveCfg = Release|iPhone
		{5EFE5D2B-B523-4B52-88F1-A3372EEACC3F}.Release|iPhone.ActiveCfg = Release|iPhone
		{5EFE5D2B-B523-4B52-88F1-A3372EEACC3F}.Release|iPhone.Build.0 = Release|iPhone
		{5EFE5D2B-B523-4B52-88F1-A3372EEACC3F}.Release|iPhoneSimulator.ActiveCfg = Release|iPhoneSimulator
		{5EFE5D2B-B523-4B52-88F1-A3372EEACC3F}.Release|iPhoneSimulator.Build.0 = Release|iPhoneSimulator
		{5EFE5D2B-B523-4B52-88F1-A3372EEACC3F}.Release|x64.ActiveCfg = Release|iPhone
		{5EFE5D2B-B523-4B52-88F1-A3372EEACC3F}.Release|x86.ActiveCfg = Release|iPhone
		{40EAC98F-25A2-4E21-A7AF-C0DC55F80455}.Ad-Hoc|Any CPU.ActiveCfg = Release|Any CPU
		{40EAC98F-25A2-4E21-A7AF-C0DC55F80455}.Ad-Hoc|Any CPU.Build.0 = Release|Any CPU
		{40EAC98F-25A2-4E21-A7AF-C0DC55F80455}.Ad-Hoc|Any CPU.Deploy.0 = Release|Any CPU
		{40EAC98F-25A2-4E21-A7AF-C0DC55F80455}.Ad-Hoc|ARM.ActiveCfg = Release|Any CPU
		{40EAC98F-25A2-4E21-A7AF-C0DC55F80455}.Ad-Hoc|ARM.Build.0 = Release|Any CPU
		{40EAC98F-25A2-4E21-A7AF-C0DC55F80455}.Ad-Hoc|ARM.Deploy.0 = Release|Any CPU
		{40EAC98F-25A2-4E21-A7AF-C0DC55F80455}.Ad-Hoc|iPhone.ActiveCfg = Release|Any CPU
		{40EAC98F-25A2-4E21-A7AF-C0DC55F80455}.Ad-Hoc|iPhone.Build.0 = Release|Any CPU
		{40EAC98F-25A2-4E21-A7AF-C0DC55F80455}.Ad-Hoc|iPhone.Deploy.0 = Release|Any CPU
		{40EAC98F-25A2-4E21-A7AF-C0DC55F80455}.Ad-Hoc|iPhoneSimulator.ActiveCfg = Release|Any CPU
		{40EAC98F-25A2-4E21-A7AF-C0DC55F80455}.Ad-Hoc|iPhoneSimulator.Build.0 = Release|Any CPU
		{40EAC98F-25A2-4E21-A7AF-C0DC55F80455}.Ad-Hoc|iPhoneSimulator.Deploy.0 = Release|Any CPU
		{40EAC98F-25A2-4E21-A7AF-C0DC55F80455}.Ad-Hoc|x64.ActiveCfg = Release|Any CPU
		{40EAC98F-25A2-4E21-A7AF-C0DC55F80455}.Ad-Hoc|x64.Build.0 = Release|Any CPU
		{40EAC98F-25A2-4E21-A7AF-C0DC55F80455}.Ad-Hoc|x64.Deploy.0 = Release|Any CPU
		{40EAC98F-25A2-4E21-A7AF-C0DC55F80455}.Ad-Hoc|x86.ActiveCfg = Release|Any CPU
		{40EAC98F-25A2-4E21-A7AF-C0DC55F80455}.Ad-Hoc|x86.Build.0 = Release|Any CPU
		{40EAC98F-25A2-4E21-A7AF-C0DC55F80455}.Ad-Hoc|x86.Deploy.0 = Release|Any CPU
		{40EAC98F-25A2-4E21-A7AF-C0DC55F80455}.AppStore|Any CPU.ActiveCfg = Release|Any CPU
		{40EAC98F-25A2-4E21-A7AF-C0DC55F80455}.AppStore|Any CPU.Build.0 = Release|Any CPU
		{40EAC98F-25A2-4E21-A7AF-C0DC55F80455}.AppStore|Any CPU.Deploy.0 = Release|Any CPU
		{40EAC98F-25A2-4E21-A7AF-C0DC55F80455}.AppStore|ARM.ActiveCfg = Release|Any CPU
		{40EAC98F-25A2-4E21-A7AF-C0DC55F80455}.AppStore|ARM.Build.0 = Release|Any CPU
		{40EAC98F-25A2-4E21-A7AF-C0DC55F80455}.AppStore|ARM.Deploy.0 = Release|Any CPU
		{40EAC98F-25A2-4E21-A7AF-C0DC55F80455}.AppStore|iPhone.ActiveCfg = Release|Any CPU
		{40EAC98F-25A2-4E21-A7AF-C0DC55F80455}.AppStore|iPhone.Build.0 = Release|Any CPU
		{40EAC98F-25A2-4E21-A7AF-C0DC55F80455}.AppStore|iPhone.Deploy.0 = Release|Any CPU
		{40EAC98F-25A2-4E21-A7AF-C0DC55F80455}.AppStore|iPhoneSimulator.ActiveCfg = Release|Any CPU
		{40EAC98F-25A2-4E21-A7AF-C0DC55F80455}.AppStore|iPhoneSimulator.Build.0 = Release|Any CPU
		{40EAC98F-25A2-4E21-A7AF-C0DC55F80455}.AppStore|iPhoneSimulator.Deploy.0 = Release|Any CPU
		{40EAC98F-25A2-4E21-A7AF-C0DC55F80455}.AppStore|x64.ActiveCfg = Release|Any CPU
		{40EAC98F-25A2-4E21-A7AF-C0DC55F80455}.AppStore|x64.Build.0 = Release|Any CPU
		{40EAC98F-25A2-4E21-A7AF-C0DC55F80455}.AppStore|x64.Deploy.0 = Release|Any CPU
		{40EAC98F-25A2-4E21-A7AF-C0DC55F80455}.AppStore|x86.ActiveCfg = Release|Any CPU
		{40EAC98F-25A2-4E21-A7AF-C0DC55F80455}.AppStore|x86.Build.0 = Release|Any CPU
		{40EAC98F-25A2-4E21-A7AF-C0DC55F80455}.AppStore|x86.Deploy.0 = Release|Any CPU
		{40EAC98F-25A2-4E21-A7AF-C0DC55F80455}.Debug|Any CPU.ActiveCfg = Debug|Any CPU
		{40EAC98F-25A2-4E21-A7AF-C0DC55F80455}.Debug|Any CPU.Build.0 = Debug|Any CPU
		{40EAC98F-25A2-4E21-A7AF-C0DC55F80455}.Debug|Any CPU.Deploy.0 = Debug|Any CPU
		{40EAC98F-25A2-4E21-A7AF-C0DC55F80455}.Debug|ARM.ActiveCfg = Debug|Any CPU
		{40EAC98F-25A2-4E21-A7AF-C0DC55F80455}.Debug|ARM.Build.0 = Debug|Any CPU
		{40EAC98F-25A2-4E21-A7AF-C0DC55F80455}.Debug|ARM.Deploy.0 = Debug|Any CPU
		{40EAC98F-25A2-4E21-A7AF-C0DC55F80455}.Debug|iPhone.ActiveCfg = Debug|Any CPU
		{40EAC98F-25A2-4E21-A7AF-C0DC55F80455}.Debug|iPhone.Build.0 = Debug|Any CPU
		{40EAC98F-25A2-4E21-A7AF-C0DC55F80455}.Debug|iPhone.Deploy.0 = Debug|Any CPU
		{40EAC98F-25A2-4E21-A7AF-C0DC55F80455}.Debug|iPhoneSimulator.ActiveCfg = Debug|Any CPU
		{40EAC98F-25A2-4E21-A7AF-C0DC55F80455}.Debug|iPhoneSimulator.Build.0 = Debug|Any CPU
		{40EAC98F-25A2-4E21-A7AF-C0DC55F80455}.Debug|iPhoneSimulator.Deploy.0 = Debug|Any CPU
		{40EAC98F-25A2-4E21-A7AF-C0DC55F80455}.Debug|x64.ActiveCfg = Debug|Any CPU
		{40EAC98F-25A2-4E21-A7AF-C0DC55F80455}.Debug|x64.Build.0 = Debug|Any CPU
		{40EAC98F-25A2-4E21-A7AF-C0DC55F80455}.Debug|x64.Deploy.0 = Debug|Any CPU
		{40EAC98F-25A2-4E21-A7AF-C0DC55F80455}.Debug|x86.ActiveCfg = Debug|Any CPU
		{40EAC98F-25A2-4E21-A7AF-C0DC55F80455}.Debug|x86.Build.0 = Debug|Any CPU
		{40EAC98F-25A2-4E21-A7AF-C0DC55F80455}.Debug|x86.Deploy.0 = Debug|Any CPU
		{40EAC98F-25A2-4E21-A7AF-C0DC55F80455}.Release|Any CPU.ActiveCfg = Release|Any CPU
		{40EAC98F-25A2-4E21-A7AF-C0DC55F80455}.Release|Any CPU.Build.0 = Release|Any CPU
		{40EAC98F-25A2-4E21-A7AF-C0DC55F80455}.Release|Any CPU.Deploy.0 = Release|Any CPU
		{40EAC98F-25A2-4E21-A7AF-C0DC55F80455}.Release|ARM.ActiveCfg = Release|Any CPU
		{40EAC98F-25A2-4E21-A7AF-C0DC55F80455}.Release|ARM.Build.0 = Release|Any CPU
		{40EAC98F-25A2-4E21-A7AF-C0DC55F80455}.Release|ARM.Deploy.0 = Release|Any CPU
		{40EAC98F-25A2-4E21-A7AF-C0DC55F80455}.Release|iPhone.ActiveCfg = Release|Any CPU
		{40EAC98F-25A2-4E21-A7AF-C0DC55F80455}.Release|iPhone.Build.0 = Release|Any CPU
		{40EAC98F-25A2-4E21-A7AF-C0DC55F80455}.Release|iPhone.Deploy.0 = Release|Any CPU
		{40EAC98F-25A2-4E21-A7AF-C0DC55F80455}.Release|iPhoneSimulator.ActiveCfg = Release|Any CPU
		{40EAC98F-25A2-4E21-A7AF-C0DC55F80455}.Release|iPhoneSimulator.Build.0 = Release|Any CPU
		{40EAC98F-25A2-4E21-A7AF-C0DC55F80455}.Release|iPhoneSimulator.Deploy.0 = Release|Any CPU
		{40EAC98F-25A2-4E21-A7AF-C0DC55F80455}.Release|x64.ActiveCfg = Release|Any CPU
		{40EAC98F-25A2-4E21-A7AF-C0DC55F80455}.Release|x64.Build.0 = Release|Any CPU
		{40EAC98F-25A2-4E21-A7AF-C0DC55F80455}.Release|x64.Deploy.0 = Release|Any CPU
		{40EAC98F-25A2-4E21-A7AF-C0DC55F80455}.Release|x86.ActiveCfg = Release|Any CPU
		{40EAC98F-25A2-4E21-A7AF-C0DC55F80455}.Release|x86.Build.0 = Release|Any CPU
		{40EAC98F-25A2-4E21-A7AF-C0DC55F80455}.Release|x86.Deploy.0 = Release|Any CPU
		{7900E170-FCF2-4507-A769-CC8E833557C7}.Ad-Hoc|Any CPU.ActiveCfg = Release|x64
		{7900E170-FCF2-4507-A769-CC8E833557C7}.Ad-Hoc|Any CPU.Build.0 = Release|x64
		{7900E170-FCF2-4507-A769-CC8E833557C7}.Ad-Hoc|Any CPU.Deploy.0 = Release|x64
		{7900E170-FCF2-4507-A769-CC8E833557C7}.Ad-Hoc|ARM.ActiveCfg = Release|ARM
		{7900E170-FCF2-4507-A769-CC8E833557C7}.Ad-Hoc|ARM.Build.0 = Release|ARM
		{7900E170-FCF2-4507-A769-CC8E833557C7}.Ad-Hoc|ARM.Deploy.0 = Release|ARM
		{7900E170-FCF2-4507-A769-CC8E833557C7}.Ad-Hoc|iPhone.ActiveCfg = Release|x64
		{7900E170-FCF2-4507-A769-CC8E833557C7}.Ad-Hoc|iPhone.Build.0 = Release|x64
		{7900E170-FCF2-4507-A769-CC8E833557C7}.Ad-Hoc|iPhone.Deploy.0 = Release|x64
		{7900E170-FCF2-4507-A769-CC8E833557C7}.Ad-Hoc|iPhoneSimulator.ActiveCfg = Release|x64
		{7900E170-FCF2-4507-A769-CC8E833557C7}.Ad-Hoc|iPhoneSimulator.Build.0 = Release|x64
		{7900E170-FCF2-4507-A769-CC8E833557C7}.Ad-Hoc|iPhoneSimulator.Deploy.0 = Release|x64
		{7900E170-FCF2-4507-A769-CC8E833557C7}.Ad-Hoc|x64.ActiveCfg = Release|x64
		{7900E170-FCF2-4507-A769-CC8E833557C7}.Ad-Hoc|x64.Build.0 = Release|x64
		{7900E170-FCF2-4507-A769-CC8E833557C7}.Ad-Hoc|x64.Deploy.0 = Release|x64
		{7900E170-FCF2-4507-A769-CC8E833557C7}.Ad-Hoc|x86.ActiveCfg = Release|x86
		{7900E170-FCF2-4507-A769-CC8E833557C7}.Ad-Hoc|x86.Build.0 = Release|x86
		{7900E170-FCF2-4507-A769-CC8E833557C7}.Ad-Hoc|x86.Deploy.0 = Release|x86
		{7900E170-FCF2-4507-A769-CC8E833557C7}.AppStore|Any CPU.ActiveCfg = Release|x64
		{7900E170-FCF2-4507-A769-CC8E833557C7}.AppStore|Any CPU.Build.0 = Release|x64
		{7900E170-FCF2-4507-A769-CC8E833557C7}.AppStore|Any CPU.Deploy.0 = Release|x64
		{7900E170-FCF2-4507-A769-CC8E833557C7}.AppStore|ARM.ActiveCfg = Release|ARM
		{7900E170-FCF2-4507-A769-CC8E833557C7}.AppStore|ARM.Build.0 = Release|ARM
		{7900E170-FCF2-4507-A769-CC8E833557C7}.AppStore|ARM.Deploy.0 = Release|ARM
		{7900E170-FCF2-4507-A769-CC8E833557C7}.AppStore|iPhone.ActiveCfg = Release|x64
		{7900E170-FCF2-4507-A769-CC8E833557C7}.AppStore|iPhone.Build.0 = Release|x64
		{7900E170-FCF2-4507-A769-CC8E833557C7}.AppStore|iPhone.Deploy.0 = Release|x64
		{7900E170-FCF2-4507-A769-CC8E833557C7}.AppStore|iPhoneSimulator.ActiveCfg = Release|x64
		{7900E170-FCF2-4507-A769-CC8E833557C7}.AppStore|iPhoneSimulator.Build.0 = Release|x64
		{7900E170-FCF2-4507-A769-CC8E833557C7}.AppStore|iPhoneSimulator.Deploy.0 = Release|x64
		{7900E170-FCF2-4507-A769-CC8E833557C7}.AppStore|x64.ActiveCfg = Release|x64
		{7900E170-FCF2-4507-A769-CC8E833557C7}.AppStore|x64.Build.0 = Release|x64
		{7900E170-FCF2-4507-A769-CC8E833557C7}.AppStore|x64.Deploy.0 = Release|x64
		{7900E170-FCF2-4507-A769-CC8E833557C7}.AppStore|x86.ActiveCfg = Release|x86
		{7900E170-FCF2-4507-A769-CC8E833557C7}.AppStore|x86.Build.0 = Release|x86
		{7900E170-FCF2-4507-A769-CC8E833557C7}.AppStore|x86.Deploy.0 = Release|x86
		{7900E170-FCF2-4507-A769-CC8E833557C7}.Debug|Any CPU.ActiveCfg = Debug|x86
		{7900E170-FCF2-4507-A769-CC8E833557C7}.Debug|ARM.ActiveCfg = Debug|ARM
		{7900E170-FCF2-4507-A769-CC8E833557C7}.Debug|ARM.Build.0 = Debug|ARM
		{7900E170-FCF2-4507-A769-CC8E833557C7}.Debug|ARM.Deploy.0 = Debug|ARM
		{7900E170-FCF2-4507-A769-CC8E833557C7}.Debug|iPhone.ActiveCfg = Debug|x86
		{7900E170-FCF2-4507-A769-CC8E833557C7}.Debug|iPhoneSimulator.ActiveCfg = Debug|x86
		{7900E170-FCF2-4507-A769-CC8E833557C7}.Debug|x64.ActiveCfg = Debug|x64
		{7900E170-FCF2-4507-A769-CC8E833557C7}.Debug|x64.Build.0 = Debug|x64
		{7900E170-FCF2-4507-A769-CC8E833557C7}.Debug|x64.Deploy.0 = Debug|x64
		{7900E170-FCF2-4507-A769-CC8E833557C7}.Debug|x86.ActiveCfg = Debug|x86
		{7900E170-FCF2-4507-A769-CC8E833557C7}.Debug|x86.Build.0 = Debug|x86
		{7900E170-FCF2-4507-A769-CC8E833557C7}.Debug|x86.Deploy.0 = Debug|x86
		{7900E170-FCF2-4507-A769-CC8E833557C7}.Release|Any CPU.ActiveCfg = Release|x86
		{7900E170-FCF2-4507-A769-CC8E833557C7}.Release|ARM.ActiveCfg = Release|ARM
		{7900E170-FCF2-4507-A769-CC8E833557C7}.Release|ARM.Build.0 = Release|ARM
		{7900E170-FCF2-4507-A769-CC8E833557C7}.Release|ARM.Deploy.0 = Release|ARM
		{7900E170-FCF2-4507-A769-CC8E833557C7}.Release|iPhone.ActiveCfg = Release|x86
		{7900E170-FCF2-4507-A769-CC8E833557C7}.Release|iPhoneSimulator.ActiveCfg = Release|x86
		{7900E170-FCF2-4507-A769-CC8E833557C7}.Release|x64.ActiveCfg = Release|x64
		{7900E170-FCF2-4507-A769-CC8E833557C7}.Release|x64.Build.0 = Release|x64
		{7900E170-FCF2-4507-A769-CC8E833557C7}.Release|x64.Deploy.0 = Release|x64
		{7900E170-FCF2-4507-A769-CC8E833557C7}.Release|x86.ActiveCfg = Release|x86
		{7900E170-FCF2-4507-A769-CC8E833557C7}.Release|x86.Build.0 = Release|x86
		{7900E170-FCF2-4507-A769-CC8E833557C7}.Release|x86.Deploy.0 = Release|x86
	EndGlobalSection
	GlobalSection(SolutionProperties) = preSolution
		HideSolutionNode = FALSE
	EndGlobalSection
EndGlobal
