
Microsoft Visual Studio Solution File, Format Version 12.00
# Visual Studio Version 17
VisualStudioVersion = 17.3.32929.385
MinimumVisualStudioVersion = 10.0.40219.1
Project("{FAE04EC0-301F-11D3-BF4B-00C04F79EFBC}") = "PortalBrowser.Desktop", "PortalBrowser.Desktop\PortalBrowser.Desktop.csproj", "{99373650-6B2B-4B49-BC63-ABD88456BCEA}"
EndProject
Project("{D954291E-2A0B-460D-934E-DC6B0785DB48}") = "PortalBrowser.Shared", "PortalBrowser.Shared\PortalBrowser.Shared.shproj", "{8019F03D-C34F-4973-BD30-908AB9C17153}"
EndProject
Project("{FAE04EC0-301F-11D3-BF4B-00C04F79EFBC}") = "PortalBrowser.Universal", "PortalBrowser.Universal\PortalBrowser.Universal.csproj", "{FF9B7751-CEE8-43F0-B6E5-7FAD1F0C3D2B}"
EndProject
Project("{FAE04EC0-301F-11D3-BF4B-00C04F79EFBC}") = "PortalBrowser.MAUI", "PortalBrowser.MAUI\PortalBrowser.MAUI.csproj", "{E94ACF6E-C4CF-4C59-AC95-95A993BB4166}"
EndProject
Global
	GlobalSection(SolutionConfigurationPlatforms) = preSolution
		Ad-Hoc|Any CPU = Ad-Hoc|Any CPU
		Ad-Hoc|ARM = Ad-Hoc|ARM
		Ad-Hoc|iPhone = Ad-Hoc|iPhone
		Ad-Hoc|iPhoneSimulator = Ad-Hoc|iPhoneSimulator
		Ad-Hoc|x64 = Ad-Hoc|x64
		Ad-Hoc|x86 = Ad-Hoc|x86
		AppStore|Any CPU = AppStore|Any CPU
		AppStore|ARM = AppStore|ARM
		AppStore|iPhone = AppStore|iPhone
		AppStore|iPhoneSimulator = AppStore|iPhoneSimulator
		AppStore|x64 = AppStore|x64
		AppStore|x86 = AppStore|x86
		Debug|Any CPU = Debug|Any CPU
		Debug|ARM = Debug|ARM
		Debug|iPhone = Debug|iPhone
		Debug|iPhoneSimulator = Debug|iPhoneSimulator
		Debug|x64 = Debug|x64
		Debug|x86 = Debug|x86
		Release|Any CPU = Release|Any CPU
		Release|ARM = Release|ARM
		Release|iPhone = Release|iPhone
		Release|iPhoneSimulator = Release|iPhoneSimulator
		Release|x64 = Release|x64
		Release|x86 = Release|x86
	EndGlobalSection
	GlobalSection(ProjectConfigurationPlatforms) = postSolution
		{99373650-6B2B-4B49-BC63-ABD88456BCEA}.Ad-Hoc|Any CPU.ActiveCfg = Release|x86
		{99373650-6B2B-4B49-BC63-ABD88456BCEA}.Ad-Hoc|Any CPU.Build.0 = Release|x86
		{99373650-6B2B-4B49-BC63-ABD88456BCEA}.Ad-Hoc|ARM.ActiveCfg = Release|x86
		{99373650-6B2B-4B49-BC63-ABD88456BCEA}.Ad-Hoc|ARM.Build.0 = Release|x86
		{99373650-6B2B-4B49-BC63-ABD88456BCEA}.Ad-Hoc|iPhone.ActiveCfg = Release|x86
		{99373650-6B2B-4B49-BC63-ABD88456BCEA}.Ad-Hoc|iPhone.Build.0 = Release|x86
		{99373650-6B2B-4B49-BC63-ABD88456BCEA}.Ad-Hoc|iPhoneSimulator.ActiveCfg = Release|x86
		{99373650-6B2B-4B49-BC63-ABD88456BCEA}.Ad-Hoc|iPhoneSimulator.Build.0 = Release|x86
		{99373650-6B2B-4B49-BC63-ABD88456BCEA}.Ad-Hoc|x64.ActiveCfg = Release|x64
		{99373650-6B2B-4B49-BC63-ABD88456BCEA}.Ad-Hoc|x64.Build.0 = Release|x64
		{99373650-6B2B-4B49-BC63-ABD88456BCEA}.Ad-Hoc|x86.ActiveCfg = Release|x86
		{99373650-6B2B-4B49-BC63-ABD88456BCEA}.Ad-Hoc|x86.Build.0 = Release|x86
		{99373650-6B2B-4B49-BC63-ABD88456BCEA}.AppStore|Any CPU.ActiveCfg = Release|x86
		{99373650-6B2B-4B49-BC63-ABD88456BCEA}.AppStore|Any CPU.Build.0 = Release|x86
		{99373650-6B2B-4B49-BC63-ABD88456BCEA}.AppStore|ARM.ActiveCfg = Release|x86
		{99373650-6B2B-4B49-BC63-ABD88456BCEA}.AppStore|ARM.Build.0 = Release|x86
		{99373650-6B2B-4B49-BC63-ABD88456BCEA}.AppStore|iPhone.ActiveCfg = Release|x86
		{99373650-6B2B-4B49-BC63-ABD88456BCEA}.AppStore|iPhone.Build.0 = Release|x86
		{99373650-6B2B-4B49-BC63-ABD88456BCEA}.AppStore|iPhoneSimulator.ActiveCfg = Release|x86
		{99373650-6B2B-4B49-BC63-ABD88456BCEA}.AppStore|iPhoneSimulator.Build.0 = Release|x86
		{99373650-6B2B-4B49-BC63-ABD88456BCEA}.AppStore|x64.ActiveCfg = Release|x64
		{99373650-6B2B-4B49-BC63-ABD88456BCEA}.AppStore|x64.Build.0 = Release|x64
		{99373650-6B2B-4B49-BC63-ABD88456BCEA}.AppStore|x86.ActiveCfg = Release|x86
		{99373650-6B2B-4B49-BC63-ABD88456BCEA}.AppStore|x86.Build.0 = Release|x86
		{99373650-6B2B-4B49-BC63-ABD88456BCEA}.Debug|Any CPU.ActiveCfg = Debug|x86
		{99373650-6B2B-4B49-BC63-ABD88456BCEA}.Debug|Any CPU.Build.0 = Debug|x86
		{99373650-6B2B-4B49-BC63-ABD88456BCEA}.Debug|ARM.ActiveCfg = Debug|x64
		{99373650-6B2B-4B49-BC63-ABD88456BCEA}.Debug|iPhone.ActiveCfg = Debug|x86
		{99373650-6B2B-4B49-BC63-ABD88456BCEA}.Debug|iPhone.Build.0 = Debug|x86
		{99373650-6B2B-4B49-BC63-ABD88456BCEA}.Debug|iPhoneSimulator.ActiveCfg = Debug|x86
		{99373650-6B2B-4B49-BC63-ABD88456BCEA}.Debug|x64.ActiveCfg = Debug|x64
		{99373650-6B2B-4B49-BC63-ABD88456BCEA}.Debug|x64.Build.0 = Debug|x64
		{99373650-6B2B-4B49-BC63-ABD88456BCEA}.Debug|x86.ActiveCfg = Debug|x86
		{99373650-6B2B-4B49-BC63-ABD88456BCEA}.Debug|x86.Build.0 = Debug|x86
		{99373650-6B2B-4B49-BC63-ABD88456BCEA}.Release|Any CPU.ActiveCfg = Release|x86
		{99373650-6B2B-4B49-BC63-ABD88456BCEA}.Release|ARM.ActiveCfg = Release|x64
		{99373650-6B2B-4B49-BC63-ABD88456BCEA}.Release|iPhone.ActiveCfg = Release|x86
		{99373650-6B2B-4B49-BC63-ABD88456BCEA}.Release|iPhoneSimulator.ActiveCfg = Release|x86
		{99373650-6B2B-4B49-BC63-ABD88456BCEA}.Release|x64.ActiveCfg = Release|x64
		{99373650-6B2B-4B49-BC63-ABD88456BCEA}.Release|x64.Build.0 = Release|x64
		{99373650-6B2B-4B49-BC63-ABD88456BCEA}.Release|x86.ActiveCfg = Release|x86
		{99373650-6B2B-4B49-BC63-ABD88456BCEA}.Release|x86.Build.0 = Release|x86
		{FF9B7751-CEE8-43F0-B6E5-7FAD1F0C3D2B}.Ad-Hoc|Any CPU.ActiveCfg = Release|x86
		{FF9B7751-CEE8-43F0-B6E5-7FAD1F0C3D2B}.Ad-Hoc|Any CPU.Build.0 = Release|x86
		{FF9B7751-CEE8-43F0-B6E5-7FAD1F0C3D2B}.Ad-Hoc|Any CPU.Deploy.0 = Release|x86
		{FF9B7751-CEE8-43F0-B6E5-7FAD1F0C3D2B}.Ad-Hoc|ARM.ActiveCfg = Release|ARM
		{FF9B7751-CEE8-43F0-B6E5-7FAD1F0C3D2B}.Ad-Hoc|ARM.Build.0 = Release|ARM
		{FF9B7751-CEE8-43F0-B6E5-7FAD1F0C3D2B}.Ad-Hoc|ARM.Deploy.0 = Release|ARM
		{FF9B7751-CEE8-43F0-B6E5-7FAD1F0C3D2B}.Ad-Hoc|iPhone.ActiveCfg = Release|x86
		{FF9B7751-CEE8-43F0-B6E5-7FAD1F0C3D2B}.Ad-Hoc|iPhone.Build.0 = Release|x86
		{FF9B7751-CEE8-43F0-B6E5-7FAD1F0C3D2B}.Ad-Hoc|iPhone.Deploy.0 = Release|x86
		{FF9B7751-CEE8-43F0-B6E5-7FAD1F0C3D2B}.Ad-Hoc|iPhoneSimulator.ActiveCfg = Release|x86
		{FF9B7751-CEE8-43F0-B6E5-7FAD1F0C3D2B}.Ad-Hoc|iPhoneSimulator.Build.0 = Release|x86
		{FF9B7751-CEE8-43F0-B6E5-7FAD1F0C3D2B}.Ad-Hoc|iPhoneSimulator.Deploy.0 = Release|x86
		{FF9B7751-CEE8-43F0-B6E5-7FAD1F0C3D2B}.Ad-Hoc|x64.ActiveCfg = Release|x64
		{FF9B7751-CEE8-43F0-B6E5-7FAD1F0C3D2B}.Ad-Hoc|x64.Build.0 = Release|x64
		{FF9B7751-CEE8-43F0-B6E5-7FAD1F0C3D2B}.Ad-Hoc|x64.Deploy.0 = Release|x64
		{FF9B7751-CEE8-43F0-B6E5-7FAD1F0C3D2B}.Ad-Hoc|x86.ActiveCfg = Release|x86
		{FF9B7751-CEE8-43F0-B6E5-7FAD1F0C3D2B}.Ad-Hoc|x86.Build.0 = Release|x86
		{FF9B7751-CEE8-43F0-B6E5-7FAD1F0C3D2B}.Ad-Hoc|x86.Deploy.0 = Release|x86
		{FF9B7751-CEE8-43F0-B6E5-7FAD1F0C3D2B}.AppStore|Any CPU.ActiveCfg = Release|x86
		{FF9B7751-CEE8-43F0-B6E5-7FAD1F0C3D2B}.AppStore|Any CPU.Build.0 = Release|x86
		{FF9B7751-CEE8-43F0-B6E5-7FAD1F0C3D2B}.AppStore|Any CPU.Deploy.0 = Release|x86
		{FF9B7751-CEE8-43F0-B6E5-7FAD1F0C3D2B}.AppStore|ARM.ActiveCfg = Release|ARM
		{FF9B7751-CEE8-43F0-B6E5-7FAD1F0C3D2B}.AppStore|ARM.Build.0 = Release|ARM
		{FF9B7751-CEE8-43F0-B6E5-7FAD1F0C3D2B}.AppStore|ARM.Deploy.0 = Release|ARM
		{FF9B7751-CEE8-43F0-B6E5-7FAD1F0C3D2B}.AppStore|iPhone.ActiveCfg = Release|x86
		{FF9B7751-CEE8-43F0-B6E5-7FAD1F0C3D2B}.AppStore|iPhone.Build.0 = Release|x86
		{FF9B7751-CEE8-43F0-B6E5-7FAD1F0C3D2B}.AppStore|iPhone.Deploy.0 = Release|x86
		{FF9B7751-CEE8-43F0-B6E5-7FAD1F0C3D2B}.AppStore|iPhoneSimulator.ActiveCfg = Release|x86
		{FF9B7751-CEE8-43F0-B6E5-7FAD1F0C3D2B}.AppStore|iPhoneSimulator.Build.0 = Release|x86
		{FF9B7751-CEE8-43F0-B6E5-7FAD1F0C3D2B}.AppStore|iPhoneSimulator.Deploy.0 = Release|x86
		{FF9B7751-CEE8-43F0-B6E5-7FAD1F0C3D2B}.AppStore|x64.ActiveCfg = Release|x64
		{FF9B7751-CEE8-43F0-B6E5-7FAD1F0C3D2B}.AppStore|x64.Build.0 = Release|x64
		{FF9B7751-CEE8-43F0-B6E5-7FAD1F0C3D2B}.AppStore|x64.Deploy.0 = Release|x64
		{FF9B7751-CEE8-43F0-B6E5-7FAD1F0C3D2B}.AppStore|x86.ActiveCfg = Release|x86
		{FF9B7751-CEE8-43F0-B6E5-7FAD1F0C3D2B}.AppStore|x86.Build.0 = Release|x86
		{FF9B7751-CEE8-43F0-B6E5-7FAD1F0C3D2B}.AppStore|x86.Deploy.0 = Release|x86
		{FF9B7751-CEE8-43F0-B6E5-7FAD1F0C3D2B}.Debug|Any CPU.ActiveCfg = Debug|x86
		{FF9B7751-CEE8-43F0-B6E5-7FAD1F0C3D2B}.Debug|Any CPU.Build.0 = Debug|x86
		{FF9B7751-CEE8-43F0-B6E5-7FAD1F0C3D2B}.Debug|Any CPU.Deploy.0 = Debug|x86
		{FF9B7751-CEE8-43F0-B6E5-7FAD1F0C3D2B}.Debug|ARM.ActiveCfg = Debug|ARM
		{FF9B7751-CEE8-43F0-B6E5-7FAD1F0C3D2B}.Debug|ARM.Build.0 = Debug|ARM
		{FF9B7751-CEE8-43F0-B6E5-7FAD1F0C3D2B}.Debug|ARM.Deploy.0 = Debug|ARM
		{FF9B7751-CEE8-43F0-B6E5-7FAD1F0C3D2B}.Debug|iPhone.ActiveCfg = Debug|x86
		{FF9B7751-CEE8-43F0-B6E5-7FAD1F0C3D2B}.Debug|iPhone.Build.0 = Debug|x86
		{FF9B7751-CEE8-43F0-B6E5-7FAD1F0C3D2B}.Debug|iPhoneSimulator.ActiveCfg = Debug|x86
		{FF9B7751-CEE8-43F0-B6E5-7FAD1F0C3D2B}.Debug|x64.ActiveCfg = Debug|x64
		{FF9B7751-CEE8-43F0-B6E5-7FAD1F0C3D2B}.Debug|x64.Build.0 = Debug|x64
		{FF9B7751-CEE8-43F0-B6E5-7FAD1F0C3D2B}.Debug|x64.Deploy.0 = Debug|x64
		{FF9B7751-CEE8-43F0-B6E5-7FAD1F0C3D2B}.Debug|x86.ActiveCfg = Debug|x86
		{FF9B7751-CEE8-43F0-B6E5-7FAD1F0C3D2B}.Debug|x86.Build.0 = Debug|x86
		{FF9B7751-CEE8-43F0-B6E5-7FAD1F0C3D2B}.Debug|x86.Deploy.0 = Debug|x86
		{FF9B7751-CEE8-43F0-B6E5-7FAD1F0C3D2B}.Release|Any CPU.ActiveCfg = Release|x86
		{FF9B7751-CEE8-43F0-B6E5-7FAD1F0C3D2B}.Release|ARM.ActiveCfg = Release|ARM
		{FF9B7751-CEE8-43F0-B6E5-7FAD1F0C3D2B}.Release|ARM.Build.0 = Release|ARM
		{FF9B7751-CEE8-43F0-B6E5-7FAD1F0C3D2B}.Release|ARM.Deploy.0 = Release|ARM
		{FF9B7751-CEE8-43F0-B6E5-7FAD1F0C3D2B}.Release|iPhone.ActiveCfg = Release|x86
		{FF9B7751-CEE8-43F0-B6E5-7FAD1F0C3D2B}.Release|iPhoneSimulator.ActiveCfg = Release|x86
		{FF9B7751-CEE8-43F0-B6E5-7FAD1F0C3D2B}.Release|x64.ActiveCfg = Release|x64
		{FF9B7751-CEE8-43F0-B6E5-7FAD1F0C3D2B}.Release|x64.Build.0 = Release|x64
		{FF9B7751-CEE8-43F0-B6E5-7FAD1F0C3D2B}.Release|x64.Deploy.0 = Release|x64
		{FF9B7751-CEE8-43F0-B6E5-7FAD1F0C3D2B}.Release|x86.ActiveCfg = Release|x86
		{FF9B7751-CEE8-43F0-B6E5-7FAD1F0C3D2B}.Release|x86.Build.0 = Release|x86
		{FF9B7751-CEE8-43F0-B6E5-7FAD1F0C3D2B}.Release|x86.Deploy.0 = Release|x86
		{E94ACF6E-C4CF-4C59-AC95-95A993BB4166}.Ad-Hoc|Any CPU.ActiveCfg = Debug|Any CPU
		{E94ACF6E-C4CF-4C59-AC95-95A993BB4166}.Ad-Hoc|Any CPU.Build.0 = Debug|Any CPU
		{E94ACF6E-C4CF-4C59-AC95-95A993BB4166}.Ad-Hoc|Any CPU.Deploy.0 = Debug|Any CPU
		{E94ACF6E-C4CF-4C59-AC95-95A993BB4166}.Ad-Hoc|ARM.ActiveCfg = Debug|Any CPU
		{E94ACF6E-C4CF-4C59-AC95-95A993BB4166}.Ad-Hoc|ARM.Build.0 = Debug|Any CPU
		{E94ACF6E-C4CF-4C59-AC95-95A993BB4166}.Ad-Hoc|ARM.Deploy.0 = Debug|Any CPU
		{E94ACF6E-C4CF-4C59-AC95-95A993BB4166}.Ad-Hoc|iPhone.ActiveCfg = Debug|Any CPU
		{E94ACF6E-C4CF-4C59-AC95-95A993BB4166}.Ad-Hoc|iPhone.Build.0 = Debug|Any CPU
		{E94ACF6E-C4CF-4C59-AC95-95A993BB4166}.Ad-Hoc|iPhone.Deploy.0 = Debug|Any CPU
		{E94ACF6E-C4CF-4C59-AC95-95A993BB4166}.Ad-Hoc|iPhoneSimulator.ActiveCfg = Debug|Any CPU
		{E94ACF6E-C4CF-4C59-AC95-95A993BB4166}.Ad-Hoc|iPhoneSimulator.Build.0 = Debug|Any CPU
		{E94ACF6E-C4CF-4C59-AC95-95A993BB4166}.Ad-Hoc|iPhoneSimulator.Deploy.0 = Debug|Any CPU
		{E94ACF6E-C4CF-4C59-AC95-95A993BB4166}.Ad-Hoc|x64.ActiveCfg = Debug|Any CPU
		{E94ACF6E-C4CF-4C59-AC95-95A993BB4166}.Ad-Hoc|x64.Build.0 = Debug|Any CPU
		{E94ACF6E-C4CF-4C59-AC95-95A993BB4166}.Ad-Hoc|x64.Deploy.0 = Debug|Any CPU
		{E94ACF6E-C4CF-4C59-AC95-95A993BB4166}.Ad-Hoc|x86.ActiveCfg = Debug|Any CPU
		{E94ACF6E-C4CF-4C59-AC95-95A993BB4166}.Ad-Hoc|x86.Build.0 = Debug|Any CPU
		{E94ACF6E-C4CF-4C59-AC95-95A993BB4166}.Ad-Hoc|x86.Deploy.0 = Debug|Any CPU
		{E94ACF6E-C4CF-4C59-AC95-95A993BB4166}.AppStore|Any CPU.ActiveCfg = Debug|Any CPU
		{E94ACF6E-C4CF-4C59-AC95-95A993BB4166}.AppStore|Any CPU.Build.0 = Debug|Any CPU
		{E94ACF6E-C4CF-4C59-AC95-95A993BB4166}.AppStore|Any CPU.Deploy.0 = Debug|Any CPU
		{E94ACF6E-C4CF-4C59-AC95-95A993BB4166}.AppStore|ARM.ActiveCfg = Debug|Any CPU
		{E94ACF6E-C4CF-4C59-AC95-95A993BB4166}.AppStore|ARM.Build.0 = Debug|Any CPU
		{E94ACF6E-C4CF-4C59-AC95-95A993BB4166}.AppStore|ARM.Deploy.0 = Debug|Any CPU
		{E94ACF6E-C4CF-4C59-AC95-95A993BB4166}.AppStore|iPhone.ActiveCfg = Debug|Any CPU
		{E94ACF6E-C4CF-4C59-AC95-95A993BB4166}.AppStore|iPhone.Build.0 = Debug|Any CPU
		{E94ACF6E-C4CF-4C59-AC95-95A993BB4166}.AppStore|iPhone.Deploy.0 = Debug|Any CPU
		{E94ACF6E-C4CF-4C59-AC95-95A993BB4166}.AppStore|iPhoneSimulator.ActiveCfg = Debug|Any CPU
		{E94ACF6E-C4CF-4C59-AC95-95A993BB4166}.AppStore|iPhoneSimulator.Build.0 = Debug|Any CPU
		{E94ACF6E-C4CF-4C59-AC95-95A993BB4166}.AppStore|iPhoneSimulator.Deploy.0 = Debug|Any CPU
		{E94ACF6E-C4CF-4C59-AC95-95A993BB4166}.AppStore|x64.ActiveCfg = Debug|Any CPU
		{E94ACF6E-C4CF-4C59-AC95-95A993BB4166}.AppStore|x64.Build.0 = Debug|Any CPU
		{E94ACF6E-C4CF-4C59-AC95-95A993BB4166}.AppStore|x64.Deploy.0 = Debug|Any CPU
		{E94ACF6E-C4CF-4C59-AC95-95A993BB4166}.AppStore|x86.ActiveCfg = Debug|Any CPU
		{E94ACF6E-C4CF-4C59-AC95-95A993BB4166}.AppStore|x86.Build.0 = Debug|Any CPU
		{E94ACF6E-C4CF-4C59-AC95-95A993BB4166}.AppStore|x86.Deploy.0 = Debug|Any CPU
		{E94ACF6E-C4CF-4C59-AC95-95A993BB4166}.Debug|Any CPU.ActiveCfg = Debug|Any CPU
		{E94ACF6E-C4CF-4C59-AC95-95A993BB4166}.Debug|Any CPU.Build.0 = Debug|Any CPU
		{E94ACF6E-C4CF-4C59-AC95-95A993BB4166}.Debug|Any CPU.Deploy.0 = Debug|Any CPU
		{E94ACF6E-C4CF-4C59-AC95-95A993BB4166}.Debug|ARM.ActiveCfg = Debug|Any CPU
		{E94ACF6E-C4CF-4C59-AC95-95A993BB4166}.Debug|ARM.Build.0 = Debug|Any CPU
		{E94ACF6E-C4CF-4C59-AC95-95A993BB4166}.Debug|ARM.Deploy.0 = Debug|Any CPU
		{E94ACF6E-C4CF-4C59-AC95-95A993BB4166}.Debug|iPhone.ActiveCfg = Debug|Any CPU
		{E94ACF6E-C4CF-4C59-AC95-95A993BB4166}.Debug|iPhone.Build.0 = Debug|Any CPU
		{E94ACF6E-C4CF-4C59-AC95-95A993BB4166}.Debug|iPhone.Deploy.0 = Debug|Any CPU
		{E94ACF6E-C4CF-4C59-AC95-95A993BB4166}.Debug|iPhoneSimulator.ActiveCfg = Debug|Any CPU
		{E94ACF6E-C4CF-4C59-AC95-95A993BB4166}.Debug|iPhoneSimulator.Build.0 = Debug|Any CPU
		{E94ACF6E-C4CF-4C59-AC95-95A993BB4166}.Debug|iPhoneSimulator.Deploy.0 = Debug|Any CPU
		{E94ACF6E-C4CF-4C59-AC95-95A993BB4166}.Debug|x64.ActiveCfg = Debug|Any CPU
		{E94ACF6E-C4CF-4C59-AC95-95A993BB4166}.Debug|x64.Build.0 = Debug|Any CPU
		{E94ACF6E-C4CF-4C59-AC95-95A993BB4166}.Debug|x64.Deploy.0 = Debug|Any CPU
		{E94ACF6E-C4CF-4C59-AC95-95A993BB4166}.Debug|x86.ActiveCfg = Debug|Any CPU
		{E94ACF6E-C4CF-4C59-AC95-95A993BB4166}.Debug|x86.Build.0 = Debug|Any CPU
		{E94ACF6E-C4CF-4C59-AC95-95A993BB4166}.Debug|x86.Deploy.0 = Debug|Any CPU
		{E94ACF6E-C4CF-4C59-AC95-95A993BB4166}.Release|Any CPU.ActiveCfg = Release|Any CPU
		{E94ACF6E-C4CF-4C59-AC95-95A993BB4166}.Release|Any CPU.Build.0 = Release|Any CPU
		{E94ACF6E-C4CF-4C59-AC95-95A993BB4166}.Release|Any CPU.Deploy.0 = Release|Any CPU
		{E94ACF6E-C4CF-4C59-AC95-95A993BB4166}.Release|ARM.ActiveCfg = Release|Any CPU
		{E94ACF6E-C4CF-4C59-AC95-95A993BB4166}.Release|ARM.Build.0 = Release|Any CPU
		{E94ACF6E-C4CF-4C59-AC95-95A993BB4166}.Release|ARM.Deploy.0 = Release|Any CPU
		{E94ACF6E-C4CF-4C59-AC95-95A993BB4166}.Release|iPhone.ActiveCfg = Release|Any CPU
		{E94ACF6E-C4CF-4C59-AC95-95A993BB4166}.Release|iPhone.Build.0 = Release|Any CPU
		{E94ACF6E-C4CF-4C59-AC95-95A993BB4166}.Release|iPhone.Deploy.0 = Release|Any CPU
		{E94ACF6E-C4CF-4C59-AC95-95A993BB4166}.Release|iPhoneSimulator.ActiveCfg = Release|Any CPU
		{E94ACF6E-C4CF-4C59-AC95-95A993BB4166}.Release|iPhoneSimulator.Build.0 = Release|Any CPU
		{E94ACF6E-C4CF-4C59-AC95-95A993BB4166}.Release|iPhoneSimulator.Deploy.0 = Release|Any CPU
		{E94ACF6E-C4CF-4C59-AC95-95A993BB4166}.Release|x64.ActiveCfg = Release|Any CPU
		{E94ACF6E-C4CF-4C59-AC95-95A993BB4166}.Release|x64.Build.0 = Release|Any CPU
		{E94ACF6E-C4CF-4C59-AC95-95A993BB4166}.Release|x64.Deploy.0 = Release|Any CPU
		{E94ACF6E-C4CF-4C59-AC95-95A993BB4166}.Release|x86.ActiveCfg = Release|Any CPU
		{E94ACF6E-C4CF-4C59-AC95-95A993BB4166}.Release|x86.Build.0 = Release|Any CPU
		{E94ACF6E-C4CF-4C59-AC95-95A993BB4166}.Release|x86.Deploy.0 = Release|Any CPU
	EndGlobalSection
	GlobalSection(SolutionProperties) = preSolution
		HideSolutionNode = FALSE
	EndGlobalSection
	GlobalSection(ExtensibilityGlobals) = postSolution
		SolutionGuid = {0A112B2A-28A6-4BAE-8828-2F750BDCB740}
	EndGlobalSection
	GlobalSection(SharedMSBuildProjectFiles) = preSolution
		PortalBrowser.Shared\PortalBrowser.Shared.projitems*{8019f03d-c34f-4973-bd30-908ab9c17153}*SharedItemsImports = 13
		PortalBrowser.Shared\PortalBrowser.Shared.projitems*{99373650-6b2b-4b49-bc63-abd88456bcea}*SharedItemsImports = 4
		PortalBrowser.Shared\PortalBrowser.Shared.projitems*{e94acf6e-c4cf-4c59-ac95-95a993bb4166}*SharedItemsImports = 5
		PortalBrowser.Shared\PortalBrowser.Shared.projitems*{ff9b7751-cee8-43f0-b6e5-7fad1f0c3d2b}*SharedItemsImports = 4
	EndGlobalSection
EndGlobal
