
Microsoft Visual Studio Solution File, Format Version 12.00
# Visual Studio Version 17
VisualStudioVersion = 17.3.32804.467
MinimumVisualStudioVersion = 10.0.40219.1
Project("{9A19103F-16F7-4668-BE54-9A1E7A4F7556}") = "PortalBrowser.MAUI", "PortalBrowser.MAUI\PortalBrowser.MAUI.csproj", "{23E0A936-0227-4586-BCAF-3CA80C2C4284}"
EndProject
Project("{9A19103F-16F7-4668-BE54-9A1E7A4F7556}") = "PortalBrowser.SharedLib", "PortalBrowser.SharedLib\PortalBrowser.SharedLib.csproj", "{47CD9BA2-A9DB-46E5-BBCD-014BCE814AF7}"
EndProject
Project("{9A19103F-16F7-4668-BE54-9A1E7A4F7556}") = "PortalBrowser.WPF", "PortalBrowser.WPF\PortalBrowser.WPF.csproj", "{81E9BF89-4245-4858-9AFC-3A1F1C9E88C7}"
EndProject
Project("{C7167F0D-BC9F-4E6E-AFE1-012C56B48DB5}") = "PortalBrowser.WinUI (Package)", "PortalBrowser.WinUI\PortalBrowser.WinUI (Package)\PortalBrowser.WinUI (Package).wapproj", "{6EC2B932-E971-4195-95E3-3DD0F55C9FD2}"
EndProject
Project("{FAE04EC0-301F-11D3-BF4B-00C04F79EFBC}") = "PortalBrowser.WinUI", "PortalBrowser.WinUI\PortalBrowser.WinUI\PortalBrowser.WinUI.csproj", "{23A5F509-62D0-4774-86B4-B8BC860F018F}"
EndProject
Global
	GlobalSection(SolutionConfigurationPlatforms) = preSolution
		Ad-Hoc|Any CPU = Ad-Hoc|Any CPU
		Ad-Hoc|ARM = Ad-Hoc|ARM
		Ad-Hoc|ARM64 = Ad-Hoc|ARM64
		Ad-Hoc|iPhone = Ad-Hoc|iPhone
		Ad-Hoc|iPhoneSimulator = Ad-Hoc|iPhoneSimulator
		Ad-Hoc|x64 = Ad-Hoc|x64
		Ad-Hoc|x86 = Ad-Hoc|x86
		AppStore|Any CPU = AppStore|Any CPU
		AppStore|ARM = AppStore|ARM
		AppStore|ARM64 = AppStore|ARM64
		AppStore|iPhone = AppStore|iPhone
		AppStore|iPhoneSimulator = AppStore|iPhoneSimulator
		AppStore|x64 = AppStore|x64
		AppStore|x86 = AppStore|x86
		Debug|Any CPU = Debug|Any CPU
		Debug|ARM = Debug|ARM
		Debug|ARM64 = Debug|ARM64
		Debug|iPhone = Debug|iPhone
		Debug|iPhoneSimulator = Debug|iPhoneSimulator
		Debug|x64 = Debug|x64
		Debug|x86 = Debug|x86
		Release|Any CPU = Release|Any CPU
		Release|ARM = Release|ARM
		Release|ARM64 = Release|ARM64
		Release|iPhone = Release|iPhone
		Release|iPhoneSimulator = Release|iPhoneSimulator
		Release|x64 = Release|x64
		Release|x86 = Release|x86
	EndGlobalSection
	GlobalSection(ProjectConfigurationPlatforms) = postSolution
		{23E0A936-0227-4586-BCAF-3CA80C2C4284}.Ad-Hoc|Any CPU.ActiveCfg = Debug|Any CPU
		{23E0A936-0227-4586-BCAF-3CA80C2C4284}.Ad-Hoc|Any CPU.Build.0 = Debug|Any CPU
		{23E0A936-0227-4586-BCAF-3CA80C2C4284}.Ad-Hoc|Any CPU.Deploy.0 = Debug|Any CPU
		{23E0A936-0227-4586-BCAF-3CA80C2C4284}.Ad-Hoc|ARM.ActiveCfg = Debug|Any CPU
		{23E0A936-0227-4586-BCAF-3CA80C2C4284}.Ad-Hoc|ARM.Build.0 = Debug|Any CPU
		{23E0A936-0227-4586-BCAF-3CA80C2C4284}.Ad-Hoc|ARM.Deploy.0 = Debug|Any CPU
		{23E0A936-0227-4586-BCAF-3CA80C2C4284}.Ad-Hoc|ARM64.ActiveCfg = Debug|Any CPU
		{23E0A936-0227-4586-BCAF-3CA80C2C4284}.Ad-Hoc|ARM64.Build.0 = Debug|Any CPU
		{23E0A936-0227-4586-BCAF-3CA80C2C4284}.Ad-Hoc|ARM64.Deploy.0 = Debug|Any CPU
		{23E0A936-0227-4586-BCAF-3CA80C2C4284}.Ad-Hoc|iPhone.ActiveCfg = Debug|Any CPU
		{23E0A936-0227-4586-BCAF-3CA80C2C4284}.Ad-Hoc|iPhone.Build.0 = Debug|Any CPU
		{23E0A936-0227-4586-BCAF-3CA80C2C4284}.Ad-Hoc|iPhone.Deploy.0 = Debug|Any CPU
		{23E0A936-0227-4586-BCAF-3CA80C2C4284}.Ad-Hoc|iPhoneSimulator.ActiveCfg = Debug|Any CPU
		{23E0A936-0227-4586-BCAF-3CA80C2C4284}.Ad-Hoc|iPhoneSimulator.Build.0 = Debug|Any CPU
		{23E0A936-0227-4586-BCAF-3CA80C2C4284}.Ad-Hoc|iPhoneSimulator.Deploy.0 = Debug|Any CPU
		{23E0A936-0227-4586-BCAF-3CA80C2C4284}.Ad-Hoc|x64.ActiveCfg = Debug|Any CPU
		{23E0A936-0227-4586-BCAF-3CA80C2C4284}.Ad-Hoc|x64.Build.0 = Debug|Any CPU
		{23E0A936-0227-4586-BCAF-3CA80C2C4284}.Ad-Hoc|x64.Deploy.0 = Debug|Any CPU
		{23E0A936-0227-4586-BCAF-3CA80C2C4284}.Ad-Hoc|x86.ActiveCfg = Debug|Any CPU
		{23E0A936-0227-4586-BCAF-3CA80C2C4284}.Ad-Hoc|x86.Build.0 = Debug|Any CPU
		{23E0A936-0227-4586-BCAF-3CA80C2C4284}.Ad-Hoc|x86.Deploy.0 = Debug|Any CPU
		{23E0A936-0227-4586-BCAF-3CA80C2C4284}.AppStore|Any CPU.ActiveCfg = Debug|Any CPU
		{23E0A936-0227-4586-BCAF-3CA80C2C4284}.AppStore|Any CPU.Build.0 = Debug|Any CPU
		{23E0A936-0227-4586-BCAF-3CA80C2C4284}.AppStore|Any CPU.Deploy.0 = Debug|Any CPU
		{23E0A936-0227-4586-BCAF-3CA80C2C4284}.AppStore|ARM.ActiveCfg = Debug|Any CPU
		{23E0A936-0227-4586-BCAF-3CA80C2C4284}.AppStore|ARM.Build.0 = Debug|Any CPU
		{23E0A936-0227-4586-BCAF-3CA80C2C4284}.AppStore|ARM.Deploy.0 = Debug|Any CPU
		{23E0A936-0227-4586-BCAF-3CA80C2C4284}.AppStore|ARM64.ActiveCfg = Debug|Any CPU
		{23E0A936-0227-4586-BCAF-3CA80C2C4284}.AppStore|ARM64.Build.0 = Debug|Any CPU
		{23E0A936-0227-4586-BCAF-3CA80C2C4284}.AppStore|ARM64.Deploy.0 = Debug|Any CPU
		{23E0A936-0227-4586-BCAF-3CA80C2C4284}.AppStore|iPhone.ActiveCfg = Debug|Any CPU
		{23E0A936-0227-4586-BCAF-3CA80C2C4284}.AppStore|iPhone.Build.0 = Debug|Any CPU
		{23E0A936-0227-4586-BCAF-3CA80C2C4284}.AppStore|iPhone.Deploy.0 = Debug|Any CPU
		{23E0A936-0227-4586-BCAF-3CA80C2C4284}.AppStore|iPhoneSimulator.ActiveCfg = Debug|Any CPU
		{23E0A936-0227-4586-BCAF-3CA80C2C4284}.AppStore|iPhoneSimulator.Build.0 = Debug|Any CPU
		{23E0A936-0227-4586-BCAF-3CA80C2C4284}.AppStore|iPhoneSimulator.Deploy.0 = Debug|Any CPU
		{23E0A936-0227-4586-BCAF-3CA80C2C4284}.AppStore|x64.ActiveCfg = Debug|Any CPU
		{23E0A936-0227-4586-BCAF-3CA80C2C4284}.AppStore|x64.Build.0 = Debug|Any CPU
		{23E0A936-0227-4586-BCAF-3CA80C2C4284}.AppStore|x64.Deploy.0 = Debug|Any CPU
		{23E0A936-0227-4586-BCAF-3CA80C2C4284}.AppStore|x86.ActiveCfg = Debug|Any CPU
		{23E0A936-0227-4586-BCAF-3CA80C2C4284}.AppStore|x86.Build.0 = Debug|Any CPU
		{23E0A936-0227-4586-BCAF-3CA80C2C4284}.AppStore|x86.Deploy.0 = Debug|Any CPU
		{23E0A936-0227-4586-BCAF-3CA80C2C4284}.Debug|Any CPU.ActiveCfg = Debug|Any CPU
		{23E0A936-0227-4586-BCAF-3CA80C2C4284}.Debug|Any CPU.Build.0 = Debug|Any CPU
		{23E0A936-0227-4586-BCAF-3CA80C2C4284}.Debug|Any CPU.Deploy.0 = Debug|Any CPU
		{23E0A936-0227-4586-BCAF-3CA80C2C4284}.Debug|ARM.ActiveCfg = Debug|Any CPU
		{23E0A936-0227-4586-BCAF-3CA80C2C4284}.Debug|ARM.Build.0 = Debug|Any CPU
		{23E0A936-0227-4586-BCAF-3CA80C2C4284}.Debug|ARM.Deploy.0 = Debug|Any CPU
		{23E0A936-0227-4586-BCAF-3CA80C2C4284}.Debug|ARM64.ActiveCfg = Debug|Any CPU
		{23E0A936-0227-4586-BCAF-3CA80C2C4284}.Debug|ARM64.Build.0 = Debug|Any CPU
		{23E0A936-0227-4586-BCAF-3CA80C2C4284}.Debug|ARM64.Deploy.0 = Debug|Any CPU
		{23E0A936-0227-4586-BCAF-3CA80C2C4284}.Debug|iPhone.ActiveCfg = Debug|Any CPU
		{23E0A936-0227-4586-BCAF-3CA80C2C4284}.Debug|iPhone.Build.0 = Debug|Any CPU
		{23E0A936-0227-4586-BCAF-3CA80C2C4284}.Debug|iPhone.Deploy.0 = Debug|Any CPU
		{23E0A936-0227-4586-BCAF-3CA80C2C4284}.Debug|iPhoneSimulator.ActiveCfg = Debug|Any CPU
		{23E0A936-0227-4586-BCAF-3CA80C2C4284}.Debug|iPhoneSimulator.Build.0 = Debug|Any CPU
		{23E0A936-0227-4586-BCAF-3CA80C2C4284}.Debug|iPhoneSimulator.Deploy.0 = Debug|Any CPU
		{23E0A936-0227-4586-BCAF-3CA80C2C4284}.Debug|x64.ActiveCfg = Debug|Any CPU
		{23E0A936-0227-4586-BCAF-3CA80C2C4284}.Debug|x64.Build.0 = Debug|Any CPU
		{23E0A936-0227-4586-BCAF-3CA80C2C4284}.Debug|x64.Deploy.0 = Debug|Any CPU
		{23E0A936-0227-4586-BCAF-3CA80C2C4284}.Debug|x86.ActiveCfg = Debug|Any CPU
		{23E0A936-0227-4586-BCAF-3CA80C2C4284}.Debug|x86.Build.0 = Debug|Any CPU
		{23E0A936-0227-4586-BCAF-3CA80C2C4284}.Debug|x86.Deploy.0 = Debug|Any CPU
		{23E0A936-0227-4586-BCAF-3CA80C2C4284}.Release|Any CPU.ActiveCfg = Release|Any CPU
		{23E0A936-0227-4586-BCAF-3CA80C2C4284}.Release|Any CPU.Build.0 = Release|Any CPU
		{23E0A936-0227-4586-BCAF-3CA80C2C4284}.Release|Any CPU.Deploy.0 = Release|Any CPU
		{23E0A936-0227-4586-BCAF-3CA80C2C4284}.Release|ARM.ActiveCfg = Release|Any CPU
		{23E0A936-0227-4586-BCAF-3CA80C2C4284}.Release|ARM.Build.0 = Release|Any CPU
		{23E0A936-0227-4586-BCAF-3CA80C2C4284}.Release|ARM.Deploy.0 = Release|Any CPU
		{23E0A936-0227-4586-BCAF-3CA80C2C4284}.Release|ARM64.ActiveCfg = Release|Any CPU
		{23E0A936-0227-4586-BCAF-3CA80C2C4284}.Release|ARM64.Build.0 = Release|Any CPU
		{23E0A936-0227-4586-BCAF-3CA80C2C4284}.Release|ARM64.Deploy.0 = Release|Any CPU
		{23E0A936-0227-4586-BCAF-3CA80C2C4284}.Release|iPhone.ActiveCfg = Release|Any CPU
		{23E0A936-0227-4586-BCAF-3CA80C2C4284}.Release|iPhone.Build.0 = Release|Any CPU
		{23E0A936-0227-4586-BCAF-3CA80C2C4284}.Release|iPhone.Deploy.0 = Release|Any CPU
		{23E0A936-0227-4586-BCAF-3CA80C2C4284}.Release|iPhoneSimulator.ActiveCfg = Release|Any CPU
		{23E0A936-0227-4586-BCAF-3CA80C2C4284}.Release|iPhoneSimulator.Build.0 = Release|Any CPU
		{23E0A936-0227-4586-BCAF-3CA80C2C4284}.Release|iPhoneSimulator.Deploy.0 = Release|Any CPU
		{23E0A936-0227-4586-BCAF-3CA80C2C4284}.Release|x64.ActiveCfg = Release|Any CPU
		{23E0A936-0227-4586-BCAF-3CA80C2C4284}.Release|x64.Build.0 = Release|Any CPU
		{23E0A936-0227-4586-BCAF-3CA80C2C4284}.Release|x64.Deploy.0 = Release|Any CPU
		{23E0A936-0227-4586-BCAF-3CA80C2C4284}.Release|x86.ActiveCfg = Release|Any CPU
		{23E0A936-0227-4586-BCAF-3CA80C2C4284}.Release|x86.Build.0 = Release|Any CPU
		{23E0A936-0227-4586-BCAF-3CA80C2C4284}.Release|x86.Deploy.0 = Release|Any CPU
		{47CD9BA2-A9DB-46E5-BBCD-014BCE814AF7}.Ad-Hoc|Any CPU.ActiveCfg = Debug|Any CPU
		{47CD9BA2-A9DB-46E5-BBCD-014BCE814AF7}.Ad-Hoc|Any CPU.Build.0 = Debug|Any CPU
		{47CD9BA2-A9DB-46E5-BBCD-014BCE814AF7}.Ad-Hoc|ARM.ActiveCfg = Debug|Any CPU
		{47CD9BA2-A9DB-46E5-BBCD-014BCE814AF7}.Ad-Hoc|ARM.Build.0 = Debug|Any CPU
		{47CD9BA2-A9DB-46E5-BBCD-014BCE814AF7}.Ad-Hoc|ARM64.ActiveCfg = Debug|Any CPU
		{47CD9BA2-A9DB-46E5-BBCD-014BCE814AF7}.Ad-Hoc|ARM64.Build.0 = Debug|Any CPU
		{47CD9BA2-A9DB-46E5-BBCD-014BCE814AF7}.Ad-Hoc|iPhone.ActiveCfg = Debug|Any CPU
		{47CD9BA2-A9DB-46E5-BBCD-014BCE814AF7}.Ad-Hoc|iPhone.Build.0 = Debug|Any CPU
		{47CD9BA2-A9DB-46E5-BBCD-014BCE814AF7}.Ad-Hoc|iPhoneSimulator.ActiveCfg = Debug|Any CPU
		{47CD9BA2-A9DB-46E5-BBCD-014BCE814AF7}.Ad-Hoc|iPhoneSimulator.Build.0 = Debug|Any CPU
		{47CD9BA2-A9DB-46E5-BBCD-014BCE814AF7}.Ad-Hoc|x64.ActiveCfg = Debug|Any CPU
		{47CD9BA2-A9DB-46E5-BBCD-014BCE814AF7}.Ad-Hoc|x64.Build.0 = Debug|Any CPU
		{47CD9BA2-A9DB-46E5-BBCD-014BCE814AF7}.Ad-Hoc|x86.ActiveCfg = Debug|Any CPU
		{47CD9BA2-A9DB-46E5-BBCD-014BCE814AF7}.Ad-Hoc|x86.Build.0 = Debug|Any CPU
		{47CD9BA2-A9DB-46E5-BBCD-014BCE814AF7}.AppStore|Any CPU.ActiveCfg = Debug|Any CPU
		{47CD9BA2-A9DB-46E5-BBCD-014BCE814AF7}.AppStore|Any CPU.Build.0 = Debug|Any CPU
		{47CD9BA2-A9DB-46E5-BBCD-014BCE814AF7}.AppStore|ARM.ActiveCfg = Debug|Any CPU
		{47CD9BA2-A9DB-46E5-BBCD-014BCE814AF7}.AppStore|ARM.Build.0 = Debug|Any CPU
		{47CD9BA2-A9DB-46E5-BBCD-014BCE814AF7}.AppStore|ARM64.ActiveCfg = Debug|Any CPU
		{47CD9BA2-A9DB-46E5-BBCD-014BCE814AF7}.AppStore|ARM64.Build.0 = Debug|Any CPU
		{47CD9BA2-A9DB-46E5-BBCD-014BCE814AF7}.AppStore|iPhone.ActiveCfg = Debug|Any CPU
		{47CD9BA2-A9DB-46E5-BBCD-014BCE814AF7}.AppStore|iPhone.Build.0 = Debug|Any CPU
		{47CD9BA2-A9DB-46E5-BBCD-014BCE814AF7}.AppStore|iPhoneSimulator.ActiveCfg = Debug|Any CPU
		{47CD9BA2-A9DB-46E5-BBCD-014BCE814AF7}.AppStore|iPhoneSimulator.Build.0 = Debug|Any CPU
		{47CD9BA2-A9DB-46E5-BBCD-014BCE814AF7}.AppStore|x64.ActiveCfg = Debug|Any CPU
		{47CD9BA2-A9DB-46E5-BBCD-014BCE814AF7}.AppStore|x64.Build.0 = Debug|Any CPU
		{47CD9BA2-A9DB-46E5-BBCD-014BCE814AF7}.AppStore|x86.ActiveCfg = Debug|Any CPU
		{47CD9BA2-A9DB-46E5-BBCD-014BCE814AF7}.AppStore|x86.Build.0 = Debug|Any CPU
		{47CD9BA2-A9DB-46E5-BBCD-014BCE814AF7}.Debug|Any CPU.ActiveCfg = Debug|Any CPU
		{47CD9BA2-A9DB-46E5-BBCD-014BCE814AF7}.Debug|Any CPU.Build.0 = Debug|Any CPU
		{47CD9BA2-A9DB-46E5-BBCD-014BCE814AF7}.Debug|ARM.ActiveCfg = Debug|Any CPU
		{47CD9BA2-A9DB-46E5-BBCD-014BCE814AF7}.Debug|ARM.Build.0 = Debug|Any CPU
		{47CD9BA2-A9DB-46E5-BBCD-014BCE814AF7}.Debug|ARM64.ActiveCfg = Debug|Any CPU
		{47CD9BA2-A9DB-46E5-BBCD-014BCE814AF7}.Debug|ARM64.Build.0 = Debug|Any CPU
		{47CD9BA2-A9DB-46E5-BBCD-014BCE814AF7}.Debug|iPhone.ActiveCfg = Debug|Any CPU
		{47CD9BA2-A9DB-46E5-BBCD-014BCE814AF7}.Debug|iPhone.Build.0 = Debug|Any CPU
		{47CD9BA2-A9DB-46E5-BBCD-014BCE814AF7}.Debug|iPhoneSimulator.ActiveCfg = Debug|Any CPU
		{47CD9BA2-A9DB-46E5-BBCD-014BCE814AF7}.Debug|iPhoneSimulator.Build.0 = Debug|Any CPU
		{47CD9BA2-A9DB-46E5-BBCD-014BCE814AF7}.Debug|x64.ActiveCfg = Debug|Any CPU
		{47CD9BA2-A9DB-46E5-BBCD-014BCE814AF7}.Debug|x64.Build.0 = Debug|Any CPU
		{47CD9BA2-A9DB-46E5-BBCD-014BCE814AF7}.Debug|x86.ActiveCfg = Debug|Any CPU
		{47CD9BA2-A9DB-46E5-BBCD-014BCE814AF7}.Debug|x86.Build.0 = Debug|Any CPU
		{47CD9BA2-A9DB-46E5-BBCD-014BCE814AF7}.Release|Any CPU.ActiveCfg = Release|Any CPU
		{47CD9BA2-A9DB-46E5-BBCD-014BCE814AF7}.Release|Any CPU.Build.0 = Release|Any CPU
		{47CD9BA2-A9DB-46E5-BBCD-014BCE814AF7}.Release|ARM.ActiveCfg = Release|Any CPU
		{47CD9BA2-A9DB-46E5-BBCD-014BCE814AF7}.Release|ARM.Build.0 = Release|Any CPU
		{47CD9BA2-A9DB-46E5-BBCD-014BCE814AF7}.Release|ARM64.ActiveCfg = Release|Any CPU
		{47CD9BA2-A9DB-46E5-BBCD-014BCE814AF7}.Release|ARM64.Build.0 = Release|Any CPU
		{47CD9BA2-A9DB-46E5-BBCD-014BCE814AF7}.Release|iPhone.ActiveCfg = Release|Any CPU
		{47CD9BA2-A9DB-46E5-BBCD-014BCE814AF7}.Release|iPhone.Build.0 = Release|Any CPU
		{47CD9BA2-A9DB-46E5-BBCD-014BCE814AF7}.Release|iPhoneSimulator.ActiveCfg = Release|Any CPU
		{47CD9BA2-A9DB-46E5-BBCD-014BCE814AF7}.Release|iPhoneSimulator.Build.0 = Release|Any CPU
		{47CD9BA2-A9DB-46E5-BBCD-014BCE814AF7}.Release|x64.ActiveCfg = Release|Any CPU
		{47CD9BA2-A9DB-46E5-BBCD-014BCE814AF7}.Release|x64.Build.0 = Release|Any CPU
		{47CD9BA2-A9DB-46E5-BBCD-014BCE814AF7}.Release|x86.ActiveCfg = Release|Any CPU
		{47CD9BA2-A9DB-46E5-BBCD-014BCE814AF7}.Release|x86.Build.0 = Release|Any CPU
		{81E9BF89-4245-4858-9AFC-3A1F1C9E88C7}.Ad-Hoc|Any CPU.ActiveCfg = Debug|Any CPU
		{81E9BF89-4245-4858-9AFC-3A1F1C9E88C7}.Ad-Hoc|Any CPU.Build.0 = Debug|Any CPU
		{81E9BF89-4245-4858-9AFC-3A1F1C9E88C7}.Ad-Hoc|ARM.ActiveCfg = Debug|Any CPU
		{81E9BF89-4245-4858-9AFC-3A1F1C9E88C7}.Ad-Hoc|ARM.Build.0 = Debug|Any CPU
		{81E9BF89-4245-4858-9AFC-3A1F1C9E88C7}.Ad-Hoc|ARM64.ActiveCfg = Debug|Any CPU
		{81E9BF89-4245-4858-9AFC-3A1F1C9E88C7}.Ad-Hoc|ARM64.Build.0 = Debug|Any CPU
		{81E9BF89-4245-4858-9AFC-3A1F1C9E88C7}.Ad-Hoc|iPhone.ActiveCfg = Debug|Any CPU
		{81E9BF89-4245-4858-9AFC-3A1F1C9E88C7}.Ad-Hoc|iPhone.Build.0 = Debug|Any CPU
		{81E9BF89-4245-4858-9AFC-3A1F1C9E88C7}.Ad-Hoc|iPhoneSimulator.ActiveCfg = Debug|Any CPU
		{81E9BF89-4245-4858-9AFC-3A1F1C9E88C7}.Ad-Hoc|iPhoneSimulator.Build.0 = Debug|Any CPU
		{81E9BF89-4245-4858-9AFC-3A1F1C9E88C7}.Ad-Hoc|x64.ActiveCfg = Debug|Any CPU
		{81E9BF89-4245-4858-9AFC-3A1F1C9E88C7}.Ad-Hoc|x64.Build.0 = Debug|Any CPU
		{81E9BF89-4245-4858-9AFC-3A1F1C9E88C7}.Ad-Hoc|x86.ActiveCfg = Debug|Any CPU
		{81E9BF89-4245-4858-9AFC-3A1F1C9E88C7}.Ad-Hoc|x86.Build.0 = Debug|Any CPU
		{81E9BF89-4245-4858-9AFC-3A1F1C9E88C7}.AppStore|Any CPU.ActiveCfg = Debug|Any CPU
		{81E9BF89-4245-4858-9AFC-3A1F1C9E88C7}.AppStore|Any CPU.Build.0 = Debug|Any CPU
		{81E9BF89-4245-4858-9AFC-3A1F1C9E88C7}.AppStore|ARM.ActiveCfg = Debug|Any CPU
		{81E9BF89-4245-4858-9AFC-3A1F1C9E88C7}.AppStore|ARM.Build.0 = Debug|Any CPU
		{81E9BF89-4245-4858-9AFC-3A1F1C9E88C7}.AppStore|ARM64.ActiveCfg = Debug|Any CPU
		{81E9BF89-4245-4858-9AFC-3A1F1C9E88C7}.AppStore|ARM64.Build.0 = Debug|Any CPU
		{81E9BF89-4245-4858-9AFC-3A1F1C9E88C7}.AppStore|iPhone.ActiveCfg = Debug|Any CPU
		{81E9BF89-4245-4858-9AFC-3A1F1C9E88C7}.AppStore|iPhone.Build.0 = Debug|Any CPU
		{81E9BF89-4245-4858-9AFC-3A1F1C9E88C7}.AppStore|iPhoneSimulator.ActiveCfg = Debug|Any CPU
		{81E9BF89-4245-4858-9AFC-3A1F1C9E88C7}.AppStore|iPhoneSimulator.Build.0 = Debug|Any CPU
		{81E9BF89-4245-4858-9AFC-3A1F1C9E88C7}.AppStore|x64.ActiveCfg = Debug|Any CPU
		{81E9BF89-4245-4858-9AFC-3A1F1C9E88C7}.AppStore|x64.Build.0 = Debug|Any CPU
		{81E9BF89-4245-4858-9AFC-3A1F1C9E88C7}.AppStore|x86.ActiveCfg = Debug|Any CPU
		{81E9BF89-4245-4858-9AFC-3A1F1C9E88C7}.AppStore|x86.Build.0 = Debug|Any CPU
		{81E9BF89-4245-4858-9AFC-3A1F1C9E88C7}.Debug|Any CPU.ActiveCfg = Debug|Any CPU
		{81E9BF89-4245-4858-9AFC-3A1F1C9E88C7}.Debug|Any CPU.Build.0 = Debug|Any CPU
		{81E9BF89-4245-4858-9AFC-3A1F1C9E88C7}.Debug|ARM.ActiveCfg = Debug|Any CPU
		{81E9BF89-4245-4858-9AFC-3A1F1C9E88C7}.Debug|ARM.Build.0 = Debug|Any CPU
		{81E9BF89-4245-4858-9AFC-3A1F1C9E88C7}.Debug|ARM64.ActiveCfg = Debug|Any CPU
		{81E9BF89-4245-4858-9AFC-3A1F1C9E88C7}.Debug|ARM64.Build.0 = Debug|Any CPU
		{81E9BF89-4245-4858-9AFC-3A1F1C9E88C7}.Debug|iPhone.ActiveCfg = Debug|Any CPU
		{81E9BF89-4245-4858-9AFC-3A1F1C9E88C7}.Debug|iPhone.Build.0 = Debug|Any CPU
		{81E9BF89-4245-4858-9AFC-3A1F1C9E88C7}.Debug|iPhoneSimulator.ActiveCfg = Debug|Any CPU
		{81E9BF89-4245-4858-9AFC-3A1F1C9E88C7}.Debug|iPhoneSimulator.Build.0 = Debug|Any CPU
		{81E9BF89-4245-4858-9AFC-3A1F1C9E88C7}.Debug|x64.ActiveCfg = Debug|Any CPU
		{81E9BF89-4245-4858-9AFC-3A1F1C9E88C7}.Debug|x64.Build.0 = Debug|Any CPU
		{81E9BF89-4245-4858-9AFC-3A1F1C9E88C7}.Debug|x86.ActiveCfg = Debug|Any CPU
		{81E9BF89-4245-4858-9AFC-3A1F1C9E88C7}.Debug|x86.Build.0 = Debug|Any CPU
		{81E9BF89-4245-4858-9AFC-3A1F1C9E88C7}.Release|Any CPU.ActiveCfg = Release|Any CPU
		{81E9BF89-4245-4858-9AFC-3A1F1C9E88C7}.Release|Any CPU.Build.0 = Release|Any CPU
		{81E9BF89-4245-4858-9AFC-3A1F1C9E88C7}.Release|ARM.ActiveCfg = Release|Any CPU
		{81E9BF89-4245-4858-9AFC-3A1F1C9E88C7}.Release|ARM.Build.0 = Release|Any CPU
		{81E9BF89-4245-4858-9AFC-3A1F1C9E88C7}.Release|ARM64.ActiveCfg = Release|Any CPU
		{81E9BF89-4245-4858-9AFC-3A1F1C9E88C7}.Release|ARM64.Build.0 = Release|Any CPU
		{81E9BF89-4245-4858-9AFC-3A1F1C9E88C7}.Release|iPhone.ActiveCfg = Release|Any CPU
		{81E9BF89-4245-4858-9AFC-3A1F1C9E88C7}.Release|iPhone.Build.0 = Release|Any CPU
		{81E9BF89-4245-4858-9AFC-3A1F1C9E88C7}.Release|iPhoneSimulator.ActiveCfg = Release|Any CPU
		{81E9BF89-4245-4858-9AFC-3A1F1C9E88C7}.Release|iPhoneSimulator.Build.0 = Release|Any CPU
		{81E9BF89-4245-4858-9AFC-3A1F1C9E88C7}.Release|x64.ActiveCfg = Release|Any CPU
		{81E9BF89-4245-4858-9AFC-3A1F1C9E88C7}.Release|x64.Build.0 = Release|Any CPU
		{81E9BF89-4245-4858-9AFC-3A1F1C9E88C7}.Release|x86.ActiveCfg = Release|Any CPU
		{81E9BF89-4245-4858-9AFC-3A1F1C9E88C7}.Release|x86.Build.0 = Release|Any CPU
		{6EC2B932-E971-4195-95E3-3DD0F55C9FD2}.Ad-Hoc|Any CPU.ActiveCfg = Debug|x64
		{6EC2B932-E971-4195-95E3-3DD0F55C9FD2}.Ad-Hoc|Any CPU.Build.0 = Debug|x64
		{6EC2B932-E971-4195-95E3-3DD0F55C9FD2}.Ad-Hoc|Any CPU.Deploy.0 = Debug|x64
		{6EC2B932-E971-4195-95E3-3DD0F55C9FD2}.Ad-Hoc|ARM.ActiveCfg = Debug|x64
		{6EC2B932-E971-4195-95E3-3DD0F55C9FD2}.Ad-Hoc|ARM.Build.0 = Debug|x64
		{6EC2B932-E971-4195-95E3-3DD0F55C9FD2}.Ad-Hoc|ARM.Deploy.0 = Debug|x64
		{6EC2B932-E971-4195-95E3-3DD0F55C9FD2}.Ad-Hoc|ARM64.ActiveCfg = Debug|arm64
		{6EC2B932-E971-4195-95E3-3DD0F55C9FD2}.Ad-Hoc|ARM64.Build.0 = Debug|arm64
		{6EC2B932-E971-4195-95E3-3DD0F55C9FD2}.Ad-Hoc|ARM64.Deploy.0 = Debug|arm64
		{6EC2B932-E971-4195-95E3-3DD0F55C9FD2}.Ad-Hoc|iPhone.ActiveCfg = Debug|x64
		{6EC2B932-E971-4195-95E3-3DD0F55C9FD2}.Ad-Hoc|iPhone.Build.0 = Debug|x64
		{6EC2B932-E971-4195-95E3-3DD0F55C9FD2}.Ad-Hoc|iPhone.Deploy.0 = Debug|x64
		{6EC2B932-E971-4195-95E3-3DD0F55C9FD2}.Ad-Hoc|iPhoneSimulator.ActiveCfg = Debug|x64
		{6EC2B932-E971-4195-95E3-3DD0F55C9FD2}.Ad-Hoc|iPhoneSimulator.Build.0 = Debug|x64
		{6EC2B932-E971-4195-95E3-3DD0F55C9FD2}.Ad-Hoc|iPhoneSimulator.Deploy.0 = Debug|x64
		{6EC2B932-E971-4195-95E3-3DD0F55C9FD2}.Ad-Hoc|x64.ActiveCfg = Debug|x64
		{6EC2B932-E971-4195-95E3-3DD0F55C9FD2}.Ad-Hoc|x64.Build.0 = Debug|x64
		{6EC2B932-E971-4195-95E3-3DD0F55C9FD2}.Ad-Hoc|x64.Deploy.0 = Debug|x64
		{6EC2B932-E971-4195-95E3-3DD0F55C9FD2}.Ad-Hoc|x86.ActiveCfg = Debug|x86
		{6EC2B932-E971-4195-95E3-3DD0F55C9FD2}.Ad-Hoc|x86.Build.0 = Debug|x86
		{6EC2B932-E971-4195-95E3-3DD0F55C9FD2}.Ad-Hoc|x86.Deploy.0 = Debug|x86
		{6EC2B932-E971-4195-95E3-3DD0F55C9FD2}.AppStore|Any CPU.ActiveCfg = Debug|x64
		{6EC2B932-E971-4195-95E3-3DD0F55C9FD2}.AppStore|Any CPU.Build.0 = Debug|x64
		{6EC2B932-E971-4195-95E3-3DD0F55C9FD2}.AppStore|Any CPU.Deploy.0 = Debug|x64
		{6EC2B932-E971-4195-95E3-3DD0F55C9FD2}.AppStore|ARM.ActiveCfg = Debug|x64
		{6EC2B932-E971-4195-95E3-3DD0F55C9FD2}.AppStore|ARM.Build.0 = Debug|x64
		{6EC2B932-E971-4195-95E3-3DD0F55C9FD2}.AppStore|ARM.Deploy.0 = Debug|x64
		{6EC2B932-E971-4195-95E3-3DD0F55C9FD2}.AppStore|ARM64.ActiveCfg = Debug|arm64
		{6EC2B932-E971-4195-95E3-3DD0F55C9FD2}.AppStore|ARM64.Build.0 = Debug|arm64
		{6EC2B932-E971-4195-95E3-3DD0F55C9FD2}.AppStore|ARM64.Deploy.0 = Debug|arm64
		{6EC2B932-E971-4195-95E3-3DD0F55C9FD2}.AppStore|iPhone.ActiveCfg = Debug|x64
		{6EC2B932-E971-4195-95E3-3DD0F55C9FD2}.AppStore|iPhone.Build.0 = Debug|x64
		{6EC2B932-E971-4195-95E3-3DD0F55C9FD2}.AppStore|iPhone.Deploy.0 = Debug|x64
		{6EC2B932-E971-4195-95E3-3DD0F55C9FD2}.AppStore|iPhoneSimulator.ActiveCfg = Debug|x64
		{6EC2B932-E971-4195-95E3-3DD0F55C9FD2}.AppStore|iPhoneSimulator.Build.0 = Debug|x64
		{6EC2B932-E971-4195-95E3-3DD0F55C9FD2}.AppStore|iPhoneSimulator.Deploy.0 = Debug|x64
		{6EC2B932-E971-4195-95E3-3DD0F55C9FD2}.AppStore|x64.ActiveCfg = Debug|x64
		{6EC2B932-E971-4195-95E3-3DD0F55C9FD2}.AppStore|x64.Build.0 = Debug|x64
		{6EC2B932-E971-4195-95E3-3DD0F55C9FD2}.AppStore|x64.Deploy.0 = Debug|x64
		{6EC2B932-E971-4195-95E3-3DD0F55C9FD2}.AppStore|x86.ActiveCfg = Debug|x86
		{6EC2B932-E971-4195-95E3-3DD0F55C9FD2}.AppStore|x86.Build.0 = Debug|x86
		{6EC2B932-E971-4195-95E3-3DD0F55C9FD2}.AppStore|x86.Deploy.0 = Debug|x86
		{6EC2B932-E971-4195-95E3-3DD0F55C9FD2}.Debug|Any CPU.ActiveCfg = Debug|x64
		{6EC2B932-E971-4195-95E3-3DD0F55C9FD2}.Debug|Any CPU.Build.0 = Debug|x64
		{6EC2B932-E971-4195-95E3-3DD0F55C9FD2}.Debug|Any CPU.Deploy.0 = Debug|x64
		{6EC2B932-E971-4195-95E3-3DD0F55C9FD2}.Debug|ARM.ActiveCfg = Debug|x64
		{6EC2B932-E971-4195-95E3-3DD0F55C9FD2}.Debug|ARM.Build.0 = Debug|x64
		{6EC2B932-E971-4195-95E3-3DD0F55C9FD2}.Debug|ARM.Deploy.0 = Debug|x64
		{6EC2B932-E971-4195-95E3-3DD0F55C9FD2}.Debug|ARM64.ActiveCfg = Debug|arm64
		{6EC2B932-E971-4195-95E3-3DD0F55C9FD2}.Debug|ARM64.Build.0 = Debug|arm64
		{6EC2B932-E971-4195-95E3-3DD0F55C9FD2}.Debug|ARM64.Deploy.0 = Debug|arm64
		{6EC2B932-E971-4195-95E3-3DD0F55C9FD2}.Debug|iPhone.ActiveCfg = Debug|x64
		{6EC2B932-E971-4195-95E3-3DD0F55C9FD2}.Debug|iPhone.Build.0 = Debug|x64
		{6EC2B932-E971-4195-95E3-3DD0F55C9FD2}.Debug|iPhone.Deploy.0 = Debug|x64
		{6EC2B932-E971-4195-95E3-3DD0F55C9FD2}.Debug|iPhoneSimulator.ActiveCfg = Debug|x64
		{6EC2B932-E971-4195-95E3-3DD0F55C9FD2}.Debug|iPhoneSimulator.Build.0 = Debug|x64
		{6EC2B932-E971-4195-95E3-3DD0F55C9FD2}.Debug|iPhoneSimulator.Deploy.0 = Debug|x64
		{6EC2B932-E971-4195-95E3-3DD0F55C9FD2}.Debug|x64.ActiveCfg = Debug|x64
		{6EC2B932-E971-4195-95E3-3DD0F55C9FD2}.Debug|x64.Build.0 = Debug|x64
		{6EC2B932-E971-4195-95E3-3DD0F55C9FD2}.Debug|x64.Deploy.0 = Debug|x64
		{6EC2B932-E971-4195-95E3-3DD0F55C9FD2}.Debug|x86.ActiveCfg = Debug|x86
		{6EC2B932-E971-4195-95E3-3DD0F55C9FD2}.Debug|x86.Build.0 = Debug|x86
		{6EC2B932-E971-4195-95E3-3DD0F55C9FD2}.Debug|x86.Deploy.0 = Debug|x86
		{6EC2B932-E971-4195-95E3-3DD0F55C9FD2}.Release|Any CPU.ActiveCfg = Release|x64
		{6EC2B932-E971-4195-95E3-3DD0F55C9FD2}.Release|Any CPU.Build.0 = Release|x64
		{6EC2B932-E971-4195-95E3-3DD0F55C9FD2}.Release|Any CPU.Deploy.0 = Release|x64
		{6EC2B932-E971-4195-95E3-3DD0F55C9FD2}.Release|ARM.ActiveCfg = Release|x64
		{6EC2B932-E971-4195-95E3-3DD0F55C9FD2}.Release|ARM.Build.0 = Release|x64
		{6EC2B932-E971-4195-95E3-3DD0F55C9FD2}.Release|ARM.Deploy.0 = Release|x64
		{6EC2B932-E971-4195-95E3-3DD0F55C9FD2}.Release|ARM64.ActiveCfg = Release|arm64
		{6EC2B932-E971-4195-95E3-3DD0F55C9FD2}.Release|ARM64.Build.0 = Release|arm64
		{6EC2B932-E971-4195-95E3-3DD0F55C9FD2}.Release|ARM64.Deploy.0 = Release|arm64
		{6EC2B932-E971-4195-95E3-3DD0F55C9FD2}.Release|iPhone.ActiveCfg = Release|x64
		{6EC2B932-E971-4195-95E3-3DD0F55C9FD2}.Release|iPhone.Build.0 = Release|x64
		{6EC2B932-E971-4195-95E3-3DD0F55C9FD2}.Release|iPhone.Deploy.0 = Release|x64
		{6EC2B932-E971-4195-95E3-3DD0F55C9FD2}.Release|iPhoneSimulator.ActiveCfg = Release|x64
		{6EC2B932-E971-4195-95E3-3DD0F55C9FD2}.Release|iPhoneSimulator.Build.0 = Release|x64
		{6EC2B932-E971-4195-95E3-3DD0F55C9FD2}.Release|iPhoneSimulator.Deploy.0 = Release|x64
		{6EC2B932-E971-4195-95E3-3DD0F55C9FD2}.Release|x64.ActiveCfg = Release|x64
		{6EC2B932-E971-4195-95E3-3DD0F55C9FD2}.Release|x64.Build.0 = Release|x64
		{6EC2B932-E971-4195-95E3-3DD0F55C9FD2}.Release|x64.Deploy.0 = Release|x64
		{6EC2B932-E971-4195-95E3-3DD0F55C9FD2}.Release|x86.ActiveCfg = Release|x86
		{6EC2B932-E971-4195-95E3-3DD0F55C9FD2}.Release|x86.Build.0 = Release|x86
		{6EC2B932-E971-4195-95E3-3DD0F55C9FD2}.Release|x86.Deploy.0 = Release|x86
		{23A5F509-62D0-4774-86B4-B8BC860F018F}.Ad-Hoc|Any CPU.ActiveCfg = Debug|x64
		{23A5F509-62D0-4774-86B4-B8BC860F018F}.Ad-Hoc|Any CPU.Build.0 = Debug|x64
		{23A5F509-62D0-4774-86B4-B8BC860F018F}.Ad-Hoc|ARM.ActiveCfg = Debug|x64
		{23A5F509-62D0-4774-86B4-B8BC860F018F}.Ad-Hoc|ARM.Build.0 = Debug|x64
		{23A5F509-62D0-4774-86B4-B8BC860F018F}.Ad-Hoc|ARM64.ActiveCfg = Debug|arm64
		{23A5F509-62D0-4774-86B4-B8BC860F018F}.Ad-Hoc|ARM64.Build.0 = Debug|arm64
		{23A5F509-62D0-4774-86B4-B8BC860F018F}.Ad-Hoc|iPhone.ActiveCfg = Debug|x64
		{23A5F509-62D0-4774-86B4-B8BC860F018F}.Ad-Hoc|iPhone.Build.0 = Debug|x64
		{23A5F509-62D0-4774-86B4-B8BC860F018F}.Ad-Hoc|iPhoneSimulator.ActiveCfg = Debug|x64
		{23A5F509-62D0-4774-86B4-B8BC860F018F}.Ad-Hoc|iPhoneSimulator.Build.0 = Debug|x64
		{23A5F509-62D0-4774-86B4-B8BC860F018F}.Ad-Hoc|x64.ActiveCfg = Debug|x64
		{23A5F509-62D0-4774-86B4-B8BC860F018F}.Ad-Hoc|x64.Build.0 = Debug|x64
		{23A5F509-62D0-4774-86B4-B8BC860F018F}.Ad-Hoc|x86.ActiveCfg = Debug|x86
		{23A5F509-62D0-4774-86B4-B8BC860F018F}.Ad-Hoc|x86.Build.0 = Debug|x86
		{23A5F509-62D0-4774-86B4-B8BC860F018F}.AppStore|Any CPU.ActiveCfg = Debug|x64
		{23A5F509-62D0-4774-86B4-B8BC860F018F}.AppStore|Any CPU.Build.0 = Debug|x64
		{23A5F509-62D0-4774-86B4-B8BC860F018F}.AppStore|ARM.ActiveCfg = Debug|x64
		{23A5F509-62D0-4774-86B4-B8BC860F018F}.AppStore|ARM.Build.0 = Debug|x64
		{23A5F509-62D0-4774-86B4-B8BC860F018F}.AppStore|ARM64.ActiveCfg = Debug|arm64
		{23A5F509-62D0-4774-86B4-B8BC860F018F}.AppStore|ARM64.Build.0 = Debug|arm64
		{23A5F509-62D0-4774-86B4-B8BC860F018F}.AppStore|iPhone.ActiveCfg = Debug|x64
		{23A5F509-62D0-4774-86B4-B8BC860F018F}.AppStore|iPhone.Build.0 = Debug|x64
		{23A5F509-62D0-4774-86B4-B8BC860F018F}.AppStore|iPhoneSimulator.ActiveCfg = Debug|x64
		{23A5F509-62D0-4774-86B4-B8BC860F018F}.AppStore|iPhoneSimulator.Build.0 = Debug|x64
		{23A5F509-62D0-4774-86B4-B8BC860F018F}.AppStore|x64.ActiveCfg = Debug|x64
		{23A5F509-62D0-4774-86B4-B8BC860F018F}.AppStore|x64.Build.0 = Debug|x64
		{23A5F509-62D0-4774-86B4-B8BC860F018F}.AppStore|x86.ActiveCfg = Debug|x86
		{23A5F509-62D0-4774-86B4-B8BC860F018F}.AppStore|x86.Build.0 = Debug|x86
		{23A5F509-62D0-4774-86B4-B8BC860F018F}.Debug|Any CPU.ActiveCfg = Debug|x64
		{23A5F509-62D0-4774-86B4-B8BC860F018F}.Debug|Any CPU.Build.0 = Debug|x64
		{23A5F509-62D0-4774-86B4-B8BC860F018F}.Debug|ARM.ActiveCfg = Debug|x64
		{23A5F509-62D0-4774-86B4-B8BC860F018F}.Debug|ARM.Build.0 = Debug|x64
		{23A5F509-62D0-4774-86B4-B8BC860F018F}.Debug|ARM64.ActiveCfg = Debug|arm64
		{23A5F509-62D0-4774-86B4-B8BC860F018F}.Debug|ARM64.Build.0 = Debug|arm64
		{23A5F509-62D0-4774-86B4-B8BC860F018F}.Debug|iPhone.ActiveCfg = Debug|x64
		{23A5F509-62D0-4774-86B4-B8BC860F018F}.Debug|iPhone.Build.0 = Debug|x64
		{23A5F509-62D0-4774-86B4-B8BC860F018F}.Debug|iPhoneSimulator.ActiveCfg = Debug|x64
		{23A5F509-62D0-4774-86B4-B8BC860F018F}.Debug|iPhoneSimulator.Build.0 = Debug|x64
		{23A5F509-62D0-4774-86B4-B8BC860F018F}.Debug|x64.ActiveCfg = Debug|x64
		{23A5F509-62D0-4774-86B4-B8BC860F018F}.Debug|x64.Build.0 = Debug|x64
		{23A5F509-62D0-4774-86B4-B8BC860F018F}.Debug|x86.ActiveCfg = Debug|x86
		{23A5F509-62D0-4774-86B4-B8BC860F018F}.Debug|x86.Build.0 = Debug|x86
		{23A5F509-62D0-4774-86B4-B8BC860F018F}.Release|Any CPU.ActiveCfg = Release|x64
		{23A5F509-62D0-4774-86B4-B8BC860F018F}.Release|Any CPU.Build.0 = Release|x64
		{23A5F509-62D0-4774-86B4-B8BC860F018F}.Release|ARM.ActiveCfg = Release|x64
		{23A5F509-62D0-4774-86B4-B8BC860F018F}.Release|ARM.Build.0 = Release|x64
		{23A5F509-62D0-4774-86B4-B8BC860F018F}.Release|ARM64.ActiveCfg = Release|arm64
		{23A5F509-62D0-4774-86B4-B8BC860F018F}.Release|ARM64.Build.0 = Release|arm64
		{23A5F509-62D0-4774-86B4-B8BC860F018F}.Release|iPhone.ActiveCfg = Release|x64
		{23A5F509-62D0-4774-86B4-B8BC860F018F}.Release|iPhone.Build.0 = Release|x64
		{23A5F509-62D0-4774-86B4-B8BC860F018F}.Release|iPhoneSimulator.ActiveCfg = Release|x64
		{23A5F509-62D0-4774-86B4-B8BC860F018F}.Release|iPhoneSimulator.Build.0 = Release|x64
		{23A5F509-62D0-4774-86B4-B8BC860F018F}.Release|x64.ActiveCfg = Release|x64
		{23A5F509-62D0-4774-86B4-B8BC860F018F}.Release|x64.Build.0 = Release|x64
		{23A5F509-62D0-4774-86B4-B8BC860F018F}.Release|x86.ActiveCfg = Release|x86
		{23A5F509-62D0-4774-86B4-B8BC860F018F}.Release|x86.Build.0 = Release|x86
	EndGlobalSection
	GlobalSection(SolutionProperties) = preSolution
		HideSolutionNode = FALSE
	EndGlobalSection
	GlobalSection(ExtensibilityGlobals) = postSolution
		SolutionGuid = {0A112B2A-28A6-4BAE-8828-2F750BDCB740}
	EndGlobalSection
EndGlobal
