
Microsoft Visual Studio Solution File, Format Version 12.00
# Visual Studio Version 16
VisualStudioVersion = 16.0.29613.14
MinimumVisualStudioVersion = 10.0.40219.1
Project("{FAE04EC0-301F-11D3-BF4B-00C04F79EFBC}") = "ARParallaxGuidelines.iOS", "ARParallaxGuidelines.iOS.csproj", "{980DA764-2393-4570-BFFE-F662168D52E6}"
EndProject
Project("{2150E333-8FDC-42A3-9474-1A3956D46DE8}") = "Forms", "Forms", "{C3573B08-BB14-4E58-9C14-04804D319F0A}"
EndProject
Global
	GlobalSection(SolutionConfigurationPlatforms) = preSolution
		Debug|iPhone = Debug|iPhone
		Debug|iPhoneSimulator = Debug|iPhoneSimulator
		Release|iPhone = Release|iPhone
		Release|iPhoneSimulator = Release|iPhoneSimulator
	EndGlobalSection
	GlobalSection(ProjectConfigurationPlatforms) = postSolution
		{980DA764-2393-4570-BFFE-F662168D52E6}.Debug|iPhone.ActiveCfg = Debug|iPhone
		{980DA764-2393-4570-BFFE-F662168D52E6}.Debug|iPhone.Build.0 = Debug|iPhone
		{980DA764-2393-4570-BFFE-F662168D52E6}.Debug|iPhone.Deploy.0 = Debug|iPhone
		{980DA764-2393-4570-BFFE-F662168D52E6}.Debug|iPhoneSimulator.ActiveCfg = Debug|iPhoneSimulator
		{980DA764-2393-4570-BFFE-F662168D52E6}.Debug|iPhoneSimulator.Build.0 = Debug|iPhoneSimulator
		{980DA764-2393-4570-BFFE-F662168D52E6}.Debug|iPhoneSimulator.Deploy.0 = Debug|iPhoneSimulator
		{980DA764-2393-4570-BFFE-F662168D52E6}.Release|iPhone.ActiveCfg = Release|iPhone
		{980DA764-2393-4570-BFFE-F662168D52E6}.Release|iPhone.Build.0 = Release|iPhone
		{980DA764-2393-4570-BFFE-F662168D52E6}.Release|iPhone.Deploy.0 = Release|iPhone
		{980DA764-2393-4570-BFFE-F662168D52E6}.Release|iPhoneSimulator.ActiveCfg = Release|iPhoneSimulator
		{980DA764-2393-4570-BFFE-F662168D52E6}.Release|iPhoneSimulator.Build.0 = Release|iPhoneSimulator
		{980DA764-2393-4570-BFFE-F662168D52E6}.Release|iPhoneSimulator.Deploy.0 = Release|iPhoneSimulator
	EndGlobalSection
	GlobalSection(SolutionProperties) = preSolution
		HideSolutionNode = FALSE
	EndGlobalSection
	GlobalSection(ExtensibilityGlobals) = postSolution
		SolutionGuid = {928D35EF-EE93-4DC8-A8B2-80C48199CAD2}
	EndGlobalSection
EndGlobal
