
Microsoft Visual Studio Solution File, Format Version 12.00
# Visual Studio 15
VisualStudioVersion = 15.0.27130.2027
MinimumVisualStudioVersion = 10.0.40219.1
Project("{FAE04EC0-301F-11D3-BF4B-00C04F79EFBC}") = "GeoEventServerSample.WPF", "GeoEventServerSample\GeoEventServerSample.WPF.csproj", "{D06CAB10-F386-49EF-89F4-0A62710D3B7B}"
EndProject
Project("{D954291E-2A0B-460D-934E-DC6B0785DB48}") = "GeoEventServerSample.Shared", "GeoEventServerSample.Shared\GeoEventServerSample.Shared.shproj", "{D1F732BC-1DBE-46FE-A969-7635E7887604}"
EndProject
Project("{FAE04EC0-301F-11D3-BF4B-00C04F79EFBC}") = "GeoEventServerSample.Droid", "GeoEventServerSample.Droid\GeoEventServerSample.Droid.csproj", "{4227005D-1C36-45E1-85E6-1BD0322FDDFC}"
EndProject
Project("{FAE04EC0-301F-11D3-BF4B-00C04F79EFBC}") = "GeoEventServerSample.iOS", "GeoEventServerSample.iOS\GeoEventServerSample.iOS.csproj", "{9A08424B-A9B5-411B-988C-026D869B00F4}"
EndProject
Project("{FAE04EC0-301F-11D3-BF4B-00C04F79EFBC}") = "GeoEventServerSample.UWP", "GeoEventServerSample.UWP\GeoEventServerSample.UWP.csproj", "{8EF20EA3-50D8-4ED0-A219-E644600B44D8}"
EndProject
Global
	GlobalSection(SharedMSBuildProjectFiles) = preSolution
		GeoEventServerSample.Shared\GeoEventServerSample.Shared.projitems*{4227005d-1c36-45e1-85e6-1bd0322fddfc}*SharedItemsImports = 4
		GeoEventServerSample.Shared\GeoEventServerSample.Shared.projitems*{8ef20ea3-50d8-4ed0-a219-e644600b44d8}*SharedItemsImports = 4
		GeoEventServerSample.Shared\GeoEventServerSample.Shared.projitems*{9a08424b-a9b5-411b-988c-026d869b00f4}*SharedItemsImports = 4
		GeoEventServerSample.Shared\GeoEventServerSample.Shared.projitems*{d06cab10-f386-49ef-89f4-0a62710d3b7b}*SharedItemsImports = 4
		GeoEventServerSample.Shared\GeoEventServerSample.Shared.projitems*{d1f732bc-1dbe-46fe-a969-7635e7887604}*SharedItemsImports = 13
	EndGlobalSection
	GlobalSection(SolutionConfigurationPlatforms) = preSolution
		Ad-Hoc|Any CPU = Ad-Hoc|Any CPU
		Ad-Hoc|ARM = Ad-Hoc|ARM
		Ad-Hoc|iPhone = Ad-Hoc|iPhone
		Ad-Hoc|iPhoneSimulator = Ad-Hoc|iPhoneSimulator
		Ad-Hoc|x64 = Ad-Hoc|x64
		Ad-Hoc|x86 = Ad-Hoc|x86
		AppStore|Any CPU = AppStore|Any CPU
		AppStore|ARM = AppStore|ARM
		AppStore|iPhone = AppStore|iPhone
		AppStore|iPhoneSimulator = AppStore|iPhoneSimulator
		AppStore|x64 = AppStore|x64
		AppStore|x86 = AppStore|x86
		Debug|Any CPU = Debug|Any CPU
		Debug|ARM = Debug|ARM
		Debug|iPhone = Debug|iPhone
		Debug|iPhoneSimulator = Debug|iPhoneSimulator
		Debug|x64 = Debug|x64
		Debug|x86 = Debug|x86
		Release|Any CPU = Release|Any CPU
		Release|ARM = Release|ARM
		Release|iPhone = Release|iPhone
		Release|iPhoneSimulator = Release|iPhoneSimulator
		Release|x64 = Release|x64
		Release|x86 = Release|x86
	EndGlobalSection
	GlobalSection(ProjectConfigurationPlatforms) = postSolution
		{D06CAB10-F386-49EF-89F4-0A62710D3B7B}.Ad-Hoc|Any CPU.ActiveCfg = Release|Any CPU
		{D06CAB10-F386-49EF-89F4-0A62710D3B7B}.Ad-Hoc|Any CPU.Build.0 = Release|Any CPU
		{D06CAB10-F386-49EF-89F4-0A62710D3B7B}.Ad-Hoc|ARM.ActiveCfg = Debug|Any CPU
		{D06CAB10-F386-49EF-89F4-0A62710D3B7B}.Ad-Hoc|ARM.Build.0 = Debug|Any CPU
		{D06CAB10-F386-49EF-89F4-0A62710D3B7B}.Ad-Hoc|iPhone.ActiveCfg = Release|Any CPU
		{D06CAB10-F386-49EF-89F4-0A62710D3B7B}.Ad-Hoc|iPhone.Build.0 = Release|Any CPU
		{D06CAB10-F386-49EF-89F4-0A62710D3B7B}.Ad-Hoc|iPhoneSimulator.ActiveCfg = Release|Any CPU
		{D06CAB10-F386-49EF-89F4-0A62710D3B7B}.Ad-Hoc|iPhoneSimulator.Build.0 = Release|Any CPU
		{D06CAB10-F386-49EF-89F4-0A62710D3B7B}.Ad-Hoc|x64.ActiveCfg = Debug|Any CPU
		{D06CAB10-F386-49EF-89F4-0A62710D3B7B}.Ad-Hoc|x64.Build.0 = Debug|Any CPU
		{D06CAB10-F386-49EF-89F4-0A62710D3B7B}.Ad-Hoc|x86.ActiveCfg = Debug|Any CPU
		{D06CAB10-F386-49EF-89F4-0A62710D3B7B}.Ad-Hoc|x86.Build.0 = Debug|Any CPU
		{D06CAB10-F386-49EF-89F4-0A62710D3B7B}.AppStore|Any CPU.ActiveCfg = Release|Any CPU
		{D06CAB10-F386-49EF-89F4-0A62710D3B7B}.AppStore|Any CPU.Build.0 = Release|Any CPU
		{D06CAB10-F386-49EF-89F4-0A62710D3B7B}.AppStore|ARM.ActiveCfg = Debug|Any CPU
		{D06CAB10-F386-49EF-89F4-0A62710D3B7B}.AppStore|ARM.Build.0 = Debug|Any CPU
		{D06CAB10-F386-49EF-89F4-0A62710D3B7B}.AppStore|iPhone.ActiveCfg = Release|Any CPU
		{D06CAB10-F386-49EF-89F4-0A62710D3B7B}.AppStore|iPhone.Build.0 = Release|Any CPU
		{D06CAB10-F386-49EF-89F4-0A62710D3B7B}.AppStore|iPhoneSimulator.ActiveCfg = Release|Any CPU
		{D06CAB10-F386-49EF-89F4-0A62710D3B7B}.AppStore|iPhoneSimulator.Build.0 = Release|Any CPU
		{D06CAB10-F386-49EF-89F4-0A62710D3B7B}.AppStore|x64.ActiveCfg = Debug|Any CPU
		{D06CAB10-F386-49EF-89F4-0A62710D3B7B}.AppStore|x64.Build.0 = Debug|Any CPU
		{D06CAB10-F386-49EF-89F4-0A62710D3B7B}.AppStore|x86.ActiveCfg = Debug|Any CPU
		{D06CAB10-F386-49EF-89F4-0A62710D3B7B}.AppStore|x86.Build.0 = Debug|Any CPU
		{D06CAB10-F386-49EF-89F4-0A62710D3B7B}.Debug|Any CPU.ActiveCfg = Debug|Any CPU
		{D06CAB10-F386-49EF-89F4-0A62710D3B7B}.Debug|Any CPU.Build.0 = Debug|Any CPU
		{D06CAB10-F386-49EF-89F4-0A62710D3B7B}.Debug|ARM.ActiveCfg = Debug|Any CPU
		{D06CAB10-F386-49EF-89F4-0A62710D3B7B}.Debug|ARM.Build.0 = Debug|Any CPU
		{D06CAB10-F386-49EF-89F4-0A62710D3B7B}.Debug|iPhone.ActiveCfg = Debug|Any CPU
		{D06CAB10-F386-49EF-89F4-0A62710D3B7B}.Debug|iPhone.Build.0 = Debug|Any CPU
		{D06CAB10-F386-49EF-89F4-0A62710D3B7B}.Debug|iPhoneSimulator.ActiveCfg = Debug|Any CPU
		{D06CAB10-F386-49EF-89F4-0A62710D3B7B}.Debug|iPhoneSimulator.Build.0 = Debug|Any CPU
		{D06CAB10-F386-49EF-89F4-0A62710D3B7B}.Debug|x64.ActiveCfg = Debug|Any CPU
		{D06CAB10-F386-49EF-89F4-0A62710D3B7B}.Debug|x64.Build.0 = Debug|Any CPU
		{D06CAB10-F386-49EF-89F4-0A62710D3B7B}.Debug|x86.ActiveCfg = Debug|Any CPU
		{D06CAB10-F386-49EF-89F4-0A62710D3B7B}.Debug|x86.Build.0 = Debug|Any CPU
		{D06CAB10-F386-49EF-89F4-0A62710D3B7B}.Release|Any CPU.ActiveCfg = Release|Any CPU
		{D06CAB10-F386-49EF-89F4-0A62710D3B7B}.Release|Any CPU.Build.0 = Release|Any CPU
		{D06CAB10-F386-49EF-89F4-0A62710D3B7B}.Release|ARM.ActiveCfg = Release|Any CPU
		{D06CAB10-F386-49EF-89F4-0A62710D3B7B}.Release|ARM.Build.0 = Release|Any CPU
		{D06CAB10-F386-49EF-89F4-0A62710D3B7B}.Release|iPhone.ActiveCfg = Release|Any CPU
		{D06CAB10-F386-49EF-89F4-0A62710D3B7B}.Release|iPhone.Build.0 = Release|Any CPU
		{D06CAB10-F386-49EF-89F4-0A62710D3B7B}.Release|iPhoneSimulator.ActiveCfg = Release|Any CPU
		{D06CAB10-F386-49EF-89F4-0A62710D3B7B}.Release|iPhoneSimulator.Build.0 = Release|Any CPU
		{D06CAB10-F386-49EF-89F4-0A62710D3B7B}.Release|x64.ActiveCfg = Release|Any CPU
		{D06CAB10-F386-49EF-89F4-0A62710D3B7B}.Release|x64.Build.0 = Release|Any CPU
		{D06CAB10-F386-49EF-89F4-0A62710D3B7B}.Release|x86.ActiveCfg = Release|Any CPU
		{D06CAB10-F386-49EF-89F4-0A62710D3B7B}.Release|x86.Build.0 = Release|Any CPU
		{4227005D-1C36-45E1-85E6-1BD0322FDDFC}.Ad-Hoc|Any CPU.ActiveCfg = Release|Any CPU
		{4227005D-1C36-45E1-85E6-1BD0322FDDFC}.Ad-Hoc|Any CPU.Build.0 = Release|Any CPU
		{4227005D-1C36-45E1-85E6-1BD0322FDDFC}.Ad-Hoc|Any CPU.Deploy.0 = Release|Any CPU
		{4227005D-1C36-45E1-85E6-1BD0322FDDFC}.Ad-Hoc|ARM.ActiveCfg = Debug|Any CPU
		{4227005D-1C36-45E1-85E6-1BD0322FDDFC}.Ad-Hoc|ARM.Build.0 = Debug|Any CPU
		{4227005D-1C36-45E1-85E6-1BD0322FDDFC}.Ad-Hoc|ARM.Deploy.0 = Debug|Any CPU
		{4227005D-1C36-45E1-85E6-1BD0322FDDFC}.Ad-Hoc|iPhone.ActiveCfg = Release|Any CPU
		{4227005D-1C36-45E1-85E6-1BD0322FDDFC}.Ad-Hoc|iPhone.Build.0 = Release|Any CPU
		{4227005D-1C36-45E1-85E6-1BD0322FDDFC}.Ad-Hoc|iPhone.Deploy.0 = Release|Any CPU
		{4227005D-1C36-45E1-85E6-1BD0322FDDFC}.Ad-Hoc|iPhoneSimulator.ActiveCfg = Release|Any CPU
		{4227005D-1C36-45E1-85E6-1BD0322FDDFC}.Ad-Hoc|iPhoneSimulator.Build.0 = Release|Any CPU
		{4227005D-1C36-45E1-85E6-1BD0322FDDFC}.Ad-Hoc|iPhoneSimulator.Deploy.0 = Release|Any CPU
		{4227005D-1C36-45E1-85E6-1BD0322FDDFC}.Ad-Hoc|x64.ActiveCfg = Debug|Any CPU
		{4227005D-1C36-45E1-85E6-1BD0322FDDFC}.Ad-Hoc|x64.Build.0 = Debug|Any CPU
		{4227005D-1C36-45E1-85E6-1BD0322FDDFC}.Ad-Hoc|x64.Deploy.0 = Debug|Any CPU
		{4227005D-1C36-45E1-85E6-1BD0322FDDFC}.Ad-Hoc|x86.ActiveCfg = Debug|Any CPU
		{4227005D-1C36-45E1-85E6-1BD0322FDDFC}.Ad-Hoc|x86.Build.0 = Debug|Any CPU
		{4227005D-1C36-45E1-85E6-1BD0322FDDFC}.Ad-Hoc|x86.Deploy.0 = Debug|Any CPU
		{4227005D-1C36-45E1-85E6-1BD0322FDDFC}.AppStore|Any CPU.ActiveCfg = Release|Any CPU
		{4227005D-1C36-45E1-85E6-1BD0322FDDFC}.AppStore|Any CPU.Build.0 = Release|Any CPU
		{4227005D-1C36-45E1-85E6-1BD0322FDDFC}.AppStore|Any CPU.Deploy.0 = Release|Any CPU
		{4227005D-1C36-45E1-85E6-1BD0322FDDFC}.AppStore|ARM.ActiveCfg = Debug|Any CPU
		{4227005D-1C36-45E1-85E6-1BD0322FDDFC}.AppStore|ARM.Build.0 = Debug|Any CPU
		{4227005D-1C36-45E1-85E6-1BD0322FDDFC}.AppStore|ARM.Deploy.0 = Debug|Any CPU
		{4227005D-1C36-45E1-85E6-1BD0322FDDFC}.AppStore|iPhone.ActiveCfg = Release|Any CPU
		{4227005D-1C36-45E1-85E6-1BD0322FDDFC}.AppStore|iPhone.Build.0 = Release|Any CPU
		{4227005D-1C36-45E1-85E6-1BD0322FDDFC}.AppStore|iPhone.Deploy.0 = Release|Any CPU
		{4227005D-1C36-45E1-85E6-1BD0322FDDFC}.AppStore|iPhoneSimulator.ActiveCfg = Release|Any CPU
		{4227005D-1C36-45E1-85E6-1BD0322FDDFC}.AppStore|iPhoneSimulator.Build.0 = Release|Any CPU
		{4227005D-1C36-45E1-85E6-1BD0322FDDFC}.AppStore|iPhoneSimulator.Deploy.0 = Release|Any CPU
		{4227005D-1C36-45E1-85E6-1BD0322FDDFC}.AppStore|x64.ActiveCfg = Debug|Any CPU
		{4227005D-1C36-45E1-85E6-1BD0322FDDFC}.AppStore|x64.Build.0 = Debug|Any CPU
		{4227005D-1C36-45E1-85E6-1BD0322FDDFC}.AppStore|x64.Deploy.0 = Debug|Any CPU
		{4227005D-1C36-45E1-85E6-1BD0322FDDFC}.AppStore|x86.ActiveCfg = Debug|Any CPU
		{4227005D-1C36-45E1-85E6-1BD0322FDDFC}.AppStore|x86.Build.0 = Debug|Any CPU
		{4227005D-1C36-45E1-85E6-1BD0322FDDFC}.AppStore|x86.Deploy.0 = Debug|Any CPU
		{4227005D-1C36-45E1-85E6-1BD0322FDDFC}.Debug|Any CPU.ActiveCfg = Debug|Any CPU
		{4227005D-1C36-45E1-85E6-1BD0322FDDFC}.Debug|Any CPU.Build.0 = Debug|Any CPU
		{4227005D-1C36-45E1-85E6-1BD0322FDDFC}.Debug|Any CPU.Deploy.0 = Debug|Any CPU
		{4227005D-1C36-45E1-85E6-1BD0322FDDFC}.Debug|ARM.ActiveCfg = Debug|Any CPU
		{4227005D-1C36-45E1-85E6-1BD0322FDDFC}.Debug|ARM.Build.0 = Debug|Any CPU
		{4227005D-1C36-45E1-85E6-1BD0322FDDFC}.Debug|ARM.Deploy.0 = Debug|Any CPU
		{4227005D-1C36-45E1-85E6-1BD0322FDDFC}.Debug|iPhone.ActiveCfg = Debug|Any CPU
		{4227005D-1C36-45E1-85E6-1BD0322FDDFC}.Debug|iPhone.Build.0 = Debug|Any CPU
		{4227005D-1C36-45E1-85E6-1BD0322FDDFC}.Debug|iPhone.Deploy.0 = Debug|Any CPU
		{4227005D-1C36-45E1-85E6-1BD0322FDDFC}.Debug|iPhoneSimulator.ActiveCfg = Debug|Any CPU
		{4227005D-1C36-45E1-85E6-1BD0322FDDFC}.Debug|iPhoneSimulator.Build.0 = Debug|Any CPU
		{4227005D-1C36-45E1-85E6-1BD0322FDDFC}.Debug|iPhoneSimulator.Deploy.0 = Debug|Any CPU
		{4227005D-1C36-45E1-85E6-1BD0322FDDFC}.Debug|x64.ActiveCfg = Debug|Any CPU
		{4227005D-1C36-45E1-85E6-1BD0322FDDFC}.Debug|x64.Build.0 = Debug|Any CPU
		{4227005D-1C36-45E1-85E6-1BD0322FDDFC}.Debug|x64.Deploy.0 = Debug|Any CPU
		{4227005D-1C36-45E1-85E6-1BD0322FDDFC}.Debug|x86.ActiveCfg = Debug|Any CPU
		{4227005D-1C36-45E1-85E6-1BD0322FDDFC}.Debug|x86.Build.0 = Debug|Any CPU
		{4227005D-1C36-45E1-85E6-1BD0322FDDFC}.Debug|x86.Deploy.0 = Debug|Any CPU
		{4227005D-1C36-45E1-85E6-1BD0322FDDFC}.Release|Any CPU.ActiveCfg = Release|Any CPU
		{4227005D-1C36-45E1-85E6-1BD0322FDDFC}.Release|Any CPU.Build.0 = Release|Any CPU
		{4227005D-1C36-45E1-85E6-1BD0322FDDFC}.Release|Any CPU.Deploy.0 = Release|Any CPU
		{4227005D-1C36-45E1-85E6-1BD0322FDDFC}.Release|ARM.ActiveCfg = Release|Any CPU
		{4227005D-1C36-45E1-85E6-1BD0322FDDFC}.Release|ARM.Build.0 = Release|Any CPU
		{4227005D-1C36-45E1-85E6-1BD0322FDDFC}.Release|ARM.Deploy.0 = Release|Any CPU
		{4227005D-1C36-45E1-85E6-1BD0322FDDFC}.Release|iPhone.ActiveCfg = Release|Any CPU
		{4227005D-1C36-45E1-85E6-1BD0322FDDFC}.Release|iPhone.Build.0 = Release|Any CPU
		{4227005D-1C36-45E1-85E6-1BD0322FDDFC}.Release|iPhone.Deploy.0 = Release|Any CPU
		{4227005D-1C36-45E1-85E6-1BD0322FDDFC}.Release|iPhoneSimulator.ActiveCfg = Release|Any CPU
		{4227005D-1C36-45E1-85E6-1BD0322FDDFC}.Release|iPhoneSimulator.Build.0 = Release|Any CPU
		{4227005D-1C36-45E1-85E6-1BD0322FDDFC}.Release|iPhoneSimulator.Deploy.0 = Release|Any CPU
		{4227005D-1C36-45E1-85E6-1BD0322FDDFC}.Release|x64.ActiveCfg = Release|Any CPU
		{4227005D-1C36-45E1-85E6-1BD0322FDDFC}.Release|x64.Build.0 = Release|Any CPU
		{4227005D-1C36-45E1-85E6-1BD0322FDDFC}.Release|x64.Deploy.0 = Release|Any CPU
		{4227005D-1C36-45E1-85E6-1BD0322FDDFC}.Release|x86.ActiveCfg = Release|Any CPU
		{4227005D-1C36-45E1-85E6-1BD0322FDDFC}.Release|x86.Build.0 = Release|Any CPU
		{4227005D-1C36-45E1-85E6-1BD0322FDDFC}.Release|x86.Deploy.0 = Release|Any CPU
		{9A08424B-A9B5-411B-988C-026D869B00F4}.Ad-Hoc|Any CPU.ActiveCfg = Ad-Hoc|iPhone
		{9A08424B-A9B5-411B-988C-026D869B00F4}.Ad-Hoc|ARM.ActiveCfg = Ad-Hoc|iPhoneSimulator
		{9A08424B-A9B5-411B-988C-026D869B00F4}.Ad-Hoc|iPhone.ActiveCfg = Ad-Hoc|iPhone
		{9A08424B-A9B5-411B-988C-026D869B00F4}.Ad-Hoc|iPhone.Build.0 = Ad-Hoc|iPhone
		{9A08424B-A9B5-411B-988C-026D869B00F4}.Ad-Hoc|iPhoneSimulator.ActiveCfg = Ad-Hoc|iPhoneSimulator
		{9A08424B-A9B5-411B-988C-026D869B00F4}.Ad-Hoc|iPhoneSimulator.Build.0 = Ad-Hoc|iPhoneSimulator
		{9A08424B-A9B5-411B-988C-026D869B00F4}.Ad-Hoc|x64.ActiveCfg = Ad-Hoc|iPhoneSimulator
		{9A08424B-A9B5-411B-988C-026D869B00F4}.Ad-Hoc|x86.ActiveCfg = Ad-Hoc|iPhoneSimulator
		{9A08424B-A9B5-411B-988C-026D869B00F4}.AppStore|Any CPU.ActiveCfg = AppStore|iPhone
		{9A08424B-A9B5-411B-988C-026D869B00F4}.AppStore|ARM.ActiveCfg = AppStore|iPhoneSimulator
		{9A08424B-A9B5-411B-988C-026D869B00F4}.AppStore|iPhone.ActiveCfg = AppStore|iPhone
		{9A08424B-A9B5-411B-988C-026D869B00F4}.AppStore|iPhone.Build.0 = AppStore|iPhone
		{9A08424B-A9B5-411B-988C-026D869B00F4}.AppStore|iPhoneSimulator.ActiveCfg = AppStore|iPhoneSimulator
		{9A08424B-A9B5-411B-988C-026D869B00F4}.AppStore|iPhoneSimulator.Build.0 = AppStore|iPhoneSimulator
		{9A08424B-A9B5-411B-988C-026D869B00F4}.AppStore|x64.ActiveCfg = AppStore|iPhoneSimulator
		{9A08424B-A9B5-411B-988C-026D869B00F4}.AppStore|x86.ActiveCfg = AppStore|iPhoneSimulator
		{9A08424B-A9B5-411B-988C-026D869B00F4}.Debug|Any CPU.ActiveCfg = Debug|iPhone
		{9A08424B-A9B5-411B-988C-026D869B00F4}.Debug|ARM.ActiveCfg = Debug|iPhoneSimulator
		{9A08424B-A9B5-411B-988C-026D869B00F4}.Debug|iPhone.ActiveCfg = Debug|iPhone
		{9A08424B-A9B5-411B-988C-026D869B00F4}.Debug|iPhone.Build.0 = Debug|iPhone
		{9A08424B-A9B5-411B-988C-026D869B00F4}.Debug|iPhoneSimulator.ActiveCfg = Debug|iPhoneSimulator
		{9A08424B-A9B5-411B-988C-026D869B00F4}.Debug|iPhoneSimulator.Build.0 = Debug|iPhoneSimulator
		{9A08424B-A9B5-411B-988C-026D869B00F4}.Debug|x64.ActiveCfg = Debug|iPhoneSimulator
		{9A08424B-A9B5-411B-988C-026D869B00F4}.Debug|x86.ActiveCfg = Debug|iPhoneSimulator
		{9A08424B-A9B5-411B-988C-026D869B00F4}.Release|Any CPU.ActiveCfg = Release|iPhone
		{9A08424B-A9B5-411B-988C-026D869B00F4}.Release|ARM.ActiveCfg = Release|iPhoneSimulator
		{9A08424B-A9B5-411B-988C-026D869B00F4}.Release|iPhone.ActiveCfg = Release|iPhone
		{9A08424B-A9B5-411B-988C-026D869B00F4}.Release|iPhone.Build.0 = Release|iPhone
		{9A08424B-A9B5-411B-988C-026D869B00F4}.Release|iPhoneSimulator.ActiveCfg = Release|iPhoneSimulator
		{9A08424B-A9B5-411B-988C-026D869B00F4}.Release|iPhoneSimulator.Build.0 = Release|iPhoneSimulator
		{9A08424B-A9B5-411B-988C-026D869B00F4}.Release|x64.ActiveCfg = Release|iPhoneSimulator
		{9A08424B-A9B5-411B-988C-026D869B00F4}.Release|x86.ActiveCfg = Release|iPhoneSimulator
		{8EF20EA3-50D8-4ED0-A219-E644600B44D8}.Ad-Hoc|Any CPU.ActiveCfg = Release|x64
		{8EF20EA3-50D8-4ED0-A219-E644600B44D8}.Ad-Hoc|Any CPU.Build.0 = Release|x64
		{8EF20EA3-50D8-4ED0-A219-E644600B44D8}.Ad-Hoc|Any CPU.Deploy.0 = Release|x64
		{8EF20EA3-50D8-4ED0-A219-E644600B44D8}.Ad-Hoc|ARM.ActiveCfg = Release|ARM
		{8EF20EA3-50D8-4ED0-A219-E644600B44D8}.Ad-Hoc|ARM.Build.0 = Release|ARM
		{8EF20EA3-50D8-4ED0-A219-E644600B44D8}.Ad-Hoc|ARM.Deploy.0 = Release|ARM
		{8EF20EA3-50D8-4ED0-A219-E644600B44D8}.Ad-Hoc|iPhone.ActiveCfg = Release|x64
		{8EF20EA3-50D8-4ED0-A219-E644600B44D8}.Ad-Hoc|iPhone.Build.0 = Release|x64
		{8EF20EA3-50D8-4ED0-A219-E644600B44D8}.Ad-Hoc|iPhone.Deploy.0 = Release|x64
		{8EF20EA3-50D8-4ED0-A219-E644600B44D8}.Ad-Hoc|iPhoneSimulator.ActiveCfg = Release|x64
		{8EF20EA3-50D8-4ED0-A219-E644600B44D8}.Ad-Hoc|iPhoneSimulator.Build.0 = Release|x64
		{8EF20EA3-50D8-4ED0-A219-E644600B44D8}.Ad-Hoc|iPhoneSimulator.Deploy.0 = Release|x64
		{8EF20EA3-50D8-4ED0-A219-E644600B44D8}.Ad-Hoc|x64.ActiveCfg = Release|x64
		{8EF20EA3-50D8-4ED0-A219-E644600B44D8}.Ad-Hoc|x64.Build.0 = Release|x64
		{8EF20EA3-50D8-4ED0-A219-E644600B44D8}.Ad-Hoc|x64.Deploy.0 = Release|x64
		{8EF20EA3-50D8-4ED0-A219-E644600B44D8}.Ad-Hoc|x86.ActiveCfg = Release|x86
		{8EF20EA3-50D8-4ED0-A219-E644600B44D8}.Ad-Hoc|x86.Build.0 = Release|x86
		{8EF20EA3-50D8-4ED0-A219-E644600B44D8}.Ad-Hoc|x86.Deploy.0 = Release|x86
		{8EF20EA3-50D8-4ED0-A219-E644600B44D8}.AppStore|Any CPU.ActiveCfg = Release|x64
		{8EF20EA3-50D8-4ED0-A219-E644600B44D8}.AppStore|Any CPU.Build.0 = Release|x64
		{8EF20EA3-50D8-4ED0-A219-E644600B44D8}.AppStore|Any CPU.Deploy.0 = Release|x64
		{8EF20EA3-50D8-4ED0-A219-E644600B44D8}.AppStore|ARM.ActiveCfg = Release|ARM
		{8EF20EA3-50D8-4ED0-A219-E644600B44D8}.AppStore|ARM.Build.0 = Release|ARM
		{8EF20EA3-50D8-4ED0-A219-E644600B44D8}.AppStore|ARM.Deploy.0 = Release|ARM
		{8EF20EA3-50D8-4ED0-A219-E644600B44D8}.AppStore|iPhone.ActiveCfg = Release|x64
		{8EF20EA3-50D8-4ED0-A219-E644600B44D8}.AppStore|iPhone.Build.0 = Release|x64
		{8EF20EA3-50D8-4ED0-A219-E644600B44D8}.AppStore|iPhone.Deploy.0 = Release|x64
		{8EF20EA3-50D8-4ED0-A219-E644600B44D8}.AppStore|iPhoneSimulator.ActiveCfg = Release|x64
		{8EF20EA3-50D8-4ED0-A219-E644600B44D8}.AppStore|iPhoneSimulator.Build.0 = Release|x64
		{8EF20EA3-50D8-4ED0-A219-E644600B44D8}.AppStore|iPhoneSimulator.Deploy.0 = Release|x64
		{8EF20EA3-50D8-4ED0-A219-E644600B44D8}.AppStore|x64.ActiveCfg = Release|x64
		{8EF20EA3-50D8-4ED0-A219-E644600B44D8}.AppStore|x64.Build.0 = Release|x64
		{8EF20EA3-50D8-4ED0-A219-E644600B44D8}.AppStore|x64.Deploy.0 = Release|x64
		{8EF20EA3-50D8-4ED0-A219-E644600B44D8}.AppStore|x86.ActiveCfg = Release|x86
		{8EF20EA3-50D8-4ED0-A219-E644600B44D8}.AppStore|x86.Build.0 = Release|x86
		{8EF20EA3-50D8-4ED0-A219-E644600B44D8}.AppStore|x86.Deploy.0 = Release|x86
		{8EF20EA3-50D8-4ED0-A219-E644600B44D8}.Debug|Any CPU.ActiveCfg = Debug|x86
		{8EF20EA3-50D8-4ED0-A219-E644600B44D8}.Debug|ARM.ActiveCfg = Debug|ARM
		{8EF20EA3-50D8-4ED0-A219-E644600B44D8}.Debug|ARM.Build.0 = Debug|ARM
		{8EF20EA3-50D8-4ED0-A219-E644600B44D8}.Debug|ARM.Deploy.0 = Debug|ARM
		{8EF20EA3-50D8-4ED0-A219-E644600B44D8}.Debug|iPhone.ActiveCfg = Debug|x86
		{8EF20EA3-50D8-4ED0-A219-E644600B44D8}.Debug|iPhoneSimulator.ActiveCfg = Debug|x86
		{8EF20EA3-50D8-4ED0-A219-E644600B44D8}.Debug|x64.ActiveCfg = Debug|x64
		{8EF20EA3-50D8-4ED0-A219-E644600B44D8}.Debug|x64.Build.0 = Debug|x64
		{8EF20EA3-50D8-4ED0-A219-E644600B44D8}.Debug|x64.Deploy.0 = Debug|x64
		{8EF20EA3-50D8-4ED0-A219-E644600B44D8}.Debug|x86.ActiveCfg = Debug|x86
		{8EF20EA3-50D8-4ED0-A219-E644600B44D8}.Debug|x86.Build.0 = Debug|x86
		{8EF20EA3-50D8-4ED0-A219-E644600B44D8}.Debug|x86.Deploy.0 = Debug|x86
		{8EF20EA3-50D8-4ED0-A219-E644600B44D8}.Release|Any CPU.ActiveCfg = Release|x86
		{8EF20EA3-50D8-4ED0-A219-E644600B44D8}.Release|ARM.ActiveCfg = Release|ARM
		{8EF20EA3-50D8-4ED0-A219-E644600B44D8}.Release|ARM.Build.0 = Release|ARM
		{8EF20EA3-50D8-4ED0-A219-E644600B44D8}.Release|ARM.Deploy.0 = Release|ARM
		{8EF20EA3-50D8-4ED0-A219-E644600B44D8}.Release|iPhone.ActiveCfg = Release|x86
		{8EF20EA3-50D8-4ED0-A219-E644600B44D8}.Release|iPhoneSimulator.ActiveCfg = Release|x86
		{8EF20EA3-50D8-4ED0-A219-E644600B44D8}.Release|x64.ActiveCfg = Release|x64
		{8EF20EA3-50D8-4ED0-A219-E644600B44D8}.Release|x64.Build.0 = Release|x64
		{8EF20EA3-50D8-4ED0-A219-E644600B44D8}.Release|x64.Deploy.0 = Release|x64
		{8EF20EA3-50D8-4ED0-A219-E644600B44D8}.Release|x86.ActiveCfg = Release|x86
		{8EF20EA3-50D8-4ED0-A219-E644600B44D8}.Release|x86.Build.0 = Release|x86
		{8EF20EA3-50D8-4ED0-A219-E644600B44D8}.Release|x86.Deploy.0 = Release|x86
	EndGlobalSection
	GlobalSection(SolutionProperties) = preSolution
		HideSolutionNode = FALSE
	EndGlobalSection
	GlobalSection(ExtensibilityGlobals) = postSolution
		SolutionGuid = {10879C60-96AB-452E-BBBE-AF8D8D09D431}
	EndGlobalSection
EndGlobal
