
Microsoft Visual Studio Solution File, Format Version 12.00
# Visual Studio Version 16
VisualStudioVersion = 16.0.29123.88
MinimumVisualStudioVersion = 10.0.40219.1
Project("{FAE04EC0-301F-11D3-BF4B-00C04F79EFBC}") = "RoutingSample.Desktop", "RoutingSample.Desktop\RoutingSample.Desktop.csproj", "{B2F60E3E-4038-455C-805C-3D7F8B80CE5C}"
EndProject
Project("{D954291E-2A0B-460D-934E-DC6B0785DB48}") = "RoutingSample.Shared", "RoutingSample.Shared\RoutingSample.Shared.shproj", "{A2354B88-E136-4B85-8AC0-DD7F9DF4A6B1}"
EndProject
Project("{2150E333-8FDC-42A3-9474-1A3956D46DE8}") = "Notes", "Notes", "{B3897D8F-A07A-4C57-A84C-2A681A7037F5}"
	ProjectSection(SolutionItems) = preProject
		README.md = README.md
	EndProjectSection
EndProject
Project("{FAE04EC0-301F-11D3-BF4B-00C04F79EFBC}") = "RoutingSample.Universal", "RoutingSample.Universal\RoutingSample.Universal.csproj", "{987C58DD-32D0-4583-9375-62967384BEC6}"
EndProject
Project("{FAE04EC0-301F-11D3-BF4B-00C04F79EFBC}") = "RoutingSample.Forms.Android", "RoutingSample.Forms\RoutingSample.Forms.Android\RoutingSample.Forms.Android.csproj", "{DB8AB7E2-7450-4715-AF77-459FA1F4F14A}"
EndProject
Project("{FAE04EC0-301F-11D3-BF4B-00C04F79EFBC}") = "RoutingSample.Forms.iOS", "RoutingSample.Forms\RoutingSample.Forms.iOS\RoutingSample.Forms.iOS.csproj", "{EA187740-323F-4BC3-A185-E354CB1F901F}"
EndProject
Project("{9A19103F-16F7-4668-BE54-9A1E7A4F7556}") = "RoutingSample.Forms", "RoutingSample.Forms\RoutingSample.Forms\RoutingSample.Forms.csproj", "{0E51FD36-4938-4595-8416-9C3F7C282C0F}"
EndProject
Project("{2150E333-8FDC-42A3-9474-1A3956D46DE8}") = "Xamarin.Forms", "Xamarin.Forms", "{EAC27E02-04FD-4491-BBEF-409C275FA46D}"
EndProject
Global
	GlobalSection(SharedMSBuildProjectFiles) = preSolution
		RoutingSample.Shared\RoutingSample.Shared.projitems*{987c58dd-32d0-4583-9375-62967384bec6}*SharedItemsImports = 4
		RoutingSample.Shared\RoutingSample.Shared.projitems*{a2354b88-e136-4b85-8ac0-dd7f9df4a6b1}*SharedItemsImports = 13
		RoutingSample.Shared\RoutingSample.Shared.projitems*{b2f60e3e-4038-455c-805c-3d7f8b80ce5c}*SharedItemsImports = 4
	EndGlobalSection
	GlobalSection(SolutionConfigurationPlatforms) = preSolution
		Debug|Any CPU = Debug|Any CPU
		Debug|ARM = Debug|ARM
		Debug|iPhone = Debug|iPhone
		Debug|iPhoneSimulator = Debug|iPhoneSimulator
		Debug|x64 = Debug|x64
		Debug|x86 = Debug|x86
		Release|Any CPU = Release|Any CPU
		Release|ARM = Release|ARM
		Release|iPhone = Release|iPhone
		Release|iPhoneSimulator = Release|iPhoneSimulator
		Release|x64 = Release|x64
		Release|x86 = Release|x86
	EndGlobalSection
	GlobalSection(ProjectConfigurationPlatforms) = postSolution
		{B2F60E3E-4038-455C-805C-3D7F8B80CE5C}.Debug|Any CPU.ActiveCfg = Debug|Any CPU
		{B2F60E3E-4038-455C-805C-3D7F8B80CE5C}.Debug|Any CPU.Build.0 = Debug|Any CPU
		{B2F60E3E-4038-455C-805C-3D7F8B80CE5C}.Debug|ARM.ActiveCfg = Debug|Any CPU
		{B2F60E3E-4038-455C-805C-3D7F8B80CE5C}.Debug|ARM.Build.0 = Debug|Any CPU
		{B2F60E3E-4038-455C-805C-3D7F8B80CE5C}.Debug|iPhone.ActiveCfg = Debug|Any CPU
		{B2F60E3E-4038-455C-805C-3D7F8B80CE5C}.Debug|iPhone.Build.0 = Debug|Any CPU
		{B2F60E3E-4038-455C-805C-3D7F8B80CE5C}.Debug|iPhoneSimulator.ActiveCfg = Debug|Any CPU
		{B2F60E3E-4038-455C-805C-3D7F8B80CE5C}.Debug|iPhoneSimulator.Build.0 = Debug|Any CPU
		{B2F60E3E-4038-455C-805C-3D7F8B80CE5C}.Debug|x64.ActiveCfg = Debug|Any CPU
		{B2F60E3E-4038-455C-805C-3D7F8B80CE5C}.Debug|x64.Build.0 = Debug|Any CPU
		{B2F60E3E-4038-455C-805C-3D7F8B80CE5C}.Debug|x86.ActiveCfg = Debug|Any CPU
		{B2F60E3E-4038-455C-805C-3D7F8B80CE5C}.Debug|x86.Build.0 = Debug|Any CPU
		{B2F60E3E-4038-455C-805C-3D7F8B80CE5C}.Release|Any CPU.ActiveCfg = Release|Any CPU
		{B2F60E3E-4038-455C-805C-3D7F8B80CE5C}.Release|Any CPU.Build.0 = Release|Any CPU
		{B2F60E3E-4038-455C-805C-3D7F8B80CE5C}.Release|ARM.ActiveCfg = Release|Any CPU
		{B2F60E3E-4038-455C-805C-3D7F8B80CE5C}.Release|ARM.Build.0 = Release|Any CPU
		{B2F60E3E-4038-455C-805C-3D7F8B80CE5C}.Release|iPhone.ActiveCfg = Release|Any CPU
		{B2F60E3E-4038-455C-805C-3D7F8B80CE5C}.Release|iPhone.Build.0 = Release|Any CPU
		{B2F60E3E-4038-455C-805C-3D7F8B80CE5C}.Release|iPhoneSimulator.ActiveCfg = Release|Any CPU
		{B2F60E3E-4038-455C-805C-3D7F8B80CE5C}.Release|iPhoneSimulator.Build.0 = Release|Any CPU
		{B2F60E3E-4038-455C-805C-3D7F8B80CE5C}.Release|x64.ActiveCfg = Release|Any CPU
		{B2F60E3E-4038-455C-805C-3D7F8B80CE5C}.Release|x64.Build.0 = Release|Any CPU
		{B2F60E3E-4038-455C-805C-3D7F8B80CE5C}.Release|x86.ActiveCfg = Release|Any CPU
		{B2F60E3E-4038-455C-805C-3D7F8B80CE5C}.Release|x86.Build.0 = Release|Any CPU
		{987C58DD-32D0-4583-9375-62967384BEC6}.Debug|Any CPU.ActiveCfg = Debug|x86
		{987C58DD-32D0-4583-9375-62967384BEC6}.Debug|ARM.ActiveCfg = Debug|ARM
		{987C58DD-32D0-4583-9375-62967384BEC6}.Debug|ARM.Build.0 = Debug|ARM
		{987C58DD-32D0-4583-9375-62967384BEC6}.Debug|ARM.Deploy.0 = Debug|ARM
		{987C58DD-32D0-4583-9375-62967384BEC6}.Debug|iPhone.ActiveCfg = Debug|x86
		{987C58DD-32D0-4583-9375-62967384BEC6}.Debug|iPhoneSimulator.ActiveCfg = Debug|x86
		{987C58DD-32D0-4583-9375-62967384BEC6}.Debug|x64.ActiveCfg = Debug|x64
		{987C58DD-32D0-4583-9375-62967384BEC6}.Debug|x64.Build.0 = Debug|x64
		{987C58DD-32D0-4583-9375-62967384BEC6}.Debug|x64.Deploy.0 = Debug|x64
		{987C58DD-32D0-4583-9375-62967384BEC6}.Debug|x86.ActiveCfg = Debug|x86
		{987C58DD-32D0-4583-9375-62967384BEC6}.Debug|x86.Build.0 = Debug|x86
		{987C58DD-32D0-4583-9375-62967384BEC6}.Debug|x86.Deploy.0 = Debug|x86
		{987C58DD-32D0-4583-9375-62967384BEC6}.Release|Any CPU.ActiveCfg = Release|x86
		{987C58DD-32D0-4583-9375-62967384BEC6}.Release|ARM.ActiveCfg = Release|ARM
		{987C58DD-32D0-4583-9375-62967384BEC6}.Release|ARM.Build.0 = Release|ARM
		{987C58DD-32D0-4583-9375-62967384BEC6}.Release|ARM.Deploy.0 = Release|ARM
		{987C58DD-32D0-4583-9375-62967384BEC6}.Release|iPhone.ActiveCfg = Release|x86
		{987C58DD-32D0-4583-9375-62967384BEC6}.Release|iPhoneSimulator.ActiveCfg = Release|x86
		{987C58DD-32D0-4583-9375-62967384BEC6}.Release|x64.ActiveCfg = Release|x64
		{987C58DD-32D0-4583-9375-62967384BEC6}.Release|x64.Build.0 = Release|x64
		{987C58DD-32D0-4583-9375-62967384BEC6}.Release|x64.Deploy.0 = Release|x64
		{987C58DD-32D0-4583-9375-62967384BEC6}.Release|x86.ActiveCfg = Release|x86
		{987C58DD-32D0-4583-9375-62967384BEC6}.Release|x86.Build.0 = Release|x86
		{987C58DD-32D0-4583-9375-62967384BEC6}.Release|x86.Deploy.0 = Release|x86
		{DB8AB7E2-7450-4715-AF77-459FA1F4F14A}.Debug|Any CPU.ActiveCfg = Debug|Any CPU
		{DB8AB7E2-7450-4715-AF77-459FA1F4F14A}.Debug|Any CPU.Build.0 = Debug|Any CPU
		{DB8AB7E2-7450-4715-AF77-459FA1F4F14A}.Debug|Any CPU.Deploy.0 = Debug|Any CPU
		{DB8AB7E2-7450-4715-AF77-459FA1F4F14A}.Debug|ARM.ActiveCfg = Debug|Any CPU
		{DB8AB7E2-7450-4715-AF77-459FA1F4F14A}.Debug|ARM.Build.0 = Debug|Any CPU
		{DB8AB7E2-7450-4715-AF77-459FA1F4F14A}.Debug|ARM.Deploy.0 = Debug|Any CPU
		{DB8AB7E2-7450-4715-AF77-459FA1F4F14A}.Debug|iPhone.ActiveCfg = Debug|Any CPU
		{DB8AB7E2-7450-4715-AF77-459FA1F4F14A}.Debug|iPhone.Build.0 = Debug|Any CPU
		{DB8AB7E2-7450-4715-AF77-459FA1F4F14A}.Debug|iPhone.Deploy.0 = Debug|Any CPU
		{DB8AB7E2-7450-4715-AF77-459FA1F4F14A}.Debug|iPhoneSimulator.ActiveCfg = Debug|Any CPU
		{DB8AB7E2-7450-4715-AF77-459FA1F4F14A}.Debug|iPhoneSimulator.Build.0 = Debug|Any CPU
		{DB8AB7E2-7450-4715-AF77-459FA1F4F14A}.Debug|iPhoneSimulator.Deploy.0 = Debug|Any CPU
		{DB8AB7E2-7450-4715-AF77-459FA1F4F14A}.Debug|x64.ActiveCfg = Debug|Any CPU
		{DB8AB7E2-7450-4715-AF77-459FA1F4F14A}.Debug|x64.Build.0 = Debug|Any CPU
		{DB8AB7E2-7450-4715-AF77-459FA1F4F14A}.Debug|x64.Deploy.0 = Debug|Any CPU
		{DB8AB7E2-7450-4715-AF77-459FA1F4F14A}.Debug|x86.ActiveCfg = Debug|Any CPU
		{DB8AB7E2-7450-4715-AF77-459FA1F4F14A}.Debug|x86.Build.0 = Debug|Any CPU
		{DB8AB7E2-7450-4715-AF77-459FA1F4F14A}.Debug|x86.Deploy.0 = Debug|Any CPU
		{DB8AB7E2-7450-4715-AF77-459FA1F4F14A}.Release|Any CPU.ActiveCfg = Release|Any CPU
		{DB8AB7E2-7450-4715-AF77-459FA1F4F14A}.Release|Any CPU.Build.0 = Release|Any CPU
		{DB8AB7E2-7450-4715-AF77-459FA1F4F14A}.Release|Any CPU.Deploy.0 = Release|Any CPU
		{DB8AB7E2-7450-4715-AF77-459FA1F4F14A}.Release|ARM.ActiveCfg = Release|Any CPU
		{DB8AB7E2-7450-4715-AF77-459FA1F4F14A}.Release|ARM.Build.0 = Release|Any CPU
		{DB8AB7E2-7450-4715-AF77-459FA1F4F14A}.Release|ARM.Deploy.0 = Release|Any CPU
		{DB8AB7E2-7450-4715-AF77-459FA1F4F14A}.Release|iPhone.ActiveCfg = Release|Any CPU
		{DB8AB7E2-7450-4715-AF77-459FA1F4F14A}.Release|iPhone.Build.0 = Release|Any CPU
		{DB8AB7E2-7450-4715-AF77-459FA1F4F14A}.Release|iPhone.Deploy.0 = Release|Any CPU
		{DB8AB7E2-7450-4715-AF77-459FA1F4F14A}.Release|iPhoneSimulator.ActiveCfg = Release|Any CPU
		{DB8AB7E2-7450-4715-AF77-459FA1F4F14A}.Release|iPhoneSimulator.Build.0 = Release|Any CPU
		{DB8AB7E2-7450-4715-AF77-459FA1F4F14A}.Release|iPhoneSimulator.Deploy.0 = Release|Any CPU
		{DB8AB7E2-7450-4715-AF77-459FA1F4F14A}.Release|x64.ActiveCfg = Release|Any CPU
		{DB8AB7E2-7450-4715-AF77-459FA1F4F14A}.Release|x64.Build.0 = Release|Any CPU
		{DB8AB7E2-7450-4715-AF77-459FA1F4F14A}.Release|x64.Deploy.0 = Release|Any CPU
		{DB8AB7E2-7450-4715-AF77-459FA1F4F14A}.Release|x86.ActiveCfg = Release|Any CPU
		{DB8AB7E2-7450-4715-AF77-459FA1F4F14A}.Release|x86.Build.0 = Release|Any CPU
		{DB8AB7E2-7450-4715-AF77-459FA1F4F14A}.Release|x86.Deploy.0 = Release|Any CPU
		{EA187740-323F-4BC3-A185-E354CB1F901F}.Debug|Any CPU.ActiveCfg = Debug|iPhone
		{EA187740-323F-4BC3-A185-E354CB1F901F}.Debug|ARM.ActiveCfg = Debug|iPhone
		{EA187740-323F-4BC3-A185-E354CB1F901F}.Debug|iPhone.ActiveCfg = Debug|iPhone
		{EA187740-323F-4BC3-A185-E354CB1F901F}.Debug|iPhone.Build.0 = Debug|iPhone
		{EA187740-323F-4BC3-A185-E354CB1F901F}.Debug|iPhoneSimulator.ActiveCfg = Debug|iPhoneSimulator
		{EA187740-323F-4BC3-A185-E354CB1F901F}.Debug|iPhoneSimulator.Build.0 = Debug|iPhoneSimulator
		{EA187740-323F-4BC3-A185-E354CB1F901F}.Debug|x64.ActiveCfg = Debug|iPhone
		{EA187740-323F-4BC3-A185-E354CB1F901F}.Debug|x86.ActiveCfg = Debug|iPhone
		{EA187740-323F-4BC3-A185-E354CB1F901F}.Release|Any CPU.ActiveCfg = Release|iPhone
		{EA187740-323F-4BC3-A185-E354CB1F901F}.Release|ARM.ActiveCfg = Release|iPhone
		{EA187740-323F-4BC3-A185-E354CB1F901F}.Release|iPhone.ActiveCfg = Release|iPhone
		{EA187740-323F-4BC3-A185-E354CB1F901F}.Release|iPhone.Build.0 = Release|iPhone
		{EA187740-323F-4BC3-A185-E354CB1F901F}.Release|iPhoneSimulator.ActiveCfg = Release|iPhoneSimulator
		{EA187740-323F-4BC3-A185-E354CB1F901F}.Release|iPhoneSimulator.Build.0 = Release|iPhoneSimulator
		{EA187740-323F-4BC3-A185-E354CB1F901F}.Release|x64.ActiveCfg = Release|iPhone
		{EA187740-323F-4BC3-A185-E354CB1F901F}.Release|x86.ActiveCfg = Release|iPhone
		{0E51FD36-4938-4595-8416-9C3F7C282C0F}.Debug|Any CPU.ActiveCfg = Debug|Any CPU
		{0E51FD36-4938-4595-8416-9C3F7C282C0F}.Debug|Any CPU.Build.0 = Debug|Any CPU
		{0E51FD36-4938-4595-8416-9C3F7C282C0F}.Debug|ARM.ActiveCfg = Debug|Any CPU
		{0E51FD36-4938-4595-8416-9C3F7C282C0F}.Debug|ARM.Build.0 = Debug|Any CPU
		{0E51FD36-4938-4595-8416-9C3F7C282C0F}.Debug|iPhone.ActiveCfg = Debug|Any CPU
		{0E51FD36-4938-4595-8416-9C3F7C282C0F}.Debug|iPhone.Build.0 = Debug|Any CPU
		{0E51FD36-4938-4595-8416-9C3F7C282C0F}.Debug|iPhoneSimulator.ActiveCfg = Debug|Any CPU
		{0E51FD36-4938-4595-8416-9C3F7C282C0F}.Debug|iPhoneSimulator.Build.0 = Debug|Any CPU
		{0E51FD36-4938-4595-8416-9C3F7C282C0F}.Debug|x64.ActiveCfg = Debug|Any CPU
		{0E51FD36-4938-4595-8416-9C3F7C282C0F}.Debug|x64.Build.0 = Debug|Any CPU
		{0E51FD36-4938-4595-8416-9C3F7C282C0F}.Debug|x86.ActiveCfg = Debug|Any CPU
		{0E51FD36-4938-4595-8416-9C3F7C282C0F}.Debug|x86.Build.0 = Debug|Any CPU
		{0E51FD36-4938-4595-8416-9C3F7C282C0F}.Release|Any CPU.ActiveCfg = Release|Any CPU
		{0E51FD36-4938-4595-8416-9C3F7C282C0F}.Release|Any CPU.Build.0 = Release|Any CPU
		{0E51FD36-4938-4595-8416-9C3F7C282C0F}.Release|ARM.ActiveCfg = Release|Any CPU
		{0E51FD36-4938-4595-8416-9C3F7C282C0F}.Release|ARM.Build.0 = Release|Any CPU
		{0E51FD36-4938-4595-8416-9C3F7C282C0F}.Release|iPhone.ActiveCfg = Release|Any CPU
		{0E51FD36-4938-4595-8416-9C3F7C282C0F}.Release|iPhone.Build.0 = Release|Any CPU
		{0E51FD36-4938-4595-8416-9C3F7C282C0F}.Release|iPhoneSimulator.ActiveCfg = Release|Any CPU
		{0E51FD36-4938-4595-8416-9C3F7C282C0F}.Release|iPhoneSimulator.Build.0 = Release|Any CPU
		{0E51FD36-4938-4595-8416-9C3F7C282C0F}.Release|x64.ActiveCfg = Release|Any CPU
		{0E51FD36-4938-4595-8416-9C3F7C282C0F}.Release|x64.Build.0 = Release|Any CPU
		{0E51FD36-4938-4595-8416-9C3F7C282C0F}.Release|x86.ActiveCfg = Release|Any CPU
		{0E51FD36-4938-4595-8416-9C3F7C282C0F}.Release|x86.Build.0 = Release|Any CPU
	EndGlobalSection
	GlobalSection(SolutionProperties) = preSolution
		HideSolutionNode = FALSE
	EndGlobalSection
	GlobalSection(NestedProjects) = preSolution
		{DB8AB7E2-7450-4715-AF77-459FA1F4F14A} = {EAC27E02-04FD-4491-BBEF-409C275FA46D}
		{EA187740-323F-4BC3-A185-E354CB1F901F} = {EAC27E02-04FD-4491-BBEF-409C275FA46D}
		{0E51FD36-4938-4595-8416-9C3F7C282C0F} = {EAC27E02-04FD-4491-BBEF-409C275FA46D}
	EndGlobalSection
	GlobalSection(ExtensibilityGlobals) = postSolution
		SolutionGuid = {B2B1FB35-EF12-4F24-A6F1-AD1A4C84BFAB}
	EndGlobalSection
EndGlobal
