
Microsoft Visual Studio Solution File, Format Version 12.00
# Visual Studio Version 17
VisualStudioVersion = 17.3.32804.467
MinimumVisualStudioVersion = 10.0.40219.1
Project("{9A19103F-16F7-4668-BE54-9A1E7A4F7556}") = "RoutingSample.Desktop", "RoutingSample.Desktop\RoutingSample.Desktop.csproj", "{B2F60E3E-4038-455C-805C-3D7F8B80CE5C}"
EndProject
Project("{D954291E-2A0B-460D-934E-DC6B0785DB48}") = "RoutingSample.Shared", "RoutingSample.Shared\RoutingSample.Shared.shproj", "{A2354B88-E136-4B85-8AC0-DD7F9DF4A6B1}"
EndProject
Project("{2150E333-8FDC-42A3-9474-1A3956D46DE8}") = "00 Notes", "00 Notes", "{B3897D8F-A07A-4C57-A84C-2A681A7037F5}"
	ProjectSection(SolutionItems) = preProject
		README.md = README.md
	EndProjectSection
EndProject
Project("{FAE04EC0-301F-11D3-BF4B-00C04F79EFBC}") = "RoutingSample.Universal", "RoutingSample.Universal\RoutingSample.Universal.csproj", "{987C58DD-32D0-4583-9375-62967384BEC6}"
EndProject
Project("{2150E333-8FDC-42A3-9474-1A3956D46DE8}") = "02 Mobile", "02 Mobile", "{EAC27E02-04FD-4491-BBEF-409C275FA46D}"
EndProject
Project("{2150E333-8FDC-42A3-9474-1A3956D46DE8}") = "01 Desktop", "01 Desktop", "{BA586CB1-5750-4C89-966F-097A15DF3B72}"
EndProject
Project("{9A19103F-16F7-4668-BE54-9A1E7A4F7556}") = "RoutingSample.MAUI", "RoutingSample.MAUI\RoutingSample.MAUI.csproj", "{7DF404E7-8860-4D0F-8BC5-0E645C00FF8B}"
EndProject
Global
	GlobalSection(SolutionConfigurationPlatforms) = preSolution
		Debug|Any CPU = Debug|Any CPU
		Debug|x64 = Debug|x64
		Debug|x86 = Debug|x86
		Release|Any CPU = Release|Any CPU
		Release|x64 = Release|x64
		Release|x86 = Release|x86
	EndGlobalSection
	GlobalSection(ProjectConfigurationPlatforms) = postSolution
		{B2F60E3E-4038-455C-805C-3D7F8B80CE5C}.Debug|Any CPU.ActiveCfg = Debug|Any CPU
		{B2F60E3E-4038-455C-805C-3D7F8B80CE5C}.Debug|Any CPU.Build.0 = Debug|Any CPU
		{B2F60E3E-4038-455C-805C-3D7F8B80CE5C}.Debug|x64.ActiveCfg = Debug|Any CPU
		{B2F60E3E-4038-455C-805C-3D7F8B80CE5C}.Debug|x64.Build.0 = Debug|Any CPU
		{B2F60E3E-4038-455C-805C-3D7F8B80CE5C}.Debug|x86.ActiveCfg = Debug|Any CPU
		{B2F60E3E-4038-455C-805C-3D7F8B80CE5C}.Debug|x86.Build.0 = Debug|Any CPU
		{B2F60E3E-4038-455C-805C-3D7F8B80CE5C}.Release|Any CPU.ActiveCfg = Release|Any CPU
		{B2F60E3E-4038-455C-805C-3D7F8B80CE5C}.Release|Any CPU.Build.0 = Release|Any CPU
		{B2F60E3E-4038-455C-805C-3D7F8B80CE5C}.Release|x64.ActiveCfg = Release|Any CPU
		{B2F60E3E-4038-455C-805C-3D7F8B80CE5C}.Release|x64.Build.0 = Release|Any CPU
		{B2F60E3E-4038-455C-805C-3D7F8B80CE5C}.Release|x86.ActiveCfg = Release|Any CPU
		{B2F60E3E-4038-455C-805C-3D7F8B80CE5C}.Release|x86.Build.0 = Release|Any CPU
		{987C58DD-32D0-4583-9375-62967384BEC6}.Debug|Any CPU.ActiveCfg = Debug|x64
		{987C58DD-32D0-4583-9375-62967384BEC6}.Debug|Any CPU.Build.0 = Debug|x64
		{987C58DD-32D0-4583-9375-62967384BEC6}.Debug|Any CPU.Deploy.0 = Debug|x64
		{987C58DD-32D0-4583-9375-62967384BEC6}.Debug|x64.ActiveCfg = Debug|x64
		{987C58DD-32D0-4583-9375-62967384BEC6}.Debug|x64.Build.0 = Debug|x64
		{987C58DD-32D0-4583-9375-62967384BEC6}.Debug|x64.Deploy.0 = Debug|x64
		{987C58DD-32D0-4583-9375-62967384BEC6}.Debug|x86.ActiveCfg = Debug|x86
		{987C58DD-32D0-4583-9375-62967384BEC6}.Debug|x86.Build.0 = Debug|x86
		{987C58DD-32D0-4583-9375-62967384BEC6}.Debug|x86.Deploy.0 = Debug|x86
		{987C58DD-32D0-4583-9375-62967384BEC6}.Release|Any CPU.ActiveCfg = Release|x64
		{987C58DD-32D0-4583-9375-62967384BEC6}.Release|Any CPU.Build.0 = Release|x64
		{987C58DD-32D0-4583-9375-62967384BEC6}.Release|Any CPU.Deploy.0 = Release|x64
		{987C58DD-32D0-4583-9375-62967384BEC6}.Release|x64.ActiveCfg = Release|x64
		{987C58DD-32D0-4583-9375-62967384BEC6}.Release|x64.Build.0 = Release|x64
		{987C58DD-32D0-4583-9375-62967384BEC6}.Release|x64.Deploy.0 = Release|x64
		{987C58DD-32D0-4583-9375-62967384BEC6}.Release|x86.ActiveCfg = Release|x86
		{987C58DD-32D0-4583-9375-62967384BEC6}.Release|x86.Build.0 = Release|x86
		{987C58DD-32D0-4583-9375-62967384BEC6}.Release|x86.Deploy.0 = Release|x86
		{7DF404E7-8860-4D0F-8BC5-0E645C00FF8B}.Debug|Any CPU.ActiveCfg = Debug|Any CPU
		{7DF404E7-8860-4D0F-8BC5-0E645C00FF8B}.Debug|Any CPU.Build.0 = Debug|Any CPU
		{7DF404E7-8860-4D0F-8BC5-0E645C00FF8B}.Debug|Any CPU.Deploy.0 = Debug|Any CPU
		{7DF404E7-8860-4D0F-8BC5-0E645C00FF8B}.Debug|x64.ActiveCfg = Debug|Any CPU
		{7DF404E7-8860-4D0F-8BC5-0E645C00FF8B}.Debug|x64.Build.0 = Debug|Any CPU
		{7DF404E7-8860-4D0F-8BC5-0E645C00FF8B}.Debug|x64.Deploy.0 = Debug|Any CPU
		{7DF404E7-8860-4D0F-8BC5-0E645C00FF8B}.Debug|x86.ActiveCfg = Debug|Any CPU
		{7DF404E7-8860-4D0F-8BC5-0E645C00FF8B}.Debug|x86.Build.0 = Debug|Any CPU
		{7DF404E7-8860-4D0F-8BC5-0E645C00FF8B}.Debug|x86.Deploy.0 = Debug|Any CPU
		{7DF404E7-8860-4D0F-8BC5-0E645C00FF8B}.Release|Any CPU.ActiveCfg = Release|Any CPU
		{7DF404E7-8860-4D0F-8BC5-0E645C00FF8B}.Release|Any CPU.Build.0 = Release|Any CPU
		{7DF404E7-8860-4D0F-8BC5-0E645C00FF8B}.Release|Any CPU.Deploy.0 = Release|Any CPU
		{7DF404E7-8860-4D0F-8BC5-0E645C00FF8B}.Release|x64.ActiveCfg = Release|Any CPU
		{7DF404E7-8860-4D0F-8BC5-0E645C00FF8B}.Release|x64.Build.0 = Release|Any CPU
		{7DF404E7-8860-4D0F-8BC5-0E645C00FF8B}.Release|x64.Deploy.0 = Release|Any CPU
		{7DF404E7-8860-4D0F-8BC5-0E645C00FF8B}.Release|x86.ActiveCfg = Release|Any CPU
		{7DF404E7-8860-4D0F-8BC5-0E645C00FF8B}.Release|x86.Build.0 = Release|Any CPU
		{7DF404E7-8860-4D0F-8BC5-0E645C00FF8B}.Release|x86.Deploy.0 = Release|Any CPU
	EndGlobalSection
	GlobalSection(SolutionProperties) = preSolution
		HideSolutionNode = FALSE
	EndGlobalSection
	GlobalSection(NestedProjects) = preSolution
		{B2F60E3E-4038-455C-805C-3D7F8B80CE5C} = {BA586CB1-5750-4C89-966F-097A15DF3B72}
		{987C58DD-32D0-4583-9375-62967384BEC6} = {BA586CB1-5750-4C89-966F-097A15DF3B72}
		{7DF404E7-8860-4D0F-8BC5-0E645C00FF8B} = {EAC27E02-04FD-4491-BBEF-409C275FA46D}
	EndGlobalSection
	GlobalSection(ExtensibilityGlobals) = postSolution
		SolutionGuid = {B2B1FB35-EF12-4F24-A6F1-AD1A4C84BFAB}
	EndGlobalSection
	GlobalSection(SharedMSBuildProjectFiles) = preSolution
		RoutingSample.Shared\RoutingSample.Shared.projitems*{7df404e7-8860-4d0f-8bc5-0e645c00ff8b}*SharedItemsImports = 5
		RoutingSample.Shared\RoutingSample.Shared.projitems*{987c58dd-32d0-4583-9375-62967384bec6}*SharedItemsImports = 4
		RoutingSample.Shared\RoutingSample.Shared.projitems*{a2354b88-e136-4b85-8ac0-dd7f9df4a6b1}*SharedItemsImports = 13
		RoutingSample.Shared\RoutingSample.Shared.projitems*{b2f60e3e-4038-455c-805c-3d7f8b80ce5c}*SharedItemsImports = 5
	EndGlobalSection
EndGlobal
