
Microsoft Visual Studio Solution File, Format Version 12.00
# Visual Studio Version 17
VisualStudioVersion = 17.10.34916.146
MinimumVisualStudioVersion = 10.0.40219.1
Project("{9A19103F-16F7-4668-BE54-9A1E7A4F7556}") = "OfficeLocator.Maui", "OfficeLocator.Maui\OfficeLocator.Maui.csproj", "{81E3B367-ABB7-4D1C-AD58-62E6F8AED1EE}"
EndProject
Project("{9A19103F-16F7-4668-BE54-9A1E7A4F7556}") = "OfficeLocator.Core", "OfficeLocator.Core\OfficeLocator.Core.csproj", "{DACF2F47-D551-49D9-B22E-1F43282F1EC4}"
EndProject
Project("{2150E333-8FDC-42A3-9474-1A3956D46DE8}") = "Tests", "Tests", "{945EF343-46DE-4B26-8801-56B6AAA79803}"
EndProject
Project("{D954291E-2A0B-460D-934E-DC6B0785DB48}") = "OfficeLocator.Core.Tests.Shared", "Tests\OfficeLocator.Core.Tests\OfficeLocator.Core.Tests.Shared.shproj", "{563D3243-590C-49E1-B4CD-751D131B912A}"
EndProject
Project("{9A19103F-16F7-4668-BE54-9A1E7A4F7556}") = "OfficeLocator.Tests.Maui", "Tests\OfficeLocator.Tests.Maui\OfficeLocator.Tests.Maui.csproj", "{F451C801-6806-46D9-992F-F68823DE63CD}"
EndProject
Project("{9A19103F-16F7-4668-BE54-9A1E7A4F7556}") = "OfficeLocator.Tests", "Tests\OfficeLocator.Tests\OfficeLocator.Tests.csproj", "{35C6D1F9-EDCC-4F65-AC24-7AC795C55542}"
EndProject
Global
	GlobalSection(SolutionConfigurationPlatforms) = preSolution
		Debug|Any CPU = Debug|Any CPU
		Release|Any CPU = Release|Any CPU
	EndGlobalSection
	GlobalSection(ProjectConfigurationPlatforms) = postSolution
		{81E3B367-ABB7-4D1C-AD58-62E6F8AED1EE}.Debug|Any CPU.ActiveCfg = Debug|Any CPU
		{81E3B367-ABB7-4D1C-AD58-62E6F8AED1EE}.Debug|Any CPU.Build.0 = Debug|Any CPU
		{81E3B367-ABB7-4D1C-AD58-62E6F8AED1EE}.Debug|Any CPU.Deploy.0 = Debug|Any CPU
		{81E3B367-ABB7-4D1C-AD58-62E6F8AED1EE}.Release|Any CPU.ActiveCfg = Release|Any CPU
		{81E3B367-ABB7-4D1C-AD58-62E6F8AED1EE}.Release|Any CPU.Build.0 = Release|Any CPU
		{81E3B367-ABB7-4D1C-AD58-62E6F8AED1EE}.Release|Any CPU.Deploy.0 = Release|Any CPU
		{DACF2F47-D551-49D9-B22E-1F43282F1EC4}.Debug|Any CPU.ActiveCfg = Debug|Any CPU
		{DACF2F47-D551-49D9-B22E-1F43282F1EC4}.Debug|Any CPU.Build.0 = Debug|Any CPU
		{DACF2F47-D551-49D9-B22E-1F43282F1EC4}.Release|Any CPU.ActiveCfg = Release|Any CPU
		{DACF2F47-D551-49D9-B22E-1F43282F1EC4}.Release|Any CPU.Build.0 = Release|Any CPU
		{F451C801-6806-46D9-992F-F68823DE63CD}.Debug|Any CPU.ActiveCfg = Debug|Any CPU
		{F451C801-6806-46D9-992F-F68823DE63CD}.Debug|Any CPU.Build.0 = Debug|Any CPU
		{F451C801-6806-46D9-992F-F68823DE63CD}.Debug|Any CPU.Deploy.0 = Debug|Any CPU
		{F451C801-6806-46D9-992F-F68823DE63CD}.Release|Any CPU.ActiveCfg = Release|Any CPU
		{F451C801-6806-46D9-992F-F68823DE63CD}.Release|Any CPU.Build.0 = Release|Any CPU
		{F451C801-6806-46D9-992F-F68823DE63CD}.Release|Any CPU.Deploy.0 = Release|Any CPU
		{35C6D1F9-EDCC-4F65-AC24-7AC795C55542}.Debug|Any CPU.ActiveCfg = Debug|Any CPU
		{35C6D1F9-EDCC-4F65-AC24-7AC795C55542}.Debug|Any CPU.Build.0 = Debug|Any CPU
		{35C6D1F9-EDCC-4F65-AC24-7AC795C55542}.Release|Any CPU.ActiveCfg = Release|Any CPU
		{35C6D1F9-EDCC-4F65-AC24-7AC795C55542}.Release|Any CPU.Build.0 = Release|Any CPU
	EndGlobalSection
	GlobalSection(SolutionProperties) = preSolution
		HideSolutionNode = FALSE
	EndGlobalSection
	GlobalSection(NestedProjects) = preSolution
		{563D3243-590C-49E1-B4CD-751D131B912A} = {945EF343-46DE-4B26-8801-56B6AAA79803}
		{F451C801-6806-46D9-992F-F68823DE63CD} = {945EF343-46DE-4B26-8801-56B6AAA79803}
		{35C6D1F9-EDCC-4F65-AC24-7AC795C55542} = {945EF343-46DE-4B26-8801-56B6AAA79803}
	EndGlobalSection
	GlobalSection(ExtensibilityGlobals) = postSolution
		SolutionGuid = {2827996A-E0C7-40FF-A032-00A0F18109B8}
	EndGlobalSection
	GlobalSection(SharedMSBuildProjectFiles) = preSolution
		Tests\OfficeLocator.Core.Tests\OfficeLocator.Core.Tests.projitems*{35c6d1f9-edcc-4f65-ac24-7ac795c55542}*SharedItemsImports = 5
		Tests\OfficeLocator.Core.Tests\OfficeLocator.Core.Tests.projitems*{563d3243-590c-49e1-b4cd-751d131b912a}*SharedItemsImports = 13
		Tests\OfficeLocator.Core.Tests\OfficeLocator.Core.Tests.projitems*{f451c801-6806-46d9-992f-f68823de63cd}*SharedItemsImports = 5
	EndGlobalSection
EndGlobal
