
Microsoft Visual Studio Solution File, Format Version 12.00
# Visual Studio 14
VisualStudioVersion = 14.0.25123.0
MinimumVisualStudioVersion = 10.0.40219.1
Project("{D954291E-2A0B-460D-934E-DC6B0785DB48}") = "SymbolPicker", "SymbolPicker\SymbolPicker.shproj", "{00DF4987-D00C-40AD-AEF2-45AA92B98D8A}"
EndProject
Project("{FAE04EC0-301F-11D3-BF4B-00C04F79EFBC}") = "SymbolPicker.Universal", "SymbolPicker.Universal\SymbolPicker.Universal.csproj", "{FE86605E-14FA-4798-B39B-040141F68CA8}"
EndProject
Project("{FAE04EC0-301F-11D3-BF4B-00C04F79EFBC}") = "SymbolPicker.Wpf", "SymbolPicker.Wpf\SymbolPicker.Wpf.csproj", "{79655251-6C36-4324-9A8B-46FC48F6500C}"
EndProject
Project("{D954291E-2A0B-460D-934E-DC6B0785DB48}") = "XamarinSymbolPicker", "XamarinSymbolPicker\XamarinSymbolPicker\XamarinSymbolPicker.shproj", "{FDF50637-B86E-4B33-8ABF-AF2AFE784D55}"
EndProject
Project("{FAE04EC0-301F-11D3-BF4B-00C04F79EFBC}") = "XamarinSymbolPicker.UWP", "XamarinSymbolPicker\XamarinSymbolPicker.UWP\XamarinSymbolPicker.UWP.csproj", "{6EC29071-D44F-4792-BC81-4F78470967DE}"
EndProject
Project("{FAE04EC0-301F-11D3-BF4B-00C04F79EFBC}") = "XamarinSymbolPicker.iOS", "XamarinSymbolPicker\XamarinSymbolPicker.iOS\XamarinSymbolPicker.iOS.csproj", "{947987A1-D4A4-4A5E-84BC-C801D2BF5560}"
EndProject
Project("{FAE04EC0-301F-11D3-BF4B-00C04F79EFBC}") = "XamarinSymbolPicker.Droid", "XamarinSymbolPicker\XamarinSymbolPicker.Droid\XamarinSymbolPicker.Droid.csproj", "{F24E2928-7225-456E-90D7-27FA31691C0D}"
EndProject
Global
	GlobalSection(SharedMSBuildProjectFiles) = preSolution
		SymbolPicker\SymbolPicker.projitems*{947987a1-d4a4-4a5e-84bc-c801d2bf5560}*SharedItemsImports = 4
		XamarinSymbolPicker\XamarinSymbolPicker\XamarinSymbolPicker.projitems*{947987a1-d4a4-4a5e-84bc-c801d2bf5560}*SharedItemsImports = 4
		SymbolPicker\SymbolPicker.projitems*{00df4987-d00c-40ad-aef2-45aa92b98d8a}*SharedItemsImports = 13
		SymbolPicker\SymbolPicker.projitems*{f24e2928-7225-456e-90d7-27fa31691c0d}*SharedItemsImports = 4
		XamarinSymbolPicker\XamarinSymbolPicker\XamarinSymbolPicker.projitems*{f24e2928-7225-456e-90d7-27fa31691c0d}*SharedItemsImports = 4
		XamarinSymbolPicker\XamarinSymbolPicker\XamarinSymbolPicker.projitems*{fdf50637-b86e-4b33-8abf-af2afe784d55}*SharedItemsImports = 13
		SymbolPicker\SymbolPicker.projitems*{fe86605e-14fa-4798-b39b-040141f68ca8}*SharedItemsImports = 4
		SymbolPicker\SymbolPicker.projitems*{6ec29071-d44f-4792-bc81-4f78470967de}*SharedItemsImports = 4
		XamarinSymbolPicker\XamarinSymbolPicker\XamarinSymbolPicker.projitems*{6ec29071-d44f-4792-bc81-4f78470967de}*SharedItemsImports = 4
		SymbolPicker\SymbolPicker.projitems*{79655251-6c36-4324-9a8b-46fc48f6500c}*SharedItemsImports = 4
	EndGlobalSection
	GlobalSection(SolutionConfigurationPlatforms) = preSolution
		Ad-Hoc|Any CPU = Ad-Hoc|Any CPU
		Ad-Hoc|ARM = Ad-Hoc|ARM
		Ad-Hoc|iPhone = Ad-Hoc|iPhone
		Ad-Hoc|iPhoneSimulator = Ad-Hoc|iPhoneSimulator
		Ad-Hoc|x64 = Ad-Hoc|x64
		Ad-Hoc|x86 = Ad-Hoc|x86
		AppStore|Any CPU = AppStore|Any CPU
		AppStore|ARM = AppStore|ARM
		AppStore|iPhone = AppStore|iPhone
		AppStore|iPhoneSimulator = AppStore|iPhoneSimulator
		AppStore|x64 = AppStore|x64
		AppStore|x86 = AppStore|x86
		Debug|Any CPU = Debug|Any CPU
		Debug|ARM = Debug|ARM
		Debug|iPhone = Debug|iPhone
		Debug|iPhoneSimulator = Debug|iPhoneSimulator
		Debug|x64 = Debug|x64
		Debug|x86 = Debug|x86
		Release|Any CPU = Release|Any CPU
		Release|ARM = Release|ARM
		Release|iPhone = Release|iPhone
		Release|iPhoneSimulator = Release|iPhoneSimulator
		Release|x64 = Release|x64
		Release|x86 = Release|x86
	EndGlobalSection
	GlobalSection(ProjectConfigurationPlatforms) = postSolution
		{FE86605E-14FA-4798-B39B-040141F68CA8}.Ad-Hoc|Any CPU.ActiveCfg = Release|x64
		{FE86605E-14FA-4798-B39B-040141F68CA8}.Ad-Hoc|Any CPU.Build.0 = Release|x64
		{FE86605E-14FA-4798-B39B-040141F68CA8}.Ad-Hoc|Any CPU.Deploy.0 = Release|x64
		{FE86605E-14FA-4798-B39B-040141F68CA8}.Ad-Hoc|ARM.ActiveCfg = Release|ARM
		{FE86605E-14FA-4798-B39B-040141F68CA8}.Ad-Hoc|ARM.Build.0 = Release|ARM
		{FE86605E-14FA-4798-B39B-040141F68CA8}.Ad-Hoc|ARM.Deploy.0 = Release|ARM
		{FE86605E-14FA-4798-B39B-040141F68CA8}.Ad-Hoc|iPhone.ActiveCfg = Release|x64
		{FE86605E-14FA-4798-B39B-040141F68CA8}.Ad-Hoc|iPhone.Build.0 = Release|x64
		{FE86605E-14FA-4798-B39B-040141F68CA8}.Ad-Hoc|iPhone.Deploy.0 = Release|x64
		{FE86605E-14FA-4798-B39B-040141F68CA8}.Ad-Hoc|iPhoneSimulator.ActiveCfg = Release|x64
		{FE86605E-14FA-4798-B39B-040141F68CA8}.Ad-Hoc|iPhoneSimulator.Build.0 = Release|x64
		{FE86605E-14FA-4798-B39B-040141F68CA8}.Ad-Hoc|iPhoneSimulator.Deploy.0 = Release|x64
		{FE86605E-14FA-4798-B39B-040141F68CA8}.Ad-Hoc|x64.ActiveCfg = Release|x64
		{FE86605E-14FA-4798-B39B-040141F68CA8}.Ad-Hoc|x64.Build.0 = Release|x64
		{FE86605E-14FA-4798-B39B-040141F68CA8}.Ad-Hoc|x64.Deploy.0 = Release|x64
		{FE86605E-14FA-4798-B39B-040141F68CA8}.Ad-Hoc|x86.ActiveCfg = Release|x86
		{FE86605E-14FA-4798-B39B-040141F68CA8}.Ad-Hoc|x86.Build.0 = Release|x86
		{FE86605E-14FA-4798-B39B-040141F68CA8}.Ad-Hoc|x86.Deploy.0 = Release|x86
		{FE86605E-14FA-4798-B39B-040141F68CA8}.AppStore|Any CPU.ActiveCfg = Release|x64
		{FE86605E-14FA-4798-B39B-040141F68CA8}.AppStore|Any CPU.Build.0 = Release|x64
		{FE86605E-14FA-4798-B39B-040141F68CA8}.AppStore|Any CPU.Deploy.0 = Release|x64
		{FE86605E-14FA-4798-B39B-040141F68CA8}.AppStore|ARM.ActiveCfg = Release|ARM
		{FE86605E-14FA-4798-B39B-040141F68CA8}.AppStore|ARM.Build.0 = Release|ARM
		{FE86605E-14FA-4798-B39B-040141F68CA8}.AppStore|ARM.Deploy.0 = Release|ARM
		{FE86605E-14FA-4798-B39B-040141F68CA8}.AppStore|iPhone.ActiveCfg = Release|x64
		{FE86605E-14FA-4798-B39B-040141F68CA8}.AppStore|iPhone.Build.0 = Release|x64
		{FE86605E-14FA-4798-B39B-040141F68CA8}.AppStore|iPhone.Deploy.0 = Release|x64
		{FE86605E-14FA-4798-B39B-040141F68CA8}.AppStore|iPhoneSimulator.ActiveCfg = Release|x64
		{FE86605E-14FA-4798-B39B-040141F68CA8}.AppStore|iPhoneSimulator.Build.0 = Release|x64
		{FE86605E-14FA-4798-B39B-040141F68CA8}.AppStore|iPhoneSimulator.Deploy.0 = Release|x64
		{FE86605E-14FA-4798-B39B-040141F68CA8}.AppStore|x64.ActiveCfg = Release|x64
		{FE86605E-14FA-4798-B39B-040141F68CA8}.AppStore|x64.Build.0 = Release|x64
		{FE86605E-14FA-4798-B39B-040141F68CA8}.AppStore|x64.Deploy.0 = Release|x64
		{FE86605E-14FA-4798-B39B-040141F68CA8}.AppStore|x86.ActiveCfg = Release|x86
		{FE86605E-14FA-4798-B39B-040141F68CA8}.AppStore|x86.Build.0 = Release|x86
		{FE86605E-14FA-4798-B39B-040141F68CA8}.AppStore|x86.Deploy.0 = Release|x86
		{FE86605E-14FA-4798-B39B-040141F68CA8}.Debug|Any CPU.ActiveCfg = Debug|x86
		{FE86605E-14FA-4798-B39B-040141F68CA8}.Debug|ARM.ActiveCfg = Debug|ARM
		{FE86605E-14FA-4798-B39B-040141F68CA8}.Debug|ARM.Build.0 = Debug|ARM
		{FE86605E-14FA-4798-B39B-040141F68CA8}.Debug|ARM.Deploy.0 = Debug|ARM
		{FE86605E-14FA-4798-B39B-040141F68CA8}.Debug|iPhone.ActiveCfg = Debug|x86
		{FE86605E-14FA-4798-B39B-040141F68CA8}.Debug|iPhoneSimulator.ActiveCfg = Debug|x86
		{FE86605E-14FA-4798-B39B-040141F68CA8}.Debug|x64.ActiveCfg = Debug|x64
		{FE86605E-14FA-4798-B39B-040141F68CA8}.Debug|x64.Build.0 = Debug|x64
		{FE86605E-14FA-4798-B39B-040141F68CA8}.Debug|x64.Deploy.0 = Debug|x64
		{FE86605E-14FA-4798-B39B-040141F68CA8}.Debug|x86.ActiveCfg = Debug|x86
		{FE86605E-14FA-4798-B39B-040141F68CA8}.Debug|x86.Build.0 = Debug|x86
		{FE86605E-14FA-4798-B39B-040141F68CA8}.Debug|x86.Deploy.0 = Debug|x86
		{FE86605E-14FA-4798-B39B-040141F68CA8}.Release|Any CPU.ActiveCfg = Release|x86
		{FE86605E-14FA-4798-B39B-040141F68CA8}.Release|ARM.ActiveCfg = Release|ARM
		{FE86605E-14FA-4798-B39B-040141F68CA8}.Release|ARM.Build.0 = Release|ARM
		{FE86605E-14FA-4798-B39B-040141F68CA8}.Release|ARM.Deploy.0 = Release|ARM
		{FE86605E-14FA-4798-B39B-040141F68CA8}.Release|iPhone.ActiveCfg = Release|x86
		{FE86605E-14FA-4798-B39B-040141F68CA8}.Release|iPhoneSimulator.ActiveCfg = Release|x86
		{FE86605E-14FA-4798-B39B-040141F68CA8}.Release|x64.ActiveCfg = Release|x64
		{FE86605E-14FA-4798-B39B-040141F68CA8}.Release|x64.Build.0 = Release|x64
		{FE86605E-14FA-4798-B39B-040141F68CA8}.Release|x64.Deploy.0 = Release|x64
		{FE86605E-14FA-4798-B39B-040141F68CA8}.Release|x86.ActiveCfg = Release|x86
		{FE86605E-14FA-4798-B39B-040141F68CA8}.Release|x86.Build.0 = Release|x86
		{FE86605E-14FA-4798-B39B-040141F68CA8}.Release|x86.Deploy.0 = Release|x86
		{79655251-6C36-4324-9A8B-46FC48F6500C}.Ad-Hoc|Any CPU.ActiveCfg = Release|Any CPU
		{79655251-6C36-4324-9A8B-46FC48F6500C}.Ad-Hoc|Any CPU.Build.0 = Release|Any CPU
		{79655251-6C36-4324-9A8B-46FC48F6500C}.Ad-Hoc|ARM.ActiveCfg = Release|Any CPU
		{79655251-6C36-4324-9A8B-46FC48F6500C}.Ad-Hoc|ARM.Build.0 = Release|Any CPU
		{79655251-6C36-4324-9A8B-46FC48F6500C}.Ad-Hoc|iPhone.ActiveCfg = Release|Any CPU
		{79655251-6C36-4324-9A8B-46FC48F6500C}.Ad-Hoc|iPhone.Build.0 = Release|Any CPU
		{79655251-6C36-4324-9A8B-46FC48F6500C}.Ad-Hoc|iPhoneSimulator.ActiveCfg = Release|Any CPU
		{79655251-6C36-4324-9A8B-46FC48F6500C}.Ad-Hoc|iPhoneSimulator.Build.0 = Release|Any CPU
		{79655251-6C36-4324-9A8B-46FC48F6500C}.Ad-Hoc|x64.ActiveCfg = Release|Any CPU
		{79655251-6C36-4324-9A8B-46FC48F6500C}.Ad-Hoc|x64.Build.0 = Release|Any CPU
		{79655251-6C36-4324-9A8B-46FC48F6500C}.Ad-Hoc|x86.ActiveCfg = Release|Any CPU
		{79655251-6C36-4324-9A8B-46FC48F6500C}.Ad-Hoc|x86.Build.0 = Release|Any CPU
		{79655251-6C36-4324-9A8B-46FC48F6500C}.AppStore|Any CPU.ActiveCfg = Release|Any CPU
		{79655251-6C36-4324-9A8B-46FC48F6500C}.AppStore|Any CPU.Build.0 = Release|Any CPU
		{79655251-6C36-4324-9A8B-46FC48F6500C}.AppStore|ARM.ActiveCfg = Release|Any CPU
		{79655251-6C36-4324-9A8B-46FC48F6500C}.AppStore|ARM.Build.0 = Release|Any CPU
		{79655251-6C36-4324-9A8B-46FC48F6500C}.AppStore|iPhone.ActiveCfg = Release|Any CPU
		{79655251-6C36-4324-9A8B-46FC48F6500C}.AppStore|iPhone.Build.0 = Release|Any CPU
		{79655251-6C36-4324-9A8B-46FC48F6500C}.AppStore|iPhoneSimulator.ActiveCfg = Release|Any CPU
		{79655251-6C36-4324-9A8B-46FC48F6500C}.AppStore|iPhoneSimulator.Build.0 = Release|Any CPU
		{79655251-6C36-4324-9A8B-46FC48F6500C}.AppStore|x64.ActiveCfg = Release|Any CPU
		{79655251-6C36-4324-9A8B-46FC48F6500C}.AppStore|x64.Build.0 = Release|Any CPU
		{79655251-6C36-4324-9A8B-46FC48F6500C}.AppStore|x86.ActiveCfg = Release|Any CPU
		{79655251-6C36-4324-9A8B-46FC48F6500C}.AppStore|x86.Build.0 = Release|Any CPU
		{79655251-6C36-4324-9A8B-46FC48F6500C}.Debug|Any CPU.ActiveCfg = Debug|Any CPU
		{79655251-6C36-4324-9A8B-46FC48F6500C}.Debug|Any CPU.Build.0 = Debug|Any CPU
		{79655251-6C36-4324-9A8B-46FC48F6500C}.Debug|ARM.ActiveCfg = Debug|Any CPU
		{79655251-6C36-4324-9A8B-46FC48F6500C}.Debug|ARM.Build.0 = Debug|Any CPU
		{79655251-6C36-4324-9A8B-46FC48F6500C}.Debug|iPhone.ActiveCfg = Debug|Any CPU
		{79655251-6C36-4324-9A8B-46FC48F6500C}.Debug|iPhone.Build.0 = Debug|Any CPU
		{79655251-6C36-4324-9A8B-46FC48F6500C}.Debug|iPhoneSimulator.ActiveCfg = Debug|Any CPU
		{79655251-6C36-4324-9A8B-46FC48F6500C}.Debug|iPhoneSimulator.Build.0 = Debug|Any CPU
		{79655251-6C36-4324-9A8B-46FC48F6500C}.Debug|x64.ActiveCfg = Debug|Any CPU
		{79655251-6C36-4324-9A8B-46FC48F6500C}.Debug|x64.Build.0 = Debug|Any CPU
		{79655251-6C36-4324-9A8B-46FC48F6500C}.Debug|x86.ActiveCfg = Debug|Any CPU
		{79655251-6C36-4324-9A8B-46FC48F6500C}.Debug|x86.Build.0 = Debug|Any CPU
		{79655251-6C36-4324-9A8B-46FC48F6500C}.Release|Any CPU.ActiveCfg = Release|Any CPU
		{79655251-6C36-4324-9A8B-46FC48F6500C}.Release|Any CPU.Build.0 = Release|Any CPU
		{79655251-6C36-4324-9A8B-46FC48F6500C}.Release|ARM.ActiveCfg = Release|Any CPU
		{79655251-6C36-4324-9A8B-46FC48F6500C}.Release|ARM.Build.0 = Release|Any CPU
		{79655251-6C36-4324-9A8B-46FC48F6500C}.Release|iPhone.ActiveCfg = Release|Any CPU
		{79655251-6C36-4324-9A8B-46FC48F6500C}.Release|iPhone.Build.0 = Release|Any CPU
		{79655251-6C36-4324-9A8B-46FC48F6500C}.Release|iPhoneSimulator.ActiveCfg = Release|Any CPU
		{79655251-6C36-4324-9A8B-46FC48F6500C}.Release|iPhoneSimulator.Build.0 = Release|Any CPU
		{79655251-6C36-4324-9A8B-46FC48F6500C}.Release|x64.ActiveCfg = Release|Any CPU
		{79655251-6C36-4324-9A8B-46FC48F6500C}.Release|x64.Build.0 = Release|Any CPU
		{79655251-6C36-4324-9A8B-46FC48F6500C}.Release|x86.ActiveCfg = Release|Any CPU
		{79655251-6C36-4324-9A8B-46FC48F6500C}.Release|x86.Build.0 = Release|Any CPU
		{6EC29071-D44F-4792-BC81-4F78470967DE}.Ad-Hoc|Any CPU.ActiveCfg = Release|x86
		{6EC29071-D44F-4792-BC81-4F78470967DE}.Ad-Hoc|Any CPU.Build.0 = Release|x86
		{6EC29071-D44F-4792-BC81-4F78470967DE}.Ad-Hoc|Any CPU.Deploy.0 = Release|x86
		{6EC29071-D44F-4792-BC81-4F78470967DE}.Ad-Hoc|ARM.ActiveCfg = Release|ARM
		{6EC29071-D44F-4792-BC81-4F78470967DE}.Ad-Hoc|ARM.Build.0 = Release|ARM
		{6EC29071-D44F-4792-BC81-4F78470967DE}.Ad-Hoc|ARM.Deploy.0 = Release|ARM
		{6EC29071-D44F-4792-BC81-4F78470967DE}.Ad-Hoc|iPhone.ActiveCfg = Release|x86
		{6EC29071-D44F-4792-BC81-4F78470967DE}.Ad-Hoc|iPhone.Build.0 = Release|x86
		{6EC29071-D44F-4792-BC81-4F78470967DE}.Ad-Hoc|iPhone.Deploy.0 = Release|x86
		{6EC29071-D44F-4792-BC81-4F78470967DE}.Ad-Hoc|iPhoneSimulator.ActiveCfg = Release|x86
		{6EC29071-D44F-4792-BC81-4F78470967DE}.Ad-Hoc|iPhoneSimulator.Build.0 = Release|x86
		{6EC29071-D44F-4792-BC81-4F78470967DE}.Ad-Hoc|iPhoneSimulator.Deploy.0 = Release|x86
		{6EC29071-D44F-4792-BC81-4F78470967DE}.Ad-Hoc|x64.ActiveCfg = Release|x64
		{6EC29071-D44F-4792-BC81-4F78470967DE}.Ad-Hoc|x64.Build.0 = Release|x64
		{6EC29071-D44F-4792-BC81-4F78470967DE}.Ad-Hoc|x64.Deploy.0 = Release|x64
		{6EC29071-D44F-4792-BC81-4F78470967DE}.Ad-Hoc|x86.ActiveCfg = Release|x86
		{6EC29071-D44F-4792-BC81-4F78470967DE}.Ad-Hoc|x86.Build.0 = Release|x86
		{6EC29071-D44F-4792-BC81-4F78470967DE}.Ad-Hoc|x86.Deploy.0 = Release|x86
		{6EC29071-D44F-4792-BC81-4F78470967DE}.AppStore|Any CPU.ActiveCfg = Release|x86
		{6EC29071-D44F-4792-BC81-4F78470967DE}.AppStore|Any CPU.Build.0 = Release|x86
		{6EC29071-D44F-4792-BC81-4F78470967DE}.AppStore|Any CPU.Deploy.0 = Release|x86
		{6EC29071-D44F-4792-BC81-4F78470967DE}.AppStore|ARM.ActiveCfg = Release|ARM
		{6EC29071-D44F-4792-BC81-4F78470967DE}.AppStore|ARM.Build.0 = Release|ARM
		{6EC29071-D44F-4792-BC81-4F78470967DE}.AppStore|ARM.Deploy.0 = Release|ARM
		{6EC29071-D44F-4792-BC81-4F78470967DE}.AppStore|iPhone.ActiveCfg = Release|x86
		{6EC29071-D44F-4792-BC81-4F78470967DE}.AppStore|iPhone.Build.0 = Release|x86
		{6EC29071-D44F-4792-BC81-4F78470967DE}.AppStore|iPhone.Deploy.0 = Release|x86
		{6EC29071-D44F-4792-BC81-4F78470967DE}.AppStore|iPhoneSimulator.ActiveCfg = Release|x86
		{6EC29071-D44F-4792-BC81-4F78470967DE}.AppStore|iPhoneSimulator.Build.0 = Release|x86
		{6EC29071-D44F-4792-BC81-4F78470967DE}.AppStore|iPhoneSimulator.Deploy.0 = Release|x86
		{6EC29071-D44F-4792-BC81-4F78470967DE}.AppStore|x64.ActiveCfg = Release|x64
		{6EC29071-D44F-4792-BC81-4F78470967DE}.AppStore|x64.Build.0 = Release|x64
		{6EC29071-D44F-4792-BC81-4F78470967DE}.AppStore|x64.Deploy.0 = Release|x64
		{6EC29071-D44F-4792-BC81-4F78470967DE}.AppStore|x86.ActiveCfg = Release|x86
		{6EC29071-D44F-4792-BC81-4F78470967DE}.AppStore|x86.Build.0 = Release|x86
		{6EC29071-D44F-4792-BC81-4F78470967DE}.AppStore|x86.Deploy.0 = Release|x86
		{6EC29071-D44F-4792-BC81-4F78470967DE}.Debug|Any CPU.ActiveCfg = Debug|x86
		{6EC29071-D44F-4792-BC81-4F78470967DE}.Debug|ARM.ActiveCfg = Debug|ARM
		{6EC29071-D44F-4792-BC81-4F78470967DE}.Debug|ARM.Build.0 = Debug|ARM
		{6EC29071-D44F-4792-BC81-4F78470967DE}.Debug|ARM.Deploy.0 = Debug|ARM
		{6EC29071-D44F-4792-BC81-4F78470967DE}.Debug|iPhone.ActiveCfg = Debug|x86
		{6EC29071-D44F-4792-BC81-4F78470967DE}.Debug|iPhoneSimulator.ActiveCfg = Debug|x86
		{6EC29071-D44F-4792-BC81-4F78470967DE}.Debug|x64.ActiveCfg = Debug|x64
		{6EC29071-D44F-4792-BC81-4F78470967DE}.Debug|x64.Build.0 = Debug|x64
		{6EC29071-D44F-4792-BC81-4F78470967DE}.Debug|x64.Deploy.0 = Debug|x64
		{6EC29071-D44F-4792-BC81-4F78470967DE}.Debug|x86.ActiveCfg = Debug|x86
		{6EC29071-D44F-4792-BC81-4F78470967DE}.Debug|x86.Build.0 = Debug|x86
		{6EC29071-D44F-4792-BC81-4F78470967DE}.Debug|x86.Deploy.0 = Debug|x86
		{6EC29071-D44F-4792-BC81-4F78470967DE}.Release|Any CPU.ActiveCfg = Release|x86
		{6EC29071-D44F-4792-BC81-4F78470967DE}.Release|ARM.ActiveCfg = Release|ARM
		{6EC29071-D44F-4792-BC81-4F78470967DE}.Release|ARM.Build.0 = Release|ARM
		{6EC29071-D44F-4792-BC81-4F78470967DE}.Release|ARM.Deploy.0 = Release|ARM
		{6EC29071-D44F-4792-BC81-4F78470967DE}.Release|iPhone.ActiveCfg = Release|x86
		{6EC29071-D44F-4792-BC81-4F78470967DE}.Release|iPhoneSimulator.ActiveCfg = Release|x86
		{6EC29071-D44F-4792-BC81-4F78470967DE}.Release|x64.ActiveCfg = Release|x64
		{6EC29071-D44F-4792-BC81-4F78470967DE}.Release|x64.Build.0 = Release|x64
		{6EC29071-D44F-4792-BC81-4F78470967DE}.Release|x64.Deploy.0 = Release|x64
		{6EC29071-D44F-4792-BC81-4F78470967DE}.Release|x86.ActiveCfg = Release|x86
		{6EC29071-D44F-4792-BC81-4F78470967DE}.Release|x86.Build.0 = Release|x86
		{6EC29071-D44F-4792-BC81-4F78470967DE}.Release|x86.Deploy.0 = Release|x86
		{947987A1-D4A4-4A5E-84BC-C801D2BF5560}.Ad-Hoc|Any CPU.ActiveCfg = Ad-Hoc|iPhone
		{947987A1-D4A4-4A5E-84BC-C801D2BF5560}.Ad-Hoc|ARM.ActiveCfg = Ad-Hoc|iPhone
		{947987A1-D4A4-4A5E-84BC-C801D2BF5560}.Ad-Hoc|iPhone.ActiveCfg = Ad-Hoc|iPhone
		{947987A1-D4A4-4A5E-84BC-C801D2BF5560}.Ad-Hoc|iPhone.Build.0 = Ad-Hoc|iPhone
		{947987A1-D4A4-4A5E-84BC-C801D2BF5560}.Ad-Hoc|iPhoneSimulator.ActiveCfg = Ad-Hoc|iPhoneSimulator
		{947987A1-D4A4-4A5E-84BC-C801D2BF5560}.Ad-Hoc|iPhoneSimulator.Build.0 = Ad-Hoc|iPhoneSimulator
		{947987A1-D4A4-4A5E-84BC-C801D2BF5560}.Ad-Hoc|x64.ActiveCfg = Ad-Hoc|iPhone
		{947987A1-D4A4-4A5E-84BC-C801D2BF5560}.Ad-Hoc|x86.ActiveCfg = Ad-Hoc|iPhone
		{947987A1-D4A4-4A5E-84BC-C801D2BF5560}.AppStore|Any CPU.ActiveCfg = AppStore|iPhone
		{947987A1-D4A4-4A5E-84BC-C801D2BF5560}.AppStore|ARM.ActiveCfg = AppStore|iPhone
		{947987A1-D4A4-4A5E-84BC-C801D2BF5560}.AppStore|iPhone.ActiveCfg = AppStore|iPhone
		{947987A1-D4A4-4A5E-84BC-C801D2BF5560}.AppStore|iPhone.Build.0 = AppStore|iPhone
		{947987A1-D4A4-4A5E-84BC-C801D2BF5560}.AppStore|iPhoneSimulator.ActiveCfg = AppStore|iPhoneSimulator
		{947987A1-D4A4-4A5E-84BC-C801D2BF5560}.AppStore|iPhoneSimulator.Build.0 = AppStore|iPhoneSimulator
		{947987A1-D4A4-4A5E-84BC-C801D2BF5560}.AppStore|x64.ActiveCfg = AppStore|iPhone
		{947987A1-D4A4-4A5E-84BC-C801D2BF5560}.AppStore|x86.ActiveCfg = AppStore|iPhone
		{947987A1-D4A4-4A5E-84BC-C801D2BF5560}.Debug|Any CPU.ActiveCfg = Debug|iPhone
		{947987A1-D4A4-4A5E-84BC-C801D2BF5560}.Debug|ARM.ActiveCfg = Debug|iPhone
		{947987A1-D4A4-4A5E-84BC-C801D2BF5560}.Debug|iPhone.ActiveCfg = Debug|iPhone
		{947987A1-D4A4-4A5E-84BC-C801D2BF5560}.Debug|iPhone.Build.0 = Debug|iPhone
		{947987A1-D4A4-4A5E-84BC-C801D2BF5560}.Debug|iPhoneSimulator.ActiveCfg = Debug|iPhoneSimulator
		{947987A1-D4A4-4A5E-84BC-C801D2BF5560}.Debug|iPhoneSimulator.Build.0 = Debug|iPhoneSimulator
		{947987A1-D4A4-4A5E-84BC-C801D2BF5560}.Debug|x64.ActiveCfg = Debug|iPhone
		{947987A1-D4A4-4A5E-84BC-C801D2BF5560}.Debug|x86.ActiveCfg = Debug|iPhone
		{947987A1-D4A4-4A5E-84BC-C801D2BF5560}.Release|Any CPU.ActiveCfg = Release|iPhone
		{947987A1-D4A4-4A5E-84BC-C801D2BF5560}.Release|ARM.ActiveCfg = Release|iPhone
		{947987A1-D4A4-4A5E-84BC-C801D2BF5560}.Release|iPhone.ActiveCfg = Release|iPhone
		{947987A1-D4A4-4A5E-84BC-C801D2BF5560}.Release|iPhone.Build.0 = Release|iPhone
		{947987A1-D4A4-4A5E-84BC-C801D2BF5560}.Release|iPhoneSimulator.ActiveCfg = Release|iPhoneSimulator
		{947987A1-D4A4-4A5E-84BC-C801D2BF5560}.Release|iPhoneSimulator.Build.0 = Release|iPhoneSimulator
		{947987A1-D4A4-4A5E-84BC-C801D2BF5560}.Release|x64.ActiveCfg = Release|iPhone
		{947987A1-D4A4-4A5E-84BC-C801D2BF5560}.Release|x86.ActiveCfg = Release|iPhone
		{F24E2928-7225-456E-90D7-27FA31691C0D}.Ad-Hoc|Any CPU.ActiveCfg = Release|Any CPU
		{F24E2928-7225-456E-90D7-27FA31691C0D}.Ad-Hoc|Any CPU.Build.0 = Release|Any CPU
		{F24E2928-7225-456E-90D7-27FA31691C0D}.Ad-Hoc|Any CPU.Deploy.0 = Release|Any CPU
		{F24E2928-7225-456E-90D7-27FA31691C0D}.Ad-Hoc|ARM.ActiveCfg = Release|Any CPU
		{F24E2928-7225-456E-90D7-27FA31691C0D}.Ad-Hoc|ARM.Build.0 = Release|Any CPU
		{F24E2928-7225-456E-90D7-27FA31691C0D}.Ad-Hoc|ARM.Deploy.0 = Release|Any CPU
		{F24E2928-7225-456E-90D7-27FA31691C0D}.Ad-Hoc|iPhone.ActiveCfg = Release|Any CPU
		{F24E2928-7225-456E-90D7-27FA31691C0D}.Ad-Hoc|iPhone.Build.0 = Release|Any CPU
		{F24E2928-7225-456E-90D7-27FA31691C0D}.Ad-Hoc|iPhone.Deploy.0 = Release|Any CPU
		{F24E2928-7225-456E-90D7-27FA31691C0D}.Ad-Hoc|iPhoneSimulator.ActiveCfg = Release|Any CPU
		{F24E2928-7225-456E-90D7-27FA31691C0D}.Ad-Hoc|iPhoneSimulator.Build.0 = Release|Any CPU
		{F24E2928-7225-456E-90D7-27FA31691C0D}.Ad-Hoc|iPhoneSimulator.Deploy.0 = Release|Any CPU
		{F24E2928-7225-456E-90D7-27FA31691C0D}.Ad-Hoc|x64.ActiveCfg = Release|Any CPU
		{F24E2928-7225-456E-90D7-27FA31691C0D}.Ad-Hoc|x64.Build.0 = Release|Any CPU
		{F24E2928-7225-456E-90D7-27FA31691C0D}.Ad-Hoc|x64.Deploy.0 = Release|Any CPU
		{F24E2928-7225-456E-90D7-27FA31691C0D}.Ad-Hoc|x86.ActiveCfg = Release|Any CPU
		{F24E2928-7225-456E-90D7-27FA31691C0D}.Ad-Hoc|x86.Build.0 = Release|Any CPU
		{F24E2928-7225-456E-90D7-27FA31691C0D}.Ad-Hoc|x86.Deploy.0 = Release|Any CPU
		{F24E2928-7225-456E-90D7-27FA31691C0D}.AppStore|Any CPU.ActiveCfg = Release|Any CPU
		{F24E2928-7225-456E-90D7-27FA31691C0D}.AppStore|Any CPU.Build.0 = Release|Any CPU
		{F24E2928-7225-456E-90D7-27FA31691C0D}.AppStore|Any CPU.Deploy.0 = Release|Any CPU
		{F24E2928-7225-456E-90D7-27FA31691C0D}.AppStore|ARM.ActiveCfg = Release|Any CPU
		{F24E2928-7225-456E-90D7-27FA31691C0D}.AppStore|ARM.Build.0 = Release|Any CPU
		{F24E2928-7225-456E-90D7-27FA31691C0D}.AppStore|ARM.Deploy.0 = Release|Any CPU
		{F24E2928-7225-456E-90D7-27FA31691C0D}.AppStore|iPhone.ActiveCfg = Release|Any CPU
		{F24E2928-7225-456E-90D7-27FA31691C0D}.AppStore|iPhone.Build.0 = Release|Any CPU
		{F24E2928-7225-456E-90D7-27FA31691C0D}.AppStore|iPhone.Deploy.0 = Release|Any CPU
		{F24E2928-7225-456E-90D7-27FA31691C0D}.AppStore|iPhoneSimulator.ActiveCfg = Release|Any CPU
		{F24E2928-7225-456E-90D7-27FA31691C0D}.AppStore|iPhoneSimulator.Build.0 = Release|Any CPU
		{F24E2928-7225-456E-90D7-27FA31691C0D}.AppStore|iPhoneSimulator.Deploy.0 = Release|Any CPU
		{F24E2928-7225-456E-90D7-27FA31691C0D}.AppStore|x64.ActiveCfg = Release|Any CPU
		{F24E2928-7225-456E-90D7-27FA31691C0D}.AppStore|x64.Build.0 = Release|Any CPU
		{F24E2928-7225-456E-90D7-27FA31691C0D}.AppStore|x64.Deploy.0 = Release|Any CPU
		{F24E2928-7225-456E-90D7-27FA31691C0D}.AppStore|x86.ActiveCfg = Release|Any CPU
		{F24E2928-7225-456E-90D7-27FA31691C0D}.AppStore|x86.Build.0 = Release|Any CPU
		{F24E2928-7225-456E-90D7-27FA31691C0D}.AppStore|x86.Deploy.0 = Release|Any CPU
		{F24E2928-7225-456E-90D7-27FA31691C0D}.Debug|Any CPU.ActiveCfg = Debug|Any CPU
		{F24E2928-7225-456E-90D7-27FA31691C0D}.Debug|Any CPU.Build.0 = Debug|Any CPU
		{F24E2928-7225-456E-90D7-27FA31691C0D}.Debug|Any CPU.Deploy.0 = Debug|Any CPU
		{F24E2928-7225-456E-90D7-27FA31691C0D}.Debug|ARM.ActiveCfg = Debug|Any CPU
		{F24E2928-7225-456E-90D7-27FA31691C0D}.Debug|ARM.Build.0 = Debug|Any CPU
		{F24E2928-7225-456E-90D7-27FA31691C0D}.Debug|ARM.Deploy.0 = Debug|Any CPU
		{F24E2928-7225-456E-90D7-27FA31691C0D}.Debug|iPhone.ActiveCfg = Debug|Any CPU
		{F24E2928-7225-456E-90D7-27FA31691C0D}.Debug|iPhone.Build.0 = Debug|Any CPU
		{F24E2928-7225-456E-90D7-27FA31691C0D}.Debug|iPhone.Deploy.0 = Debug|Any CPU
		{F24E2928-7225-456E-90D7-27FA31691C0D}.Debug|iPhoneSimulator.ActiveCfg = Debug|Any CPU
		{F24E2928-7225-456E-90D7-27FA31691C0D}.Debug|iPhoneSimulator.Build.0 = Debug|Any CPU
		{F24E2928-7225-456E-90D7-27FA31691C0D}.Debug|iPhoneSimulator.Deploy.0 = Debug|Any CPU
		{F24E2928-7225-456E-90D7-27FA31691C0D}.Debug|x64.ActiveCfg = Debug|Any CPU
		{F24E2928-7225-456E-90D7-27FA31691C0D}.Debug|x64.Build.0 = Debug|Any CPU
		{F24E2928-7225-456E-90D7-27FA31691C0D}.Debug|x64.Deploy.0 = Debug|Any CPU
		{F24E2928-7225-456E-90D7-27FA31691C0D}.Debug|x86.ActiveCfg = Debug|Any CPU
		{F24E2928-7225-456E-90D7-27FA31691C0D}.Debug|x86.Build.0 = Debug|Any CPU
		{F24E2928-7225-456E-90D7-27FA31691C0D}.Debug|x86.Deploy.0 = Debug|Any CPU
		{F24E2928-7225-456E-90D7-27FA31691C0D}.Release|Any CPU.ActiveCfg = Release|Any CPU
		{F24E2928-7225-456E-90D7-27FA31691C0D}.Release|Any CPU.Build.0 = Release|Any CPU
		{F24E2928-7225-456E-90D7-27FA31691C0D}.Release|Any CPU.Deploy.0 = Release|Any CPU
		{F24E2928-7225-456E-90D7-27FA31691C0D}.Release|ARM.ActiveCfg = Release|Any CPU
		{F24E2928-7225-456E-90D7-27FA31691C0D}.Release|ARM.Build.0 = Release|Any CPU
		{F24E2928-7225-456E-90D7-27FA31691C0D}.Release|ARM.Deploy.0 = Release|Any CPU
		{F24E2928-7225-456E-90D7-27FA31691C0D}.Release|iPhone.ActiveCfg = Release|Any CPU
		{F24E2928-7225-456E-90D7-27FA31691C0D}.Release|iPhone.Build.0 = Release|Any CPU
		{F24E2928-7225-456E-90D7-27FA31691C0D}.Release|iPhone.Deploy.0 = Release|Any CPU
		{F24E2928-7225-456E-90D7-27FA31691C0D}.Release|iPhoneSimulator.ActiveCfg = Release|Any CPU
		{F24E2928-7225-456E-90D7-27FA31691C0D}.Release|iPhoneSimulator.Build.0 = Release|Any CPU
		{F24E2928-7225-456E-90D7-27FA31691C0D}.Release|iPhoneSimulator.Deploy.0 = Release|Any CPU
		{F24E2928-7225-456E-90D7-27FA31691C0D}.Release|x64.ActiveCfg = Release|Any CPU
		{F24E2928-7225-456E-90D7-27FA31691C0D}.Release|x64.Build.0 = Release|Any CPU
		{F24E2928-7225-456E-90D7-27FA31691C0D}.Release|x64.Deploy.0 = Release|Any CPU
		{F24E2928-7225-456E-90D7-27FA31691C0D}.Release|x86.ActiveCfg = Release|Any CPU
		{F24E2928-7225-456E-90D7-27FA31691C0D}.Release|x86.Build.0 = Release|Any CPU
		{F24E2928-7225-456E-90D7-27FA31691C0D}.Release|x86.Deploy.0 = Release|Any CPU
	EndGlobalSection
	GlobalSection(SolutionProperties) = preSolution
		HideSolutionNode = FALSE
	EndGlobalSection
EndGlobal
