
Microsoft Visual Studio Solution File, Format Version 12.00
# Visual Studio 15
VisualStudioVersion = 15.0.27004.2010
MinimumVisualStudioVersion = 10.0.40219.1
Project("{FAE04EC0-301F-11D3-BF4B-00C04F79EFBC}") = "OfflineWorkflowsSample", "OfflineWorkflowsSample\OfflineWorkflowsSample.csproj", "{172F4863-5E4A-4DB7-B54D-FB8EF3141311}"
EndProject
Global
	GlobalSection(SolutionConfigurationPlatforms) = preSolution
		Debug|ARM = Debug|ARM
		Debug|x64 = Debug|x64
		Debug|x86 = Debug|x86
		Release|ARM = Release|ARM
		Release|x64 = Release|x64
		Release|x86 = Release|x86
	EndGlobalSection
	GlobalSection(ProjectConfigurationPlatforms) = postSolution
		{172F4863-5E4A-4DB7-B54D-FB8EF3141311}.Debug|ARM.ActiveCfg = Debug|ARM
		{172F4863-5E4A-4DB7-B54D-FB8EF3141311}.Debug|ARM.Build.0 = Debug|ARM
		{172F4863-5E4A-4DB7-B54D-FB8EF3141311}.Debug|ARM.Deploy.0 = Debug|ARM
		{172F4863-5E4A-4DB7-B54D-FB8EF3141311}.Debug|x64.ActiveCfg = Debug|x64
		{172F4863-5E4A-4DB7-B54D-FB8EF3141311}.Debug|x64.Build.0 = Debug|x64
		{172F4863-5E4A-4DB7-B54D-FB8EF3141311}.Debug|x64.Deploy.0 = Debug|x64
		{172F4863-5E4A-4DB7-B54D-FB8EF3141311}.Debug|x86.ActiveCfg = Debug|x86
		{172F4863-5E4A-4DB7-B54D-FB8EF3141311}.Debug|x86.Build.0 = Debug|x86
		{172F4863-5E4A-4DB7-B54D-FB8EF3141311}.Debug|x86.Deploy.0 = Debug|x86
		{172F4863-5E4A-4DB7-B54D-FB8EF3141311}.Release|ARM.ActiveCfg = Release|ARM
		{172F4863-5E4A-4DB7-B54D-FB8EF3141311}.Release|ARM.Build.0 = Release|ARM
		{172F4863-5E4A-4DB7-B54D-FB8EF3141311}.Release|ARM.Deploy.0 = Release|ARM
		{172F4863-5E4A-4DB7-B54D-FB8EF3141311}.Release|x64.ActiveCfg = Release|x64
		{172F4863-5E4A-4DB7-B54D-FB8EF3141311}.Release|x64.Build.0 = Release|x64
		{172F4863-5E4A-4DB7-B54D-FB8EF3141311}.Release|x64.Deploy.0 = Release|x64
		{172F4863-5E4A-4DB7-B54D-FB8EF3141311}.Release|x86.ActiveCfg = Release|x64
		{172F4863-5E4A-4DB7-B54D-FB8EF3141311}.Release|x86.Build.0 = Release|x64
		{172F4863-5E4A-4DB7-B54D-FB8EF3141311}.Release|x86.Deploy.0 = Release|x64
	EndGlobalSection
	GlobalSection(SolutionProperties) = preSolution
		HideSolutionNode = FALSE
	EndGlobalSection
	GlobalSection(ExtensibilityGlobals) = postSolution
		SolutionGuid = {1C5FFCEA-74B4-48DA-B0B4-9BB612D16CD9}
	EndGlobalSection
EndGlobal
